PODS:
  - MobileVLCKit (3.7.2)
  - TVVLCKit (3.7.2)
  - VLCKit (3.7.2)

DEPENDENCIES:
  - MobileVLCKit
  - TVVLCKit
  - VLCKit

SPEC REPOS:
  trunk:
    - MobileVLCKit
    - TVVLCKit
    - VLCKit

SPEC CHECKSUMS:
  MobileVLCKit: 216c67d556bed3c366ccbca21388304f25a37196
  TVVLCKit: cc6ef283da0b8591455e762e1402224591099f54
  VLCKit: 29f17d938af93f06ab220aa73aa66ae305947684

PODFILE CHECKSUM: c762b87fa92b7cc7731b9406f6bcd0562de3879a

COCOAPODS: 1.16.2
