PODS:
  - MobileVLCKit (3.6.0)
  - TVVLCKit (3.6.0)
  - VLCKit (3.6.0)

DEPENDENCIES:
  - MobileVLCKit
  - TVVLCKit
  - VLCKit

SPEC REPOS:
  trunk:
    - MobileVLCKit
    - TVVLCKit
    - VLCKit

SPEC CHECKSUMS:
  MobileVLCKit: 8fe98ae53b7464f32e4bdf527cc7d53053e4d3a5
  TVVLCKit: d9a82e11f847a015690ad6aa6b510b46987ce288
  VLCKit: 0249cc10be7094917f2230468957dbd36f378291

PODFILE CHECKSUM: bd5cd5a0f5b7c8ceacd944f2e3b71aa0e12ed69d

COCOAPODS: 1.16.2
