// !$*UTF8*$!
{
	archiveVersion = 1;
	classes = {
	};
	objectVersion = 90;
	objects = {

/* Begin PBXBuildFile section */
		483F6B111781DCB2AAB8EA48 /* Pods_tvOS_HeckYeahTV.framework in Frameworks */ = {isa = PBXBuildFile; fileRef = 4E589179213073D8CB516EAE /* Pods_tvOS_HeckYeahTV.framework */; };
		A70B739F4ADE7A0311642D9D /* Pods_iOS_HeckYeahTV.framework in Frameworks */ = {isa = PBXBuildFile; fileRef = 28D09A551F11AFAC0F7FA422 /* Pods_iOS_HeckYeahTV.framework */; };
		EB2C2E1B2E5E2293005CE685 /* Hellfire in Frameworks */ = {isa = PBXBuildFile; productRef = EB2C2E1A2E5E2293005CE685 /* Hellfire */; };
		EB96B2ED2E68CEBE00060C3B /* Pods_macOS_HeckYeahTV.framework in Frameworks */ = {isa = PBXBuildFile; fileRef = 35897EE2B3E94DAF0E2D7858 /* Pods_macOS_HeckYeahTV.framework */; };
		EB96B2EE2E68CEBE00060C3B /* Pods_macOS_HeckYeahTV.framework in Embed Frameworks */ = {isa = PBXBuildFile; fileRef = 35897EE2B3E94DAF0E2D7858 /* Pods_macOS_HeckYeahTV.framework */; settings = {ATTRIBUTES = (CodeSignOnCopy, RemoveHeadersOnCopy, ); }; };
		EBE03C072E53D665006B7747 /* Hellfire in Frameworks */ = {isa = PBXBuildFile; productRef = EBE03C062E53D665006B7747 /* Hellfire */; };
		EBE03C832E53E5DC006B7747 /* Hellfire in Frameworks */ = {isa = PBXBuildFile; productRef = EBE03C822E53E5DC006B7747 /* Hellfire */; };
/* End PBXBuildFile section */

/* Begin PBXContainerItemProxy section */
		EB2C2DC52E5E203C005CE685 /* PBXContainerItemProxy */ = {
			isa = PBXContainerItemProxy;
			containerPortal = EBE03BAF2E53D421006B7747 /* Project object */;
			proxyType = 1;
			remoteGlobalIDString = EB2C2DB62E5E203A005CE685;
			remoteInfo = macOSHeckYeahTV;
		};
		EB2C2DCF2E5E203C005CE685 /* PBXContainerItemProxy */ = {
			isa = PBXContainerItemProxy;
			containerPortal = EBE03BAF2E53D421006B7747 /* Project object */;
			proxyType = 1;
			remoteGlobalIDString = EB2C2DB62E5E203A005CE685;
			remoteInfo = macOSHeckYeahTV;
		};
		EBE03BC52E53D423006B7747 /* PBXContainerItemProxy */ = {
			isa = PBXContainerItemProxy;
			containerPortal = EBE03BAF2E53D421006B7747 /* Project object */;
			proxyType = 1;
			remoteGlobalIDString = EBE03BB62E53D421006B7747;
			remoteInfo = "Heck Yeah TV";
		};
		EBE03BCF2E53D423006B7747 /* PBXContainerItemProxy */ = {
			isa = PBXContainerItemProxy;
			containerPortal = EBE03BAF2E53D421006B7747 /* Project object */;
			proxyType = 1;
			remoteGlobalIDString = EBE03BB62E53D421006B7747;
			remoteInfo = "Heck Yeah TV";
		};
		EBE03C242E53D8DF006B7747 /* PBXContainerItemProxy */ = {
			isa = PBXContainerItemProxy;
			containerPortal = EBE03BAF2E53D421006B7747 /* Project object */;
			proxyType = 1;
			remoteGlobalIDString = EBE03C162E53D8DE006B7747;
			remoteInfo = "Heck Yeah TV";
		};
		EBE03C2E2E53D8DF006B7747 /* PBXContainerItemProxy */ = {
			isa = PBXContainerItemProxy;
			containerPortal = EBE03BAF2E53D421006B7747 /* Project object */;
			proxyType = 1;
			remoteGlobalIDString = EBE03C162E53D8DE006B7747;
			remoteInfo = "Heck Yeah TV";
		};
/* End PBXContainerItemProxy section */

/* Begin PBXCopyFilesBuildPhase section */
		EB96B2EF2E68CEBE00060C3B /* Embed Frameworks */ = {
			isa = PBXCopyFilesBuildPhase;
			dstPath = "";
			dstSubfolder = Frameworks;
			files = (
				EB96B2EE2E68CEBE00060C3B /* Pods_macOS_HeckYeahTV.framework in Embed Frameworks */,
			);
			name = "Embed Frameworks";
		};
/* End PBXCopyFilesBuildPhase section */

/* Begin PBXFileReference section */
		041B0E4284C5A34ED0896BCC /* Pods-iOS_HeckYeahTV.release.xcconfig */ = {isa = PBXFileReference; includeInIndex = 1; lastKnownFileType = text.xcconfig; name = "Pods-iOS_HeckYeahTV.release.xcconfig"; path = "Target Support Files/Pods-iOS_HeckYeahTV/Pods-iOS_HeckYeahTV.release.xcconfig"; sourceTree = "<group>"; };
		095EBC57F732E20B7132F49D /* Pods-macOS_HeckYeahTV.release.xcconfig */ = {isa = PBXFileReference; includeInIndex = 1; lastKnownFileType = text.xcconfig; name = "Pods-macOS_HeckYeahTV.release.xcconfig"; path = "Target Support Files/Pods-macOS_HeckYeahTV/Pods-macOS_HeckYeahTV.release.xcconfig"; sourceTree = "<group>"; };
		28D09A551F11AFAC0F7FA422 /* Pods_iOS_HeckYeahTV.framework */ = {isa = PBXFileReference; explicitFileType = wrapper.framework; includeInIndex = 0; path = Pods_iOS_HeckYeahTV.framework; sourceTree = BUILT_PRODUCTS_DIR; };
		35897EE2B3E94DAF0E2D7858 /* Pods_macOS_HeckYeahTV.framework */ = {isa = PBXFileReference; explicitFileType = wrapper.framework; includeInIndex = 0; path = Pods_macOS_HeckYeahTV.framework; sourceTree = BUILT_PRODUCTS_DIR; };
		4E589179213073D8CB516EAE /* Pods_tvOS_HeckYeahTV.framework */ = {isa = PBXFileReference; explicitFileType = wrapper.framework; includeInIndex = 0; path = Pods_tvOS_HeckYeahTV.framework; sourceTree = BUILT_PRODUCTS_DIR; };
		784D723A8565B63F2B3BE567 /* Pods-iOS_HeckYeahTV.debug.xcconfig */ = {isa = PBXFileReference; includeInIndex = 1; lastKnownFileType = text.xcconfig; name = "Pods-iOS_HeckYeahTV.debug.xcconfig"; path = "Target Support Files/Pods-iOS_HeckYeahTV/Pods-iOS_HeckYeahTV.debug.xcconfig"; sourceTree = "<group>"; };
		99DD7EF0B671BCAE9438AFEC /* Pods-tvOS_HeckYeahTV.release.xcconfig */ = {isa = PBXFileReference; includeInIndex = 1; lastKnownFileType = text.xcconfig; name = "Pods-tvOS_HeckYeahTV.release.xcconfig"; path = "Target Support Files/Pods-tvOS_HeckYeahTV/Pods-tvOS_HeckYeahTV.release.xcconfig"; sourceTree = "<group>"; };
		D26DFFAFE9DE104EB29DC823 /* Pods-tvOS_HeckYeahTV.debug.xcconfig */ = {isa = PBXFileReference; includeInIndex = 1; lastKnownFileType = text.xcconfig; name = "Pods-tvOS_HeckYeahTV.debug.xcconfig"; path = "Target Support Files/Pods-tvOS_HeckYeahTV/Pods-tvOS_HeckYeahTV.debug.xcconfig"; sourceTree = "<group>"; };
		E2DA9D815C94AE993025AF8C /* Pods-macOS_HeckYeahTV.debug.xcconfig */ = {isa = PBXFileReference; includeInIndex = 1; lastKnownFileType = text.xcconfig; name = "Pods-macOS_HeckYeahTV.debug.xcconfig"; path = "Target Support Files/Pods-macOS_HeckYeahTV/Pods-macOS_HeckYeahTV.debug.xcconfig"; sourceTree = "<group>"; };
		EB2C2DB72E5E203A005CE685 /* Heck Yeah TV.app */ = {isa = PBXFileReference; explicitFileType = wrapper.application; includeInIndex = 0; path = "Heck Yeah TV.app"; sourceTree = BUILT_PRODUCTS_DIR; };
		EB2C2DC42E5E203C005CE685 /* macOS_HeckYeahTVTests.xctest */ = {isa = PBXFileReference; explicitFileType = wrapper.cfbundle; includeInIndex = 0; path = macOS_HeckYeahTVTests.xctest; sourceTree = BUILT_PRODUCTS_DIR; };
		EB2C2DCE2E5E203C005CE685 /* macOS_HeckYeahTVUITests.xctest */ = {isa = PBXFileReference; explicitFileType = wrapper.cfbundle; includeInIndex = 0; path = macOS_HeckYeahTVUITests.xctest; sourceTree = BUILT_PRODUCTS_DIR; };
		EBE03BB72E53D421006B7747 /* Heck Yeah TV.app */ = {isa = PBXFileReference; explicitFileType = wrapper.application; includeInIndex = 0; path = "Heck Yeah TV.app"; sourceTree = BUILT_PRODUCTS_DIR; };
		EBE03BC42E53D423006B7747 /* iOS_HeckYeahTVTests.xctest */ = {isa = PBXFileReference; explicitFileType = wrapper.cfbundle; includeInIndex = 0; path = iOS_HeckYeahTVTests.xctest; sourceTree = BUILT_PRODUCTS_DIR; };
		EBE03BCE2E53D423006B7747 /* iOS_HeckYeahTVUITests.xctest */ = {isa = PBXFileReference; explicitFileType = wrapper.cfbundle; includeInIndex = 0; path = iOS_HeckYeahTVUITests.xctest; sourceTree = BUILT_PRODUCTS_DIR; };
		EBE03C172E53D8DE006B7747 /* Heck Yeah TV.app */ = {isa = PBXFileReference; explicitFileType = wrapper.application; includeInIndex = 0; path = "Heck Yeah TV.app"; sourceTree = BUILT_PRODUCTS_DIR; };
		EBE03C232E53D8DF006B7747 /* tvOS_HeckYeahTVTests.xctest */ = {isa = PBXFileReference; explicitFileType = wrapper.cfbundle; includeInIndex = 0; path = tvOS_HeckYeahTVTests.xctest; sourceTree = BUILT_PRODUCTS_DIR; };
		EBE03C2D2E53D8DF006B7747 /* tvOS_HeckYeahTVUITests.xctest */ = {isa = PBXFileReference; explicitFileType = wrapper.cfbundle; includeInIndex = 0; path = tvOS_HeckYeahTVUITests.xctest; sourceTree = BUILT_PRODUCTS_DIR; };
/* End PBXFileReference section */

/* Begin PBXFileSystemSynchronizedBuildFileExceptionSet section */
		EB2C2E192E5E2238005CE685 /* Exceptions for "HeckYeahTV" folder in "macOS_HeckYeahTV" target */ = {
			isa = PBXFileSystemSynchronizedBuildFileExceptionSet;
			membershipExceptions = (
				"Source/Common/Extensions/FocusTargetView+FocusAnimation.swift",
				"Source/Common/Extensions/String+Extension.swift",
				"Source/Common/Extensions/UserDefaults+Extension.swift",
				Source/Common/Utilities/AppKeys.swift,
				Source/Common/Utilities/AppNotificationKeys.swift,
				Source/Common/Utilities/AppUtil.swift,
				Source/Common/Utilities/Asset.swift,
				Source/Core/App/Heck_Yeah_TVApp.swift,
				"Source/Core/Data/Adapters/Channel+Channelable.swift",
				Source/Core/Data/Adapters/Channelable.swift,
				Source/Core/Data/Adapters/ChannelSource.swift,
				Source/Core/Data/Adapters/GuideChannel.swift,
				"Source/Core/Data/Adapters/IPStream+Channelable.swift",
				Source/Core/Data/Adapters/Program.swift,
				Source/Core/Data/Adapters/StreamQuality.swift,
				Source/Core/Data/Models/Country.swift,
				Source/Core/Data/Models/FetchSummary.swift,
				Source/Core/Data/Models/HDHomeRunChannel.swift,
				Source/Core/Data/Models/HDHomeRunDevice.swift,
				Source/Core/Data/Models/HDHomeRunDiscovery.swift,
				Source/Core/Data/Models/IPBlocklist.swift,
				Source/Core/Data/Models/IPCategory.swift,
				Source/Core/Data/Models/IPChannel.swift,
				Source/Core/Data/Models/IPFeed.swift,
				Source/Core/Data/Models/IPGuide.swift,
				Source/Core/Data/Models/IPLogo.swift,
				Source/Core/Data/Models/IPStream.swift,
				Source/Core/Data/Models/Language.swift,
				Source/Core/Data/Models/Region.swift,
				Source/Core/Data/Models/StreamSource.swift,
				Source/Core/Data/Models/Subdivision.swift,
				Source/Core/Data/Models/Timezone.swift,
				Source/Core/Data/Services/HDHomeRun/HDHomeRunDiscoveryController.swift,
				Source/Core/Data/Services/IPTV/IPTVController.swift,
				Source/Core/Data/SwiftData/ChannelImporter.swift,
				Source/Core/Data/SwiftData/DataPersistence.swift,
				Source/Core/Data/SwiftData/IPTVChannel.swift,
				Source/Core/Data/SwiftData/SharedAppState.swift,
				Source/Core/Features/Main/BootGateView.swift,
				Source/Core/Features/Main/BootSplashView.swift,
				Source/Core/Features/Main/MacArrowKeyCatcher.swift,
				Source/Core/Features/Main/MainAppContentView.swift,
				Source/Core/Features/Main/PlatformRepresentable/PlatformRepresentableAlias.swift,
				Source/Core/Features/Main/PlatformRepresentable/UnifiedPlatformControllerRepresentable.swift,
				Source/Core/Features/Main/PlatformRepresentable/UnifiedPlatformRepresentable.swift,
				Source/Core/Features/Main/PlaybackBadge.swift,
				Source/Core/Features/Main/PulseRings.swift,
				Source/Core/Features/Main/RootView.swift,
				Source/Core/Features/MediaPlayerView/VLCPlayerView.swift,
				Source/Core/Features/Navigation/ContentPlaceholder.swift,
				Source/Core/Features/Navigation/TabView/Enum/TabSection.swift,
				Source/Core/Features/Navigation/TabView/View/TabActivationView.swift,
				Source/Core/Features/Navigation/TabView/View/TabContainerView.swift,
				Source/Core/Features/Navigation/Views/Channels/ChannelsContainer.swift,
				Source/Core/Features/Navigation/Views/Channels/FocusTarget.swift,
				Source/Core/Features/Navigation/Views/Channels/NotSwiftUI/ChannelNameView.swift,
				Source/Core/Features/Navigation/Views/Channels/NotSwiftUI/FavoritesToggleView.swift,
				Source/Core/Features/Navigation/Views/Channels/NotSwiftUI/GuideRowCell.swift,
				Source/Core/Features/Navigation/Views/Channels/NotSwiftUI/GuideViewController.swift,
				Source/Core/Features/Navigation/Views/Channels/NotSwiftUI/GuideViewDelegate.swift,
				Source/Core/Features/Navigation/Views/Channels/NotSwiftUI/GuideViewRepresentable.swift,
				Source/Core/Features/Navigation/Views/Channels/NotSwiftUI/HorizontalClipContainer.swift,
				Source/Core/Features/Navigation/Views/Channels/NotSwiftUI/ProgramView.swift,
				Source/Core/Features/Navigation/Views/Channels/NotSwiftUI/StreamQualityView.swift,
				Source/Core/Features/Navigation/Views/Channels/NotSwiftUI/SwiftDataChangeTracking.swift,
				Source/Core/Features/Navigation/Views/Channels/ShowFavorites.swift,
				Source/Core/Features/Navigation/Views/Recents/RecentsView.swift,
				Source/Core/Features/Navigation/Views/Search/SearchView.swift,
				Source/Core/Features/Navigation/Views/Settings/SettingsView.swift,
				Source/SupportingFiles/Assets.xcassets,
				"Source/SupportingFiles/Sounds/soft-startup-sound.mp3",
			);
			target = EB2C2DB62E5E203A005CE685 /* macOS_HeckYeahTV */;
		};
		EB2C313A2E5E4E06005CE685 /* Exceptions for "HeckYeahTV" folder in "iOS_HeckYeahTV" target */ = {
			isa = PBXFileSystemSynchronizedBuildFileExceptionSet;
			membershipExceptions = (
				"Source/SupportingFiles/plist/iOS-HeckYeahTV-Info.plist",
				"Source/SupportingFiles/plist/macOS-HeckYeahTV-Info.plist",
				"Source/SupportingFiles/plist/tvOS-HeckYeahTV-Info.plist",
			);
			target = EBE03BB62E53D421006B7747 /* iOS_HeckYeahTV */;
		};
		EBE03C6D2E53E493006B7747 /* Exceptions for "HeckYeahTV" folder in "tvOS_HeckYeahTV" target */ = {
			isa = PBXFileSystemSynchronizedBuildFileExceptionSet;
			membershipExceptions = (
				"Source/Common/Extensions/FocusTargetView+FocusAnimation.swift",
				"Source/Common/Extensions/String+Extension.swift",
				"Source/Common/Extensions/UserDefaults+Extension.swift",
				Source/Common/Utilities/AppKeys.swift,
				Source/Common/Utilities/AppNotificationKeys.swift,
				Source/Common/Utilities/AppUtil.swift,
				Source/Common/Utilities/Asset.swift,
				Source/Core/App/Heck_Yeah_TVApp.swift,
				"Source/Core/Data/Adapters/Channel+Channelable.swift",
				Source/Core/Data/Adapters/Channelable.swift,
				Source/Core/Data/Adapters/ChannelSource.swift,
				Source/Core/Data/Adapters/GuideChannel.swift,
				"Source/Core/Data/Adapters/IPStream+Channelable.swift",
				Source/Core/Data/Adapters/Program.swift,
				Source/Core/Data/Adapters/StreamQuality.swift,
				Source/Core/Data/Models/Country.swift,
				Source/Core/Data/Models/FetchSummary.swift,
				Source/Core/Data/Models/HDHomeRunChannel.swift,
				Source/Core/Data/Models/HDHomeRunDevice.swift,
				Source/Core/Data/Models/HDHomeRunDiscovery.swift,
				Source/Core/Data/Models/IPBlocklist.swift,
				Source/Core/Data/Models/IPCategory.swift,
				Source/Core/Data/Models/IPChannel.swift,
				Source/Core/Data/Models/IPFeed.swift,
				Source/Core/Data/Models/IPGuide.swift,
				Source/Core/Data/Models/IPLogo.swift,
				Source/Core/Data/Models/IPStream.swift,
				Source/Core/Data/Models/Language.swift,
				Source/Core/Data/Models/Region.swift,
				Source/Core/Data/Models/StreamSource.swift,
				Source/Core/Data/Models/Subdivision.swift,
				Source/Core/Data/Models/Timezone.swift,
				Source/Core/Data/Services/HDHomeRun/HDHomeRunDiscoveryController.swift,
				Source/Core/Data/Services/IPTV/IPTVController.swift,
				Source/Core/Data/SwiftData/ChannelImporter.swift,
				Source/Core/Data/SwiftData/DataPersistence.swift,
				Source/Core/Data/SwiftData/IPTVChannel.swift,
				Source/Core/Data/SwiftData/SharedAppState.swift,
				Source/Core/Features/Main/BootGateView.swift,
				Source/Core/Features/Main/BootSplashView.swift,
				Source/Core/Features/Main/MacArrowKeyCatcher.swift,
				Source/Core/Features/Main/MainAppContentView.swift,
				Source/Core/Features/Main/PlatformRepresentable/PlatformRepresentableAlias.swift,
				Source/Core/Features/Main/PlatformRepresentable/UnifiedPlatformControllerRepresentable.swift,
				Source/Core/Features/Main/PlatformRepresentable/UnifiedPlatformRepresentable.swift,
				Source/Core/Features/Main/PlaybackBadge.swift,
				Source/Core/Features/Main/PulseRings.swift,
				Source/Core/Features/Main/RootView.swift,
				Source/Core/Features/MediaPlayerView/VLCPlayerView.swift,
				Source/Core/Features/Navigation/ContentPlaceholder.swift,
				Source/Core/Features/Navigation/TabView/Enum/TabSection.swift,
				Source/Core/Features/Navigation/TabView/View/TabActivationView.swift,
				Source/Core/Features/Navigation/TabView/View/TabContainerView.swift,
				Source/Core/Features/Navigation/Views/Channels/ChannelsContainer.swift,
				Source/Core/Features/Navigation/Views/Channels/FocusTarget.swift,
				Source/Core/Features/Navigation/Views/Channels/NotSwiftUI/ChannelNameView.swift,
				Source/Core/Features/Navigation/Views/Channels/NotSwiftUI/FavoritesToggleView.swift,
				Source/Core/Features/Navigation/Views/Channels/NotSwiftUI/GuideRowCell.swift,
				Source/Core/Features/Navigation/Views/Channels/NotSwiftUI/GuideViewController.swift,
				Source/Core/Features/Navigation/Views/Channels/NotSwiftUI/GuideViewDelegate.swift,
				Source/Core/Features/Navigation/Views/Channels/NotSwiftUI/GuideViewRepresentable.swift,
				Source/Core/Features/Navigation/Views/Channels/NotSwiftUI/HorizontalClipContainer.swift,
				Source/Core/Features/Navigation/Views/Channels/NotSwiftUI/ProgramView.swift,
				Source/Core/Features/Navigation/Views/Channels/NotSwiftUI/StreamQualityView.swift,
				Source/Core/Features/Navigation/Views/Channels/NotSwiftUI/SwiftDataChangeTracking.swift,
				Source/Core/Features/Navigation/Views/Channels/ShowFavorites.swift,
				Source/Core/Features/Navigation/Views/Recents/RecentsView.swift,
				Source/Core/Features/Navigation/Views/Search/SearchView.swift,
				Source/Core/Features/Navigation/Views/Settings/SettingsView.swift,
				Source/SupportingFiles/Assets.xcassets,
				"Source/SupportingFiles/Sounds/soft-startup-sound.mp3",
			);
			target = EBE03C162E53D8DE006B7747 /* tvOS_HeckYeahTV */;
		};
/* End PBXFileSystemSynchronizedBuildFileExceptionSet section */

/* Begin PBXFileSystemSynchronizedRootGroup section */
		EBE03BB92E53D421006B7747 /* HeckYeahTV */ = {
			isa = PBXFileSystemSynchronizedRootGroup;
			exceptions = (
				EB2C313A2E5E4E06005CE685 /* Exceptions for "HeckYeahTV" folder in "iOS_HeckYeahTV" target */,
				EBE03C6D2E53E493006B7747 /* Exceptions for "HeckYeahTV" folder in "tvOS_HeckYeahTV" target */,
				EB2C2E192E5E2238005CE685 /* Exceptions for "HeckYeahTV" folder in "macOS_HeckYeahTV" target */,
			);
			path = HeckYeahTV;
			sourceTree = "<group>";
		};
		EBE03BC72E53D423006B7747 /* HeckYeahTVTests */ = {
			isa = PBXFileSystemSynchronizedRootGroup;
			path = HeckYeahTVTests;
			sourceTree = "<group>";
		};
		EBE03BD12E53D423006B7747 /* HeckYeahTVUITests */ = {
			isa = PBXFileSystemSynchronizedRootGroup;
			path = HeckYeahTVUITests;
			sourceTree = "<group>";
		};
/* End PBXFileSystemSynchronizedRootGroup section */

/* Begin PBXFrameworksBuildPhase section */
		EB2C2DB42E5E203A005CE685 /* Frameworks */ = {
			isa = PBXFrameworksBuildPhase;
			files = (
				EB96B2ED2E68CEBE00060C3B /* Pods_macOS_HeckYeahTV.framework in Frameworks */,
				EB2C2E1B2E5E2293005CE685 /* Hellfire in Frameworks */,
			);
		};
		EB2C2DC12E5E203C005CE685 /* Frameworks */ = {
			isa = PBXFrameworksBuildPhase;
			files = (
			);
		};
		EB2C2DCB2E5E203C005CE685 /* Frameworks */ = {
			isa = PBXFrameworksBuildPhase;
			files = (
			);
		};
		EBE03BB42E53D421006B7747 /* Frameworks */ = {
			isa = PBXFrameworksBuildPhase;
			files = (
				EBE03C072E53D665006B7747 /* Hellfire in Frameworks */,
				A70B739F4ADE7A0311642D9D /* Pods_iOS_HeckYeahTV.framework in Frameworks */,
			);
		};
		EBE03BC12E53D423006B7747 /* Frameworks */ = {
			isa = PBXFrameworksBuildPhase;
			files = (
			);
		};
		EBE03BCB2E53D423006B7747 /* Frameworks */ = {
			isa = PBXFrameworksBuildPhase;
			files = (
			);
		};
		EBE03C142E53D8DE006B7747 /* Frameworks */ = {
			isa = PBXFrameworksBuildPhase;
			files = (
				EBE03C832E53E5DC006B7747 /* Hellfire in Frameworks */,
				483F6B111781DCB2AAB8EA48 /* Pods_tvOS_HeckYeahTV.framework in Frameworks */,
			);
		};
		EBE03C202E53D8DF006B7747 /* Frameworks */ = {
			isa = PBXFrameworksBuildPhase;
			files = (
			);
		};
		EBE03C2A2E53D8DF006B7747 /* Frameworks */ = {
			isa = PBXFrameworksBuildPhase;
			files = (
			);
		};
/* End PBXFrameworksBuildPhase section */

/* Begin PBXGroup section */
		EBE03BAE2E53D421006B7747 = {
			isa = PBXGroup;
			children = (
				EBE03BB92E53D421006B7747 /* HeckYeahTV */,
				EBE03BC72E53D423006B7747 /* HeckYeahTVTests */,
				EBE03BD12E53D423006B7747 /* HeckYeahTVUITests */,
				EBE03C812E53E5DC006B7747 /* Frameworks */,
				EBE03BB82E53D421006B7747 /* Products */,
				F2EEC27609FB015357E64343 /* Pods */,
			);
			sourceTree = "<group>";
		};
		EBE03BB82E53D421006B7747 /* Products */ = {
			isa = PBXGroup;
			children = (
				EBE03BB72E53D421006B7747 /* Heck Yeah TV.app */,
				EBE03BC42E53D423006B7747 /* iOS_HeckYeahTVTests.xctest */,
				EBE03BCE2E53D423006B7747 /* iOS_HeckYeahTVUITests.xctest */,
				EBE03C172E53D8DE006B7747 /* Heck Yeah TV.app */,
				EBE03C232E53D8DF006B7747 /* tvOS_HeckYeahTVTests.xctest */,
				EBE03C2D2E53D8DF006B7747 /* tvOS_HeckYeahTVUITests.xctest */,
				EB2C2DB72E5E203A005CE685 /* Heck Yeah TV.app */,
				EB2C2DC42E5E203C005CE685 /* macOS_HeckYeahTVTests.xctest */,
				EB2C2DCE2E5E203C005CE685 /* macOS_HeckYeahTVUITests.xctest */,
			);
			name = Products;
			sourceTree = "<group>";
		};
		EBE03C812E53E5DC006B7747 /* Frameworks */ = {
			isa = PBXGroup;
			children = (
				28D09A551F11AFAC0F7FA422 /* Pods_iOS_HeckYeahTV.framework */,
				4E589179213073D8CB516EAE /* Pods_tvOS_HeckYeahTV.framework */,
				35897EE2B3E94DAF0E2D7858 /* Pods_macOS_HeckYeahTV.framework */,
			);
			name = Frameworks;
			sourceTree = "<group>";
		};
		F2EEC27609FB015357E64343 /* Pods */ = {
			isa = PBXGroup;
			children = (
				784D723A8565B63F2B3BE567 /* Pods-iOS_HeckYeahTV.debug.xcconfig */,
				041B0E4284C5A34ED0896BCC /* Pods-iOS_HeckYeahTV.release.xcconfig */,
				D26DFFAFE9DE104EB29DC823 /* Pods-tvOS_HeckYeahTV.debug.xcconfig */,
				99DD7EF0B671BCAE9438AFEC /* Pods-tvOS_HeckYeahTV.release.xcconfig */,
				E2DA9D815C94AE993025AF8C /* Pods-macOS_HeckYeahTV.debug.xcconfig */,
				095EBC57F732E20B7132F49D /* Pods-macOS_HeckYeahTV.release.xcconfig */,
			);
			path = Pods;
			sourceTree = "<group>";
		};
/* End PBXGroup section */

/* Begin PBXNativeTarget section */
		EB2C2DB62E5E203A005CE685 /* macOS_HeckYeahTV */ = {
			isa = PBXNativeTarget;
			buildConfigurationList = EB2C2DD62E5E203C005CE685 /* Build configuration list for PBXNativeTarget "macOS_HeckYeahTV" */;
			buildPhases = (
				0997BEB9F92174AF7BF0BDB8 /* [CP] Check Pods Manifest.lock */,
				EB2C2DB32E5E203A005CE685 /* Sources */,
				EB2C2DB42E5E203A005CE685 /* Frameworks */,
				EB2C2DB52E5E203A005CE685 /* Resources */,
				3544117D0CB20F50D8E5E54D /* [CP] Embed Pods Frameworks */,
				EB96B2EF2E68CEBE00060C3B /* Embed Frameworks */,
			);
			buildRules = (
			);
			name = macOS_HeckYeahTV;
			packageProductDependencies = (
				EB2C2E1A2E5E2293005CE685 /* Hellfire */,
			);
			productName = macOSHeckYeahTV;
			productReference = EB2C2DB72E5E203A005CE685 /* Heck Yeah TV.app */;
			productType = "com.apple.product-type.application";
		};
		EB2C2DC32E5E203C005CE685 /* macOS_HeckYeahTVTests */ = {
			isa = PBXNativeTarget;
			buildConfigurationList = EB2C2DD92E5E203C005CE685 /* Build configuration list for PBXNativeTarget "macOS_HeckYeahTVTests" */;
			buildPhases = (
				EB2C2DC02E5E203C005CE685 /* Sources */,
				EB2C2DC12E5E203C005CE685 /* Frameworks */,
				EB2C2DC22E5E203C005CE685 /* Resources */,
			);
			buildRules = (
			);
			dependencies = (
				EB2C2DC62E5E203C005CE685 /* PBXTargetDependency */,
			);
			name = macOS_HeckYeahTVTests;
			productName = macOSHeckYeahTVTests;
			productReference = EB2C2DC42E5E203C005CE685 /* macOS_HeckYeahTVTests.xctest */;
			productType = "com.apple.product-type.bundle.unit-test";
		};
		EB2C2DCD2E5E203C005CE685 /* macOS_HeckYeahTVUITests */ = {
			isa = PBXNativeTarget;
			buildConfigurationList = EB2C2DDC2E5E203C005CE685 /* Build configuration list for PBXNativeTarget "macOS_HeckYeahTVUITests" */;
			buildPhases = (
				EB2C2DCA2E5E203C005CE685 /* Sources */,
				EB2C2DCB2E5E203C005CE685 /* Frameworks */,
				EB2C2DCC2E5E203C005CE685 /* Resources */,
			);
			buildRules = (
			);
			dependencies = (
				EB2C2DD02E5E203C005CE685 /* PBXTargetDependency */,
			);
			name = macOS_HeckYeahTVUITests;
			productName = macOSHeckYeahTVUITests;
			productReference = EB2C2DCE2E5E203C005CE685 /* macOS_HeckYeahTVUITests.xctest */;
			productType = "com.apple.product-type.bundle.ui-testing";
		};
		EBE03BB62E53D421006B7747 /* iOS_HeckYeahTV */ = {
			isa = PBXNativeTarget;
			buildConfigurationList = EBE03BD82E53D423006B7747 /* Build configuration list for PBXNativeTarget "iOS_HeckYeahTV" */;
			buildPhases = (
				77DEDF4426CED6C7F389E63F /* [CP] Check Pods Manifest.lock */,
				EBE03BB32E53D421006B7747 /* Sources */,
				EBE03BB42E53D421006B7747 /* Frameworks */,
				EBE03BB52E53D421006B7747 /* Resources */,
				0F13C7D648D782C01BBF6195 /* [CP] Embed Pods Frameworks */,
			);
			buildRules = (
			);
			fileSystemSynchronizedGroups = (
				EBE03BB92E53D421006B7747 /* HeckYeahTV */,
			);
			name = iOS_HeckYeahTV;
			packageProductDependencies = (
				EBE03C062E53D665006B7747 /* Hellfire */,
			);
			productName = "Heck Yeah TV";
			productReference = EBE03BB72E53D421006B7747 /* Heck Yeah TV.app */;
			productType = "com.apple.product-type.application";
		};
		EBE03BC32E53D423006B7747 /* iOS_HeckYeahTVTests */ = {
			isa = PBXNativeTarget;
			buildConfigurationList = EBE03BDB2E53D423006B7747 /* Build configuration list for PBXNativeTarget "iOS_HeckYeahTVTests" */;
			buildPhases = (
				EBE03BC02E53D423006B7747 /* Sources */,
				EBE03BC12E53D423006B7747 /* Frameworks */,
				EBE03BC22E53D423006B7747 /* Resources */,
			);
			buildRules = (
			);
			dependencies = (
				EBE03BC62E53D423006B7747 /* PBXTargetDependency */,
			);
			fileSystemSynchronizedGroups = (
				EBE03BC72E53D423006B7747 /* HeckYeahTVTests */,
			);
			name = iOS_HeckYeahTVTests;
			productName = "Heck Yeah TVTests";
			productReference = EBE03BC42E53D423006B7747 /* iOS_HeckYeahTVTests.xctest */;
			productType = "com.apple.product-type.bundle.unit-test";
		};
		EBE03BCD2E53D423006B7747 /* iOS_HeckYeahTVUITests */ = {
			isa = PBXNativeTarget;
			buildConfigurationList = EBE03BDE2E53D423006B7747 /* Build configuration list for PBXNativeTarget "iOS_HeckYeahTVUITests" */;
			buildPhases = (
				EBE03BCA2E53D423006B7747 /* Sources */,
				EBE03BCB2E53D423006B7747 /* Frameworks */,
				EBE03BCC2E53D423006B7747 /* Resources */,
			);
			buildRules = (
			);
			dependencies = (
				EBE03BD02E53D423006B7747 /* PBXTargetDependency */,
			);
			fileSystemSynchronizedGroups = (
				EBE03BD12E53D423006B7747 /* HeckYeahTVUITests */,
			);
			name = iOS_HeckYeahTVUITests;
			productName = "Heck Yeah TVUITests";
			productReference = EBE03BCE2E53D423006B7747 /* iOS_HeckYeahTVUITests.xctest */;
			productType = "com.apple.product-type.bundle.ui-testing";
		};
		EBE03C162E53D8DE006B7747 /* tvOS_HeckYeahTV */ = {
			isa = PBXNativeTarget;
			buildConfigurationList = EBE03C352E53D8DF006B7747 /* Build configuration list for PBXNativeTarget "tvOS_HeckYeahTV" */;
			buildPhases = (
				AE01326E00AF333D50E7F1A2 /* [CP] Check Pods Manifest.lock */,
				EBE03C132E53D8DE006B7747 /* Sources */,
				EBE03C142E53D8DE006B7747 /* Frameworks */,
				EBE03C152E53D8DE006B7747 /* Resources */,
				13D9E8A4082A0071276ADB5D /* [CP] Embed Pods Frameworks */,
			);
			buildRules = (
			);
			name = tvOS_HeckYeahTV;
			packageProductDependencies = (
				EBE03C822E53E5DC006B7747 /* Hellfire */,
			);
			productName = "Heck Yeah TV";
			productReference = EBE03C172E53D8DE006B7747 /* Heck Yeah TV.app */;
			productType = "com.apple.product-type.application";
		};
		EBE03C222E53D8DF006B7747 /* tvOS_HeckYeahTVTests */ = {
			isa = PBXNativeTarget;
			buildConfigurationList = EBE03C382E53D8DF006B7747 /* Build configuration list for PBXNativeTarget "tvOS_HeckYeahTVTests" */;
			buildPhases = (
				EBE03C1F2E53D8DF006B7747 /* Sources */,
				EBE03C202E53D8DF006B7747 /* Frameworks */,
				EBE03C212E53D8DF006B7747 /* Resources */,
			);
			buildRules = (
			);
			dependencies = (
				EBE03C252E53D8DF006B7747 /* PBXTargetDependency */,
			);
			name = tvOS_HeckYeahTVTests;
			productName = "Heck Yeah TVTests";
			productReference = EBE03C232E53D8DF006B7747 /* tvOS_HeckYeahTVTests.xctest */;
			productType = "com.apple.product-type.bundle.unit-test";
		};
		EBE03C2C2E53D8DF006B7747 /* tvOS_HeckYeahTVUITests */ = {
			isa = PBXNativeTarget;
			buildConfigurationList = EBE03C3B2E53D8DF006B7747 /* Build configuration list for PBXNativeTarget "tvOS_HeckYeahTVUITests" */;
			buildPhases = (
				EBE03C292E53D8DF006B7747 /* Sources */,
				EBE03C2A2E53D8DF006B7747 /* Frameworks */,
				EBE03C2B2E53D8DF006B7747 /* Resources */,
			);
			buildRules = (
			);
			dependencies = (
				EBE03C2F2E53D8DF006B7747 /* PBXTargetDependency */,
			);
			name = tvOS_HeckYeahTVUITests;
			productName = "Heck Yeah TVUITests";
			productReference = EBE03C2D2E53D8DF006B7747 /* tvOS_HeckYeahTVUITests.xctest */;
			productType = "com.apple.product-type.bundle.ui-testing";
		};
/* End PBXNativeTarget section */

/* Begin PBXProject section */
		EBE03BAF2E53D421006B7747 /* Project object */ = {
			isa = PBXProject;
			attributes = {
				BuildIndependentTargetsInParallel = 1;
				LastSwiftUpdateCheck = 1640;
				LastUpgradeCheck = 2600;
				ORGANIZATIONNAME = "Hellyer Multimedia";
				TargetAttributes = {
					EB2C2DB62E5E203A005CE685 = {
						CreatedOnToolsVersion = 16.4;
					};
					EB2C2DC32E5E203C005CE685 = {
						CreatedOnToolsVersion = 16.4;
						TestTargetID = EB2C2DB62E5E203A005CE685;
					};
					EB2C2DCD2E5E203C005CE685 = {
						CreatedOnToolsVersion = 16.4;
						TestTargetID = EB2C2DB62E5E203A005CE685;
					};
					EBE03BB62E53D421006B7747 = {
						CreatedOnToolsVersion = 16.4;
					};
					EBE03BC32E53D423006B7747 = {
						CreatedOnToolsVersion = 16.4;
						TestTargetID = EBE03BB62E53D421006B7747;
					};
					EBE03BCD2E53D423006B7747 = {
						CreatedOnToolsVersion = 16.4;
						TestTargetID = EBE03BB62E53D421006B7747;
					};
					EBE03C162E53D8DE006B7747 = {
						CreatedOnToolsVersion = 16.4;
					};
					EBE03C222E53D8DF006B7747 = {
						CreatedOnToolsVersion = 16.4;
						TestTargetID = EBE03C162E53D8DE006B7747;
					};
					EBE03C2C2E53D8DF006B7747 = {
						CreatedOnToolsVersion = 16.4;
						TestTargetID = EBE03C162E53D8DE006B7747;
					};
				};
			};
			buildConfigurationList = EBE03BB22E53D421006B7747 /* Build configuration list for PBXProject "HeckYeahTV" */;
			developmentRegion = en;
			hasScannedForEncodings = 0;
			knownRegions = (
				en,
				Base,
			);
			mainGroup = EBE03BAE2E53D421006B7747;
			minimizedProjectReferenceProxies = 1;
			packageReferences = (
				EBE03C052E53D665006B7747 /* XCLocalSwiftPackageReference "../SwiftPackages/HellfireSwiftPackage" */,
			);
			preferredProjectObjectVersion = 90;
			productRefGroup = EBE03BB82E53D421006B7747 /* Products */;
			projectDirPath = "";
			projectRoot = "";
			targets = (
				EBE03BB62E53D421006B7747 /* iOS_HeckYeahTV */,
				EBE03BC32E53D423006B7747 /* iOS_HeckYeahTVTests */,
				EBE03BCD2E53D423006B7747 /* iOS_HeckYeahTVUITests */,
				EBE03C162E53D8DE006B7747 /* tvOS_HeckYeahTV */,
				EBE03C222E53D8DF006B7747 /* tvOS_HeckYeahTVTests */,
				EBE03C2C2E53D8DF006B7747 /* tvOS_HeckYeahTVUITests */,
				EB2C2DB62E5E203A005CE685 /* macOS_HeckYeahTV */,
				EB2C2DC32E5E203C005CE685 /* macOS_HeckYeahTVTests */,
				EB2C2DCD2E5E203C005CE685 /* macOS_HeckYeahTVUITests */,
			);
		};
/* End PBXProject section */

/* Begin PBXResourcesBuildPhase section */
		EB2C2DB52E5E203A005CE685 /* Resources */ = {
			isa = PBXResourcesBuildPhase;
			files = (
			);
		};
		EB2C2DC22E5E203C005CE685 /* Resources */ = {
			isa = PBXResourcesBuildPhase;
			files = (
			);
		};
		EB2C2DCC2E5E203C005CE685 /* Resources */ = {
			isa = PBXResourcesBuildPhase;
			files = (
			);
		};
		EBE03BB52E53D421006B7747 /* Resources */ = {
			isa = PBXResourcesBuildPhase;
			files = (
			);
		};
		EBE03BC22E53D423006B7747 /* Resources */ = {
			isa = PBXResourcesBuildPhase;
			files = (
			);
		};
		EBE03BCC2E53D423006B7747 /* Resources */ = {
			isa = PBXResourcesBuildPhase;
			files = (
			);
		};
		EBE03C152E53D8DE006B7747 /* Resources */ = {
			isa = PBXResourcesBuildPhase;
			files = (
			);
		};
		EBE03C212E53D8DF006B7747 /* Resources */ = {
			isa = PBXResourcesBuildPhase;
			files = (
			);
		};
		EBE03C2B2E53D8DF006B7747 /* Resources */ = {
			isa = PBXResourcesBuildPhase;
			files = (
			);
		};
/* End PBXResourcesBuildPhase section */

/* Begin PBXShellScriptBuildPhase section */
		0997BEB9F92174AF7BF0BDB8 /* [CP] Check Pods Manifest.lock */ = {
			isa = PBXShellScriptBuildPhase;
			inputPaths = (
				"${PODS_PODFILE_DIR_PATH}/Podfile.lock",
				"${PODS_ROOT}/Manifest.lock",
			);
			name = "[CP] Check Pods Manifest.lock";
			outputPaths = (
				"$(DERIVED_FILE_DIR)/Pods-macOS_HeckYeahTV-checkManifestLockResult.txt",
			);
			shellPath = /bin/sh;
			shellScript = (
				"diff \"${PODS_PODFILE_DIR_PATH}/Podfile.lock\" \"${PODS_ROOT}/Manifest.lock\" > /dev/null",
				"if [ $? != 0 ] ; then",
				"    # print error to STDERR",
				"    echo \"error: The sandbox is not in sync with the Podfile.lock. Run 'pod install' or update your CocoaPods installation.\" >&2",
				"    exit 1",
				"fi",
				"# This output is used by Xcode 'outputs' to avoid re-running this script phase.",
				"echo \"SUCCESS\" > \"${SCRIPT_OUTPUT_FILE_0}\"",
				"",
				"",
			);
			showEnvVarsInLog = 0;
		};
		0F13C7D648D782C01BBF6195 /* [CP] Embed Pods Frameworks */ = {
			isa = PBXShellScriptBuildPhase;
			inputFileListPaths = (
				"${PODS_ROOT}/Target Support Files/Pods-iOS_HeckYeahTV/Pods-iOS_HeckYeahTV-frameworks-${CONFIGURATION}-input-files.xcfilelist",
			);
			name = "[CP] Embed Pods Frameworks";
			outputFileListPaths = (
				"${PODS_ROOT}/Target Support Files/Pods-iOS_HeckYeahTV/Pods-iOS_HeckYeahTV-frameworks-${CONFIGURATION}-output-files.xcfilelist",
			);
			shellPath = /bin/sh;
			shellScript = (
				"\"${PODS_ROOT}/Target Support Files/Pods-iOS_HeckYeahTV/Pods-iOS_HeckYeahTV-frameworks.sh\"",
				"",
				"",
			);
			showEnvVarsInLog = 0;
		};
		13D9E8A4082A0071276ADB5D /* [CP] Embed Pods Frameworks */ = {
			isa = PBXShellScriptBuildPhase;
			inputFileListPaths = (
				"${PODS_ROOT}/Target Support Files/Pods-tvOS_HeckYeahTV/Pods-tvOS_HeckYeahTV-frameworks-${CONFIGURATION}-input-files.xcfilelist",
			);
			name = "[CP] Embed Pods Frameworks";
			outputFileListPaths = (
				"${PODS_ROOT}/Target Support Files/Pods-tvOS_HeckYeahTV/Pods-tvOS_HeckYeahTV-frameworks-${CONFIGURATION}-output-files.xcfilelist",
			);
			shellPath = /bin/sh;
			shellScript = (
				"\"${PODS_ROOT}/Target Support Files/Pods-tvOS_HeckYeahTV/Pods-tvOS_HeckYeahTV-frameworks.sh\"",
				"",
				"",
			);
			showEnvVarsInLog = 0;
		};
		3544117D0CB20F50D8E5E54D /* [CP] Embed Pods Frameworks */ = {
			isa = PBXShellScriptBuildPhase;
			inputFileListPaths = (
				"${PODS_ROOT}/Target Support Files/Pods-macOS_HeckYeahTV/Pods-macOS_HeckYeahTV-frameworks-${CONFIGURATION}-input-files.xcfilelist",
			);
			name = "[CP] Embed Pods Frameworks";
			outputFileListPaths = (
				"${PODS_ROOT}/Target Support Files/Pods-macOS_HeckYeahTV/Pods-macOS_HeckYeahTV-frameworks-${CONFIGURATION}-output-files.xcfilelist",
			);
			shellPath = /bin/sh;
			shellScript = (
				"\"${PODS_ROOT}/Target Support Files/Pods-macOS_HeckYeahTV/Pods-macOS_HeckYeahTV-frameworks.sh\"",
				"",
				"",
			);
			showEnvVarsInLog = 0;
		};
		77DEDF4426CED6C7F389E63F /* [CP] Check Pods Manifest.lock */ = {
			isa = PBXShellScriptBuildPhase;
			inputPaths = (
				"${PODS_PODFILE_DIR_PATH}/Podfile.lock",
				"${PODS_ROOT}/Manifest.lock",
			);
			name = "[CP] Check Pods Manifest.lock";
			outputPaths = (
				"$(DERIVED_FILE_DIR)/Pods-iOS_HeckYeahTV-checkManifestLockResult.txt",
			);
			shellPath = /bin/sh;
			shellScript = (
				"diff \"${PODS_PODFILE_DIR_PATH}/Podfile.lock\" \"${PODS_ROOT}/Manifest.lock\" > /dev/null",
				"if [ $? != 0 ] ; then",
				"    # print error to STDERR",
				"    echo \"error: The sandbox is not in sync with the Podfile.lock. Run 'pod install' or update your CocoaPods installation.\" >&2",
				"    exit 1",
				"fi",
				"# This output is used by Xcode 'outputs' to avoid re-running this script phase.",
				"echo \"SUCCESS\" > \"${SCRIPT_OUTPUT_FILE_0}\"",
				"",
				"",
			);
			showEnvVarsInLog = 0;
		};
		AE01326E00AF333D50E7F1A2 /* [CP] Check Pods Manifest.lock */ = {
			isa = PBXShellScriptBuildPhase;
			inputPaths = (
				"${PODS_PODFILE_DIR_PATH}/Podfile.lock",
				"${PODS_ROOT}/Manifest.lock",
			);
			name = "[CP] Check Pods Manifest.lock";
			outputPaths = (
				"$(DERIVED_FILE_DIR)/Pods-tvOS_HeckYeahTV-checkManifestLockResult.txt",
			);
			shellPath = /bin/sh;
			shellScript = (
				"diff \"${PODS_PODFILE_DIR_PATH}/Podfile.lock\" \"${PODS_ROOT}/Manifest.lock\" > /dev/null",
				"if [ $? != 0 ] ; then",
				"    # print error to STDERR",
				"    echo \"error: The sandbox is not in sync with the Podfile.lock. Run 'pod install' or update your CocoaPods installation.\" >&2",
				"    exit 1",
				"fi",
				"# This output is used by Xcode 'outputs' to avoid re-running this script phase.",
				"echo \"SUCCESS\" > \"${SCRIPT_OUTPUT_FILE_0}\"",
				"",
				"",
			);
			showEnvVarsInLog = 0;
		};
/* End PBXShellScriptBuildPhase section */

/* Begin PBXSourcesBuildPhase section */
		EB2C2DB32E5E203A005CE685 /* Sources */ = {
			isa = PBXSourcesBuildPhase;
			files = (
			);
		};
		EB2C2DC02E5E203C005CE685 /* Sources */ = {
			isa = PBXSourcesBuildPhase;
			files = (
			);
		};
		EB2C2DCA2E5E203C005CE685 /* Sources */ = {
			isa = PBXSourcesBuildPhase;
			files = (
			);
		};
		EBE03BB32E53D421006B7747 /* Sources */ = {
			isa = PBXSourcesBuildPhase;
			files = (
			);
		};
		EBE03BC02E53D423006B7747 /* Sources */ = {
			isa = PBXSourcesBuildPhase;
			files = (
			);
		};
		EBE03BCA2E53D423006B7747 /* Sources */ = {
			isa = PBXSourcesBuildPhase;
			files = (
			);
		};
		EBE03C132E53D8DE006B7747 /* Sources */ = {
			isa = PBXSourcesBuildPhase;
			files = (
			);
		};
		EBE03C1F2E53D8DF006B7747 /* Sources */ = {
			isa = PBXSourcesBuildPhase;
			files = (
			);
		};
		EBE03C292E53D8DF006B7747 /* Sources */ = {
			isa = PBXSourcesBuildPhase;
			files = (
			);
		};
/* End PBXSourcesBuildPhase section */

/* Begin PBXTargetDependency section */
		EB2C2DC62E5E203C005CE685 /* PBXTargetDependency */ = {
			isa = PBXTargetDependency;
			target = EB2C2DB62E5E203A005CE685 /* macOS_HeckYeahTV */;
			targetProxy = EB2C2DC52E5E203C005CE685 /* PBXContainerItemProxy */;
		};
		EB2C2DD02E5E203C005CE685 /* PBXTargetDependency */ = {
			isa = PBXTargetDependency;
			target = EB2C2DB62E5E203A005CE685 /* macOS_HeckYeahTV */;
			targetProxy = EB2C2DCF2E5E203C005CE685 /* PBXContainerItemProxy */;
		};
		EBE03BC62E53D423006B7747 /* PBXTargetDependency */ = {
			isa = PBXTargetDependency;
			target = EBE03BB62E53D421006B7747 /* iOS_HeckYeahTV */;
			targetProxy = EBE03BC52E53D423006B7747 /* PBXContainerItemProxy */;
		};
		EBE03BD02E53D423006B7747 /* PBXTargetDependency */ = {
			isa = PBXTargetDependency;
			target = EBE03BB62E53D421006B7747 /* iOS_HeckYeahTV */;
			targetProxy = EBE03BCF2E53D423006B7747 /* PBXContainerItemProxy */;
		};
		EBE03C252E53D8DF006B7747 /* PBXTargetDependency */ = {
			isa = PBXTargetDependency;
			target = EBE03C162E53D8DE006B7747 /* tvOS_HeckYeahTV */;
			targetProxy = EBE03C242E53D8DF006B7747 /* PBXContainerItemProxy */;
		};
		EBE03C2F2E53D8DF006B7747 /* PBXTargetDependency */ = {
			isa = PBXTargetDependency;
			target = EBE03C162E53D8DE006B7747 /* tvOS_HeckYeahTV */;
			targetProxy = EBE03C2E2E53D8DF006B7747 /* PBXContainerItemProxy */;
		};
/* End PBXTargetDependency section */

/* Begin XCBuildConfiguration section */
		EB2C2DD72E5E203C005CE685 /* Debug configuration for PBXNativeTarget "macOS_HeckYeahTV" */ = {
			isa = XCBuildConfiguration;
			baseConfigurationReference = E2DA9D815C94AE993025AF8C /* Pods-macOS_HeckYeahTV.debug.xcconfig */;
			buildSettings = {
				ASSETCATALOG_COMPILER_APPICON_NAME = AppIcon;
				ASSETCATALOG_COMPILER_GLOBAL_ACCENT_COLOR_NAME = AccentColor;
				CODE_SIGN_ENTITLEMENTS = "";
				CODE_SIGN_IDENTITY = "Apple Development";
				"CODE_SIGN_IDENTITY[sdk=macosx*]" = "Apple Development";
				CODE_SIGN_STYLE = Automatic;
				COMBINE_HIDPI_IMAGES = YES;
				CURRENT_PROJECT_VERSION = 1;
				DEAD_CODE_STRIPPING = YES;
				DEVELOPMENT_TEAM = 84CS8BE5EQ;
				ENABLE_HARDENED_RUNTIME = YES;
				ENABLE_OUTGOING_NETWORK_CONNECTIONS = NO;
				ENABLE_PREVIEWS = YES;
				ENABLE_USER_SCRIPT_SANDBOXING = NO;
				GENERATE_INFOPLIST_FILE = YES;
				INFOPLIST_FILE = "./HeckYeahTV/Source/SupportingFiles/plist/macOS-HeckYeahTV-Info.plist";
				INFOPLIST_KEY_LSApplicationCategoryType = "public.app-category.entertainment";
				INFOPLIST_KEY_NSHumanReadableCopyright = "Copyright © 2025 Hellyer Multimedia. All rights reserved.";
				LD_RUNPATH_SEARCH_PATHS = (
					"$(inherited)",
					"@executable_path/../Frameworks",
				);
				MACOSX_DEPLOYMENT_TARGET = 15.5;
				MARKETING_VERSION = 1.0;
				PRODUCT_BUNDLE_IDENTIFIER = com.hellyermultimedia.heckyeahtv.go;
				PRODUCT_NAME = "Heck Yeah TV";
				REGISTER_APP_GROUPS = YES;
				SDKROOT = macosx;
				SWIFT_EMIT_LOC_STRINGS = YES;
				SWIFT_VERSION = 5.0;
				TVOS_DEPLOYMENT_TARGET = 17.6;
			};
			name = Debug;
		};
		EB2C2DD82E5E203C005CE685 /* Release configuration for PBXNativeTarget "macOS_HeckYeahTV" */ = {
			isa = XCBuildConfiguration;
			baseConfigurationReference = 095EBC57F732E20B7132F49D /* Pods-macOS_HeckYeahTV.release.xcconfig */;
			buildSettings = {
				ASSETCATALOG_COMPILER_APPICON_NAME = AppIcon;
				ASSETCATALOG_COMPILER_GLOBAL_ACCENT_COLOR_NAME = AccentColor;
				CODE_SIGN_ENTITLEMENTS = "";
				CODE_SIGN_IDENTITY = "Apple Development";
				"CODE_SIGN_IDENTITY[sdk=macosx*]" = "Apple Development";
				CODE_SIGN_STYLE = Automatic;
				COMBINE_HIDPI_IMAGES = YES;
				CURRENT_PROJECT_VERSION = 1;
				DEAD_CODE_STRIPPING = YES;
				DEVELOPMENT_TEAM = 84CS8BE5EQ;
				ENABLE_HARDENED_RUNTIME = YES;
				ENABLE_OUTGOING_NETWORK_CONNECTIONS = NO;
				ENABLE_PREVIEWS = YES;
				ENABLE_USER_SCRIPT_SANDBOXING = NO;
				GENERATE_INFOPLIST_FILE = YES;
				INFOPLIST_FILE = "./HeckYeahTV/Source/SupportingFiles/plist/macOS-HeckYeahTV-Info.plist";
				INFOPLIST_KEY_LSApplicationCategoryType = "public.app-category.entertainment";
				INFOPLIST_KEY_NSHumanReadableCopyright = "Copyright © 2025 Hellyer Multimedia. All rights reserved.";
				LD_RUNPATH_SEARCH_PATHS = (
					"$(inherited)",
					"@executable_path/../Frameworks",
				);
				MACOSX_DEPLOYMENT_TARGET = 15.5;
				MARKETING_VERSION = 1.0;
				PRODUCT_BUNDLE_IDENTIFIER = com.hellyermultimedia.heckyeahtv.go;
				PRODUCT_NAME = "Heck Yeah TV";
				REGISTER_APP_GROUPS = YES;
				SDKROOT = macosx;
				SWIFT_EMIT_LOC_STRINGS = YES;
				SWIFT_VERSION = 5.0;
				TVOS_DEPLOYMENT_TARGET = 17.6;
			};
			name = Release;
		};
		EB2C2DDA2E5E203C005CE685 /* Debug configuration for PBXNativeTarget "macOS_HeckYeahTVTests" */ = {
			isa = XCBuildConfiguration;
			buildSettings = {
				BUNDLE_LOADER = "$(TEST_HOST)";
				CODE_SIGN_STYLE = Automatic;
				CURRENT_PROJECT_VERSION = 1;
				DEAD_CODE_STRIPPING = YES;
				DEVELOPMENT_TEAM = 84CS8BE5EQ;
				GENERATE_INFOPLIST_FILE = YES;
				MACOSX_DEPLOYMENT_TARGET = 15.5;
				MARKETING_VERSION = 1.0;
				PRODUCT_BUNDLE_IDENTIFIER = com.hellyermultimedia.heckyeahtv.macOSHeckYeahTVTests;
				PRODUCT_NAME = "$(TARGET_NAME)";
				SDKROOT = macosx;
				SWIFT_EMIT_LOC_STRINGS = NO;
				SWIFT_VERSION = 5.0;
				TEST_HOST = "$(BUILT_PRODUCTS_DIR)/macOSHeckYeahTV.app/$(BUNDLE_EXECUTABLE_FOLDER_PATH)/macOSHeckYeahTV";
			};
			name = Debug;
		};
		EB2C2DDB2E5E203C005CE685 /* Release configuration for PBXNativeTarget "macOS_HeckYeahTVTests" */ = {
			isa = XCBuildConfiguration;
			buildSettings = {
				BUNDLE_LOADER = "$(TEST_HOST)";
				CODE_SIGN_STYLE = Automatic;
				CURRENT_PROJECT_VERSION = 1;
				DEAD_CODE_STRIPPING = YES;
				DEVELOPMENT_TEAM = 84CS8BE5EQ;
				GENERATE_INFOPLIST_FILE = YES;
				MACOSX_DEPLOYMENT_TARGET = 15.5;
				MARKETING_VERSION = 1.0;
				PRODUCT_BUNDLE_IDENTIFIER = com.hellyermultimedia.heckyeahtv.macOSHeckYeahTVTests;
				PRODUCT_NAME = "$(TARGET_NAME)";
				SDKROOT = macosx;
				SWIFT_EMIT_LOC_STRINGS = NO;
				SWIFT_VERSION = 5.0;
				TEST_HOST = "$(BUILT_PRODUCTS_DIR)/macOSHeckYeahTV.app/$(BUNDLE_EXECUTABLE_FOLDER_PATH)/macOSHeckYeahTV";
			};
			name = Release;
		};
		EB2C2DDD2E5E203C005CE685 /* Debug configuration for PBXNativeTarget "macOS_HeckYeahTVUITests" */ = {
			isa = XCBuildConfiguration;
			buildSettings = {
				CODE_SIGN_STYLE = Automatic;
				CURRENT_PROJECT_VERSION = 1;
				DEAD_CODE_STRIPPING = YES;
				DEVELOPMENT_TEAM = 84CS8BE5EQ;
				GENERATE_INFOPLIST_FILE = YES;
				MACOSX_DEPLOYMENT_TARGET = 15.5;
				MARKETING_VERSION = 1.0;
				PRODUCT_BUNDLE_IDENTIFIER = com.hellyermultimedia.heckyeahtv.macOSHeckYeahTVUITests;
				PRODUCT_NAME = "$(TARGET_NAME)";
				SDKROOT = macosx;
				SWIFT_EMIT_LOC_STRINGS = NO;
				SWIFT_VERSION = 5.0;
				TEST_TARGET_NAME = macOSHeckYeahTV;
			};
			name = Debug;
		};
		EB2C2DDE2E5E203C005CE685 /* Release configuration for PBXNativeTarget "macOS_HeckYeahTVUITests" */ = {
			isa = XCBuildConfiguration;
			buildSettings = {
				CODE_SIGN_STYLE = Automatic;
				CURRENT_PROJECT_VERSION = 1;
				DEAD_CODE_STRIPPING = YES;
				DEVELOPMENT_TEAM = 84CS8BE5EQ;
				GENERATE_INFOPLIST_FILE = YES;
				MACOSX_DEPLOYMENT_TARGET = 15.5;
				MARKETING_VERSION = 1.0;
				PRODUCT_BUNDLE_IDENTIFIER = com.hellyermultimedia.heckyeahtv.macOSHeckYeahTVUITests;
				PRODUCT_NAME = "$(TARGET_NAME)";
				SDKROOT = macosx;
				SWIFT_EMIT_LOC_STRINGS = NO;
				SWIFT_VERSION = 5.0;
				TEST_TARGET_NAME = macOSHeckYeahTV;
			};
			name = Release;
		};
		EBE03BD62E53D423006B7747 /* Debug configuration for PBXProject "HeckYeahTV" */ = {
			isa = XCBuildConfiguration;
			buildSettings = {
				ALWAYS_SEARCH_USER_PATHS = NO;
				ASSETCATALOG_COMPILER_GENERATE_SWIFT_ASSET_SYMBOL_EXTENSIONS = YES;
				CLANG_ANALYZER_NONNULL = YES;
				CLANG_ANALYZER_NUMBER_OBJECT_CONVERSION = YES_AGGRESSIVE;
				CLANG_CXX_LANGUAGE_STANDARD = "gnu++20";
				CLANG_ENABLE_MODULES = YES;
				CLANG_ENABLE_OBJC_ARC = YES;
				CLANG_ENABLE_OBJC_WEAK = YES;
				CLANG_WARN_BLOCK_CAPTURE_AUTORELEASING = YES;
				CLANG_WARN_BOOL_CONVERSION = YES;
				CLANG_WARN_COMMA = YES;
				CLANG_WARN_CONSTANT_CONVERSION = YES;
				CLANG_WARN_DEPRECATED_OBJC_IMPLEMENTATIONS = YES;
				CLANG_WARN_DIRECT_OBJC_ISA_USAGE = YES_ERROR;
				CLANG_WARN_DOCUMENTATION_COMMENTS = YES;
				CLANG_WARN_EMPTY_BODY = YES;
				CLANG_WARN_ENUM_CONVERSION = YES;
				CLANG_WARN_INFINITE_RECURSION = YES;
				CLANG_WARN_INT_CONVERSION = YES;
				CLANG_WARN_NON_LITERAL_NULL_CONVERSION = YES;
				CLANG_WARN_OBJC_IMPLICIT_RETAIN_SELF = YES;
				CLANG_WARN_OBJC_LITERAL_CONVERSION = YES;
				CLANG_WARN_OBJC_ROOT_CLASS = YES_ERROR;
				CLANG_WARN_QUOTED_INCLUDE_IN_FRAMEWORK_HEADER = YES;
				CLANG_WARN_RANGE_LOOP_ANALYSIS = YES;
				CLANG_WARN_STRICT_PROTOTYPES = YES;
				CLANG_WARN_SUSPICIOUS_MOVE = YES;
				CLANG_WARN_UNGUARDED_AVAILABILITY = YES_AGGRESSIVE;
				CLANG_WARN_UNREACHABLE_CODE = YES;
				CLANG_WARN__DUPLICATE_METHOD_MATCH = YES;
				COPY_PHASE_STRIP = NO;
				DEBUG_INFORMATION_FORMAT = dwarf;
				DEVELOPMENT_TEAM = 84CS8BE5EQ;
				ENABLE_STRICT_OBJC_MSGSEND = YES;
				ENABLE_TESTABILITY = YES;
				ENABLE_USER_SCRIPT_SANDBOXING = YES;
				GCC_C_LANGUAGE_STANDARD = gnu17;
				GCC_DYNAMIC_NO_PIC = NO;
				GCC_NO_COMMON_BLOCKS = YES;
				GCC_OPTIMIZATION_LEVEL = 0;
				GCC_PREPROCESSOR_DEFINITIONS = (
					"DEBUG=1",
					"$(inherited)",
				);
				GCC_WARN_64_TO_32_BIT_CONVERSION = YES;
				GCC_WARN_ABOUT_RETURN_TYPE = YES_ERROR;
				GCC_WARN_UNDECLARED_SELECTOR = YES;
				GCC_WARN_UNINITIALIZED_AUTOS = YES_AGGRESSIVE;
				GCC_WARN_UNUSED_FUNCTION = YES;
				GCC_WARN_UNUSED_VARIABLE = YES;
				IPHONEOS_DEPLOYMENT_TARGET = 18.5;
				LOCALIZATION_PREFERS_STRING_CATALOGS = YES;
				MACOSX_DEPLOYMENT_TARGET = 15.0;
				MTL_ENABLE_DEBUG_INFO = INCLUDE_SOURCE;
				MTL_FAST_MATH = YES;
				ONLY_ACTIVE_ARCH = YES;
				SDKROOT = iphoneos;
				STRING_CATALOG_GENERATE_SYMBOLS = YES;
				SWIFT_ACTIVE_COMPILATION_CONDITIONS = "DEBUG $(inherited)";
				SWIFT_OPTIMIZATION_LEVEL = "-Onone";
				TVOS_DEPLOYMENT_TARGET = 18.0;
			};
			name = Debug;
		};
		EBE03BD72E53D423006B7747 /* Release configuration for PBXProject "HeckYeahTV" */ = {
			isa = XCBuildConfiguration;
			buildSettings = {
				ALWAYS_SEARCH_USER_PATHS = NO;
				ASSETCATALOG_COMPILER_GENERATE_SWIFT_ASSET_SYMBOL_EXTENSIONS = YES;
				CLANG_ANALYZER_NONNULL = YES;
				CLANG_ANALYZER_NUMBER_OBJECT_CONVERSION = YES_AGGRESSIVE;
				CLANG_CXX_LANGUAGE_STANDARD = "gnu++20";
				CLANG_ENABLE_MODULES = YES;
				CLANG_ENABLE_OBJC_ARC = YES;
				CLANG_ENABLE_OBJC_WEAK = YES;
				CLANG_WARN_BLOCK_CAPTURE_AUTORELEASING = YES;
				CLANG_WARN_BOOL_CONVERSION = YES;
				CLANG_WARN_COMMA = YES;
				CLANG_WARN_CONSTANT_CONVERSION = YES;
				CLANG_WARN_DEPRECATED_OBJC_IMPLEMENTATIONS = YES;
				CLANG_WARN_DIRECT_OBJC_ISA_USAGE = YES_ERROR;
				CLANG_WARN_DOCUMENTATION_COMMENTS = YES;
				CLANG_WARN_EMPTY_BODY = YES;
				CLANG_WARN_ENUM_CONVERSION = YES;
				CLANG_WARN_INFINITE_RECURSION = YES;
				CLANG_WARN_INT_CONVERSION = YES;
				CLANG_WARN_NON_LITERAL_NULL_CONVERSION = YES;
				CLANG_WARN_OBJC_IMPLICIT_RETAIN_SELF = YES;
				CLANG_WARN_OBJC_LITERAL_CONVERSION = YES;
				CLANG_WARN_OBJC_ROOT_CLASS = YES_ERROR;
				CLANG_WARN_QUOTED_INCLUDE_IN_FRAMEWORK_HEADER = YES;
				CLANG_WARN_RANGE_LOOP_ANALYSIS = YES;
				CLANG_WARN_STRICT_PROTOTYPES = YES;
				CLANG_WARN_SUSPICIOUS_MOVE = YES;
				CLANG_WARN_UNGUARDED_AVAILABILITY = YES_AGGRESSIVE;
				CLANG_WARN_UNREACHABLE_CODE = YES;
				CLANG_WARN__DUPLICATE_METHOD_MATCH = YES;
				COPY_PHASE_STRIP = NO;
				DEBUG_INFORMATION_FORMAT = "dwarf-with-dsym";
				DEVELOPMENT_TEAM = 84CS8BE5EQ;
				ENABLE_NS_ASSERTIONS = NO;
				ENABLE_STRICT_OBJC_MSGSEND = YES;
				ENABLE_USER_SCRIPT_SANDBOXING = YES;
				GCC_C_LANGUAGE_STANDARD = gnu17;
				GCC_NO_COMMON_BLOCKS = YES;
				GCC_WARN_64_TO_32_BIT_CONVERSION = YES;
				GCC_WARN_ABOUT_RETURN_TYPE = YES_ERROR;
				GCC_WARN_UNDECLARED_SELECTOR = YES;
				GCC_WARN_UNINITIALIZED_AUTOS = YES_AGGRESSIVE;
				GCC_WARN_UNUSED_FUNCTION = YES;
				GCC_WARN_UNUSED_VARIABLE = YES;
				IPHONEOS_DEPLOYMENT_TARGET = 18.5;
				LOCALIZATION_PREFERS_STRING_CATALOGS = YES;
				MACOSX_DEPLOYMENT_TARGET = 15.0;
				MTL_ENABLE_DEBUG_INFO = NO;
				MTL_FAST_MATH = YES;
				SDKROOT = iphoneos;
				STRING_CATALOG_GENERATE_SYMBOLS = YES;
				SWIFT_COMPILATION_MODE = wholemodule;
				TVOS_DEPLOYMENT_TARGET = 18.0;
				VALIDATE_PRODUCT = YES;
			};
			name = Release;
		};
		EBE03BD92E53D423006B7747 /* Debug configuration for PBXNativeTarget "iOS_HeckYeahTV" */ = {
			isa = XCBuildConfiguration;
			baseConfigurationReference = 784D723A8565B63F2B3BE567 /* Pods-iOS_HeckYeahTV.debug.xcconfig */;
			buildSettings = {
				ASSETCATALOG_COMPILER_APPICON_NAME = AppIcon;
				ASSETCATALOG_COMPILER_GLOBAL_ACCENT_COLOR_NAME = AccentColor;
				CODE_SIGN_IDENTITY = "Apple Development";
				CODE_SIGN_STYLE = Automatic;
				CURRENT_PROJECT_VERSION = 1;
				DEVELOPMENT_TEAM = 84CS8BE5EQ;
				ENABLE_OUTGOING_NETWORK_CONNECTIONS = NO;
				ENABLE_PREVIEWS = YES;
				ENABLE_USER_SCRIPT_SANDBOXING = NO;
				GENERATE_INFOPLIST_FILE = YES;
				INFOPLIST_FILE = "./HeckYeahTV/Source/SupportingFiles/plist/iOS-HeckYeahTV-Info.plist";
				INFOPLIST_KEY_LSApplicationCategoryType = "public.app-category.entertainment";
				INFOPLIST_KEY_NSHumanReadableCopyright = "Copyright © 2025 Hellyer Multimedia. All rights reserved.";
				INFOPLIST_KEY_UIApplicationSceneManifest_Generation = YES;
				INFOPLIST_KEY_UIApplicationSupportsIndirectInputEvents = YES;
				INFOPLIST_KEY_UILaunchScreen_Generation = YES;
				INFOPLIST_KEY_UISupportedInterfaceOrientations = "UIInterfaceOrientationLandscapeLeft UIInterfaceOrientationLandscapeRight UIInterfaceOrientationPortrait UIInterfaceOrientationPortraitUpsideDown";
				LD_RUNPATH_SEARCH_PATHS = (
					"$(inherited)",
					"@executable_path/Frameworks",
				);
				MARKETING_VERSION = 1.0;
				PRODUCT_BUNDLE_IDENTIFIER = com.hellyermultimedia.heckyeahtv.go;
				PRODUCT_NAME = "Heck Yeah TV";
				PROVISIONING_PROFILE_SPECIFIER = "";
				SWIFT_EMIT_LOC_STRINGS = YES;
				SWIFT_VERSION = 5.0;
				TARGETED_DEVICE_FAMILY = "1,2";
				TVOS_DEPLOYMENT_TARGET = 17.6;
			};
			name = Debug;
		};
		EBE03BDA2E53D423006B7747 /* Release configuration for PBXNativeTarget "iOS_HeckYeahTV" */ = {
			isa = XCBuildConfiguration;
			baseConfigurationReference = 041B0E4284C5A34ED0896BCC /* Pods-iOS_HeckYeahTV.release.xcconfig */;
			buildSettings = {
				ASSETCATALOG_COMPILER_APPICON_NAME = AppIcon;
				ASSETCATALOG_COMPILER_GLOBAL_ACCENT_COLOR_NAME = AccentColor;
				CODE_SIGN_IDENTITY = "Apple Development";
				CODE_SIGN_STYLE = Automatic;
				CURRENT_PROJECT_VERSION = 1;
				DEVELOPMENT_TEAM = 84CS8BE5EQ;
				ENABLE_OUTGOING_NETWORK_CONNECTIONS = NO;
				ENABLE_PREVIEWS = YES;
				ENABLE_USER_SCRIPT_SANDBOXING = NO;
				GENERATE_INFOPLIST_FILE = YES;
				INFOPLIST_FILE = "./HeckYeahTV/Source/SupportingFiles/plist/iOS-HeckYeahTV-Info.plist";
				INFOPLIST_KEY_LSApplicationCategoryType = "public.app-category.entertainment";
				INFOPLIST_KEY_NSHumanReadableCopyright = "Copyright © 2025 Hellyer Multimedia. All rights reserved.";
				INFOPLIST_KEY_UIApplicationSceneManifest_Generation = YES;
				INFOPLIST_KEY_UIApplicationSupportsIndirectInputEvents = YES;
				INFOPLIST_KEY_UILaunchScreen_Generation = YES;
				INFOPLIST_KEY_UISupportedInterfaceOrientations = "UIInterfaceOrientationLandscapeLeft UIInterfaceOrientationLandscapeRight UIInterfaceOrientationPortrait UIInterfaceOrientationPortraitUpsideDown";
				LD_RUNPATH_SEARCH_PATHS = (
					"$(inherited)",
					"@executable_path/Frameworks",
				);
				MARKETING_VERSION = 1.0;
				PRODUCT_BUNDLE_IDENTIFIER = com.hellyermultimedia.heckyeahtv.go;
				PRODUCT_NAME = "Heck Yeah TV";
				PROVISIONING_PROFILE_SPECIFIER = "";
				SWIFT_EMIT_LOC_STRINGS = YES;
				SWIFT_VERSION = 5.0;
				TARGETED_DEVICE_FAMILY = "1,2";
				TVOS_DEPLOYMENT_TARGET = 17.6;
			};
			name = Release;
		};
		EBE03BDC2E53D423006B7747 /* Debug configuration for PBXNativeTarget "iOS_HeckYeahTVTests" */ = {
			isa = XCBuildConfiguration;
			buildSettings = {
				BUNDLE_LOADER = "$(TEST_HOST)";
				CODE_SIGN_STYLE = Automatic;
				CURRENT_PROJECT_VERSION = 1;
				DEVELOPMENT_TEAM = 84CS8BE5EQ;
				GENERATE_INFOPLIST_FILE = YES;
				IPHONEOS_DEPLOYMENT_TARGET = 18.5;
				MARKETING_VERSION = 1.0;
				PRODUCT_BUNDLE_IDENTIFIER = "com.hellyermultimedia.heckyeahtv.Heck-Yeah-TVTests";
				PRODUCT_NAME = "$(TARGET_NAME)";
				SWIFT_EMIT_LOC_STRINGS = NO;
				SWIFT_VERSION = 5.0;
				TARGETED_DEVICE_FAMILY = "1,2";
				TEST_HOST = "$(BUILT_PRODUCTS_DIR)/iOS_HeckYeahTV.app/$(BUNDLE_EXECUTABLE_FOLDER_PATH)/iOS_HeckYeahTV";
			};
			name = Debug;
		};
		EBE03BDD2E53D423006B7747 /* Release configuration for PBXNativeTarget "iOS_HeckYeahTVTests" */ = {
			isa = XCBuildConfiguration;
			buildSettings = {
				BUNDLE_LOADER = "$(TEST_HOST)";
				CODE_SIGN_STYLE = Automatic;
				CURRENT_PROJECT_VERSION = 1;
				DEVELOPMENT_TEAM = 84CS8BE5EQ;
				GENERATE_INFOPLIST_FILE = YES;
				IPHONEOS_DEPLOYMENT_TARGET = 18.5;
				MARKETING_VERSION = 1.0;
				PRODUCT_BUNDLE_IDENTIFIER = "com.hellyermultimedia.heckyeahtv.Heck-Yeah-TVTests";
				PRODUCT_NAME = "$(TARGET_NAME)";
				SWIFT_EMIT_LOC_STRINGS = NO;
				SWIFT_VERSION = 5.0;
				TARGETED_DEVICE_FAMILY = "1,2";
				TEST_HOST = "$(BUILT_PRODUCTS_DIR)/iOS_HeckYeahTV.app/$(BUNDLE_EXECUTABLE_FOLDER_PATH)/iOS_HeckYeahTV";
			};
			name = Release;
		};
		EBE03BDF2E53D423006B7747 /* Debug configuration for PBXNativeTarget "iOS_HeckYeahTVUITests" */ = {
			isa = XCBuildConfiguration;
			buildSettings = {
				CODE_SIGN_STYLE = Automatic;
				CURRENT_PROJECT_VERSION = 1;
				DEVELOPMENT_TEAM = 84CS8BE5EQ;
				GENERATE_INFOPLIST_FILE = YES;
				MARKETING_VERSION = 1.0;
				PRODUCT_BUNDLE_IDENTIFIER = "com.hellyermultimedia.heckyeahtv.Heck-Yeah-TVUITests";
				PRODUCT_NAME = "$(TARGET_NAME)";
				SWIFT_EMIT_LOC_STRINGS = NO;
				SWIFT_VERSION = 5.0;
				TARGETED_DEVICE_FAMILY = "1,2";
				TEST_TARGET_NAME = "Heck Yeah TV";
			};
			name = Debug;
		};
		EBE03BE02E53D423006B7747 /* Release configuration for PBXNativeTarget "iOS_HeckYeahTVUITests" */ = {
			isa = XCBuildConfiguration;
			buildSettings = {
				CODE_SIGN_STYLE = Automatic;
				CURRENT_PROJECT_VERSION = 1;
				DEVELOPMENT_TEAM = 84CS8BE5EQ;
				GENERATE_INFOPLIST_FILE = YES;
				MARKETING_VERSION = 1.0;
				PRODUCT_BUNDLE_IDENTIFIER = "com.hellyermultimedia.heckyeahtv.Heck-Yeah-TVUITests";
				PRODUCT_NAME = "$(TARGET_NAME)";
				SWIFT_EMIT_LOC_STRINGS = NO;
				SWIFT_VERSION = 5.0;
				TARGETED_DEVICE_FAMILY = "1,2";
				TEST_TARGET_NAME = "Heck Yeah TV";
			};
			name = Release;
		};
		EBE03C362E53D8DF006B7747 /* Debug configuration for PBXNativeTarget "tvOS_HeckYeahTV" */ = {
			isa = XCBuildConfiguration;
			baseConfigurationReference = D26DFFAFE9DE104EB29DC823 /* Pods-tvOS_HeckYeahTV.debug.xcconfig */;
			buildSettings = {
				ASSETCATALOG_COMPILER_APPICON_NAME = "App Icon & Top Shelf Image";
				ASSETCATALOG_COMPILER_GLOBAL_ACCENT_COLOR_NAME = AccentColor;
				CODE_SIGN_IDENTITY = "Apple Development";
				CODE_SIGN_STYLE = Automatic;
				CURRENT_PROJECT_VERSION = 1;
				DEVELOPMENT_TEAM = 84CS8BE5EQ;
				ENABLE_OUTGOING_NETWORK_CONNECTIONS = NO;
				ENABLE_PREVIEWS = YES;
				ENABLE_USER_SCRIPT_SANDBOXING = NO;
				GENERATE_INFOPLIST_FILE = YES;
				INFOPLIST_FILE = "./HeckYeahTV/Source/SupportingFiles/plist/tvOS-HeckYeahTV-Info.plist";
				INFOPLIST_KEY_LSApplicationCategoryType = "public.app-category.entertainment";
				INFOPLIST_KEY_NSHumanReadableCopyright = "Copyright © 2025 Hellyer Multimedia. All rights reserved.";
				INFOPLIST_KEY_UILaunchScreen_Generation = YES;
				INFOPLIST_KEY_UIRequiredDeviceCapabilities = arm64;
				INFOPLIST_KEY_UIUserInterfaceStyle = Automatic;
				LD_RUNPATH_SEARCH_PATHS = (
					"$(inherited)",
					"@executable_path/Frameworks",
				);
				MARKETING_VERSION = 1.0;
				PRODUCT_BUNDLE_IDENTIFIER = com.hellyermultimedia.heckyeahtv.go;
				PRODUCT_NAME = "Heck Yeah TV";
				PROVISIONING_PROFILE_SPECIFIER = "";
				SDKROOT = appletvos;
				SWIFT_EMIT_LOC_STRINGS = YES;
				SWIFT_VERSION = 5.0;
				TARGETED_DEVICE_FAMILY = 3;
				TVOS_DEPLOYMENT_TARGET = 18.0;
			};
			name = Debug;
		};
		EBE03C372E53D8DF006B7747 /* Release configuration for PBXNativeTarget "tvOS_HeckYeahTV" */ = {
			isa = XCBuildConfiguration;
			baseConfigurationReference = 99DD7EF0B671BCAE9438AFEC /* Pods-tvOS_HeckYeahTV.release.xcconfig */;
			buildSettings = {
				ASSETCATALOG_COMPILER_APPICON_NAME = "App Icon & Top Shelf Image";
				ASSETCATALOG_COMPILER_GLOBAL_ACCENT_COLOR_NAME = AccentColor;
				CODE_SIGN_IDENTITY = "Apple Development";
				CODE_SIGN_STYLE = Automatic;
				CURRENT_PROJECT_VERSION = 1;
				DEVELOPMENT_TEAM = 84CS8BE5EQ;
				ENABLE_OUTGOING_NETWORK_CONNECTIONS = NO;
				ENABLE_PREVIEWS = YES;
				ENABLE_USER_SCRIPT_SANDBOXING = NO;
				GENERATE_INFOPLIST_FILE = YES;
				INFOPLIST_FILE = "./HeckYeahTV/Source/SupportingFiles/plist/tvOS-HeckYeahTV-Info.plist";
				INFOPLIST_KEY_LSApplicationCategoryType = "public.app-category.entertainment";
				INFOPLIST_KEY_NSHumanReadableCopyright = "Copyright © 2025 Hellyer Multimedia. All rights reserved.";
				INFOPLIST_KEY_UILaunchScreen_Generation = YES;
				INFOPLIST_KEY_UIRequiredDeviceCapabilities = arm64;
				INFOPLIST_KEY_UIUserInterfaceStyle = Automatic;
				LD_RUNPATH_SEARCH_PATHS = (
					"$(inherited)",
					"@executable_path/Frameworks",
				);
				MARKETING_VERSION = 1.0;
				PRODUCT_BUNDLE_IDENTIFIER = com.hellyermultimedia.heckyeahtv.go;
				PRODUCT_NAME = "Heck Yeah TV";
				PROVISIONING_PROFILE_SPECIFIER = "";
				SDKROOT = appletvos;
				SWIFT_EMIT_LOC_STRINGS = YES;
				SWIFT_VERSION = 5.0;
				TARGETED_DEVICE_FAMILY = 3;
				TVOS_DEPLOYMENT_TARGET = 18.0;
			};
			name = Release;
		};
		EBE03C392E53D8DF006B7747 /* Debug configuration for PBXNativeTarget "tvOS_HeckYeahTVTests" */ = {
			isa = XCBuildConfiguration;
			buildSettings = {
				BUNDLE_LOADER = "$(TEST_HOST)";
				CODE_SIGN_STYLE = Automatic;
				CURRENT_PROJECT_VERSION = 1;
				DEVELOPMENT_TEAM = 84CS8BE5EQ;
				GENERATE_INFOPLIST_FILE = YES;
				MARKETING_VERSION = 1.0;
				PRODUCT_BUNDLE_IDENTIFIER = "com.hellyermultimedia.heckyeahtv.Heck-Yeah-TVTests";
				PRODUCT_NAME = "$(TARGET_NAME)";
				SDKROOT = appletvos;
				SWIFT_EMIT_LOC_STRINGS = NO;
				SWIFT_VERSION = 5.0;
				TARGETED_DEVICE_FAMILY = 3;
				TEST_HOST = "$(BUILT_PRODUCTS_DIR)/HeckYeahTV.app/$(BUNDLE_EXECUTABLE_FOLDER_PATH)/HeckYeahTV";
				TVOS_DEPLOYMENT_TARGET = 18.5;
			};
			name = Debug;
		};
		EBE03C3A2E53D8DF006B7747 /* Release configuration for PBXNativeTarget "tvOS_HeckYeahTVTests" */ = {
			isa = XCBuildConfiguration;
			buildSettings = {
				BUNDLE_LOADER = "$(TEST_HOST)";
				CODE_SIGN_STYLE = Automatic;
				CURRENT_PROJECT_VERSION = 1;
				DEVELOPMENT_TEAM = 84CS8BE5EQ;
				GENERATE_INFOPLIST_FILE = YES;
				MARKETING_VERSION = 1.0;
				PRODUCT_BUNDLE_IDENTIFIER = "com.hellyermultimedia.heckyeahtv.Heck-Yeah-TVTests";
				PRODUCT_NAME = "$(TARGET_NAME)";
				SDKROOT = appletvos;
				SWIFT_EMIT_LOC_STRINGS = NO;
				SWIFT_VERSION = 5.0;
				TARGETED_DEVICE_FAMILY = 3;
				TEST_HOST = "$(BUILT_PRODUCTS_DIR)/HeckYeahTV.app/$(BUNDLE_EXECUTABLE_FOLDER_PATH)/HeckYeahTV";
				TVOS_DEPLOYMENT_TARGET = 18.5;
			};
			name = Release;
		};
		EBE03C3C2E53D8DF006B7747 /* Debug configuration for PBXNativeTarget "tvOS_HeckYeahTVUITests" */ = {
			isa = XCBuildConfiguration;
			buildSettings = {
				CODE_SIGN_STYLE = Automatic;
				CURRENT_PROJECT_VERSION = 1;
				DEVELOPMENT_TEAM = 84CS8BE5EQ;
				GENERATE_INFOPLIST_FILE = YES;
				MARKETING_VERSION = 1.0;
				PRODUCT_BUNDLE_IDENTIFIER = "com.hellyermultimedia.heckyeahtv.Heck-Yeah-TVUITests";
				PRODUCT_NAME = "$(TARGET_NAME)";
				SDKROOT = appletvos;
				SWIFT_EMIT_LOC_STRINGS = NO;
				SWIFT_VERSION = 5.0;
				TARGETED_DEVICE_FAMILY = 3;
				TEST_TARGET_NAME = HeckYeahTV;
				TVOS_DEPLOYMENT_TARGET = 18.5;
			};
			name = Debug;
		};
		EBE03C3D2E53D8DF006B7747 /* Release configuration for PBXNativeTarget "tvOS_HeckYeahTVUITests" */ = {
			isa = XCBuildConfiguration;
			buildSettings = {
				CODE_SIGN_STYLE = Automatic;
				CURRENT_PROJECT_VERSION = 1;
				DEVELOPMENT_TEAM = 84CS8BE5EQ;
				GENERATE_INFOPLIST_FILE = YES;
				MARKETING_VERSION = 1.0;
				PRODUCT_BUNDLE_IDENTIFIER = "com.hellyermultimedia.heckyeahtv.Heck-Yeah-TVUITests";
				PRODUCT_NAME = "$(TARGET_NAME)";
				SDKROOT = appletvos;
				SWIFT_EMIT_LOC_STRINGS = NO;
				SWIFT_VERSION = 5.0;
				TARGETED_DEVICE_FAMILY = 3;
				TEST_TARGET_NAME = HeckYeahTV;
				TVOS_DEPLOYMENT_TARGET = 18.5;
			};
			name = Release;
		};
/* End XCBuildConfiguration section */

/* Begin XCConfigurationList section */
		EB2C2DD62E5E203C005CE685 /* Build configuration list for PBXNativeTarget "macOS_HeckYeahTV" */ = {
			isa = XCConfigurationList;
			buildConfigurations = (
				EB2C2DD72E5E203C005CE685 /* Debug configuration for PBXNativeTarget "macOS_HeckYeahTV" */,
				EB2C2DD82E5E203C005CE685 /* Release configuration for PBXNativeTarget "macOS_HeckYeahTV" */,
			);
			defaultConfigurationName = Release;
		};
		EB2C2DD92E5E203C005CE685 /* Build configuration list for PBXNativeTarget "macOS_HeckYeahTVTests" */ = {
			isa = XCConfigurationList;
			buildConfigurations = (
				EB2C2DDA2E5E203C005CE685 /* Debug configuration for PBXNativeTarget "macOS_HeckYeahTVTests" */,
				EB2C2DDB2E5E203C005CE685 /* Release configuration for PBXNativeTarget "macOS_HeckYeahTVTests" */,
			);
			defaultConfigurationName = Release;
		};
		EB2C2DDC2E5E203C005CE685 /* Build configuration list for PBXNativeTarget "macOS_HeckYeahTVUITests" */ = {
			isa = XCConfigurationList;
			buildConfigurations = (
				EB2C2DDD2E5E203C005CE685 /* Debug configuration for PBXNativeTarget "macOS_HeckYeahTVUITests" */,
				EB2C2DDE2E5E203C005CE685 /* Release configuration for PBXNativeTarget "macOS_HeckYeahTVUITests" */,
			);
			defaultConfigurationName = Release;
		};
		EBE03BB22E53D421006B7747 /* Build configuration list for PBXProject "HeckYeahTV" */ = {
			isa = XCConfigurationList;
			buildConfigurations = (
				EBE03BD62E53D423006B7747 /* Debug configuration for PBXProject "HeckYeahTV" */,
				EBE03BD72E53D423006B7747 /* Release configuration for PBXProject "HeckYeahTV" */,
			);
			defaultConfigurationName = Release;
		};
		EBE03BD82E53D423006B7747 /* Build configuration list for PBXNativeTarget "iOS_HeckYeahTV" */ = {
			isa = XCConfigurationList;
			buildConfigurations = (
				EBE03BD92E53D423006B7747 /* Debug configuration for PBXNativeTarget "iOS_HeckYeahTV" */,
				EBE03BDA2E53D423006B7747 /* Release configuration for PBXNativeTarget "iOS_HeckYeahTV" */,
			);
			defaultConfigurationName = Release;
		};
		EBE03BDB2E53D423006B7747 /* Build configuration list for PBXNativeTarget "iOS_HeckYeahTVTests" */ = {
			isa = XCConfigurationList;
			buildConfigurations = (
				EBE03BDC2E53D423006B7747 /* Debug configuration for PBXNativeTarget "iOS_HeckYeahTVTests" */,
				EBE03BDD2E53D423006B7747 /* Release configuration for PBXNativeTarget "iOS_HeckYeahTVTests" */,
			);
			defaultConfigurationName = Release;
		};
		EBE03BDE2E53D423006B7747 /* Build configuration list for PBXNativeTarget "iOS_HeckYeahTVUITests" */ = {
			isa = XCConfigurationList;
			buildConfigurations = (
				EBE03BDF2E53D423006B7747 /* Debug configuration for PBXNativeTarget "iOS_HeckYeahTVUITests" */,
				EBE03BE02E53D423006B7747 /* Release configuration for PBXNativeTarget "iOS_HeckYeahTVUITests" */,
			);
			defaultConfigurationName = Release;
		};
		EBE03C352E53D8DF006B7747 /* Build configuration list for PBXNativeTarget "tvOS_HeckYeahTV" */ = {
			isa = XCConfigurationList;
			buildConfigurations = (
				EBE03C362E53D8DF006B7747 /* Debug configuration for PBXNativeTarget "tvOS_HeckYeahTV" */,
				EBE03C372E53D8DF006B7747 /* Release configuration for PBXNativeTarget "tvOS_HeckYeahTV" */,
			);
			defaultConfigurationName = Release;
		};
		EBE03C382E53D8DF006B7747 /* Build configuration list for PBXNativeTarget "tvOS_HeckYeahTVTests" */ = {
			isa = XCConfigurationList;
			buildConfigurations = (
				EBE03C392E53D8DF006B7747 /* Debug configuration for PBXNativeTarget "tvOS_HeckYeahTVTests" */,
				EBE03C3A2E53D8DF006B7747 /* Release configuration for PBXNativeTarget "tvOS_HeckYeahTVTests" */,
			);
			defaultConfigurationName = Release;
		};
		EBE03C3B2E53D8DF006B7747 /* Build configuration list for PBXNativeTarget "tvOS_HeckYeahTVUITests" */ = {
			isa = XCConfigurationList;
			buildConfigurations = (
				EBE03C3C2E53D8DF006B7747 /* Debug configuration for PBXNativeTarget "tvOS_HeckYeahTVUITests" */,
				EBE03C3D2E53D8DF006B7747 /* Release configuration for PBXNativeTarget "tvOS_HeckYeahTVUITests" */,
			);
			defaultConfigurationName = Release;
		};
/* End XCConfigurationList section */

/* Begin XCLocalSwiftPackageReference section */
		EBE03C052E53D665006B7747 /* XCLocalSwiftPackageReference "../SwiftPackages/HellfireSwiftPackage" */ = {
			isa = XCLocalSwiftPackageReference;
			relativePath = ../SwiftPackages/HellfireSwiftPackage;
		};
/* End XCLocalSwiftPackageReference section */

/* Begin XCSwiftPackageProductDependency section */
		EB2C2E1A2E5E2293005CE685 /* Hellfire */ = {
			isa = XCSwiftPackageProductDependency;
			package = EBE03C052E53D665006B7747 /* XCLocalSwiftPackageReference "../SwiftPackages/HellfireSwiftPackage" */;
			productName = Hellfire;
		};
		EBE03C062E53D665006B7747 /* Hellfire */ = {
			isa = XCSwiftPackageProductDependency;
			productName = Hellfire;
		};
		EBE03C822E53E5DC006B7747 /* Hellfire */ = {
			isa = XCSwiftPackageProductDependency;
			package = EBE03C052E53D665006B7747 /* XCLocalSwiftPackageReference "../SwiftPackages/HellfireSwiftPackage" */;
			productName = Hellfire;
		};
/* End XCSwiftPackageProductDependency section */
	};
	rootObject = EBE03BAF2E53D421006B7747 /* Project object */;
}
