// !$*UTF8*$!
{
	archiveVersion = 1;
	classes = {
	};
	objectVersion = 77;
	objects = {

/* Begin PBXBuildFile section */
		089D175416ADEF60C0354B23 /* Pods_iOS_HeckYeahTV.framework in Frameworks */ = {isa = PBXBuildFile; fileRef = 76A34A69F5505812676277A2 /* Pods_iOS_HeckYeahTV.framework */; };
		E2A5EE63B6F0360CFDEA112A /* Pods_tvOS_HeckYeahTV.framework in Frameworks */ = {isa = PBXBuildFile; fileRef = 4850C4BF6A440A7BD11EC2DD /* Pods_tvOS_HeckYeahTV.framework */; };
		EB33342E2EC8273700CFAC43 /* Pods_macOS_HeckYeahTV.framework in Frameworks */ = {isa = PBXBuildFile; fileRef = EB33342D2EC8273700CFAC43 /* Pods_macOS_HeckYeahTV.framework */; };
		EBB5B3292ED8B9D6004251CB /* Hellfire in Frameworks */ = {isa = PBXBuildFile; productRef = EBB5B3282ED8B9D6004251CB /* Hellfire */; };
		EBB5B51F2EDD46C4004251CB /* Hellfire in Frameworks */ = {isa = PBXBuildFile; productRef = EBB5B51E2EDD46C4004251CB /* Hellfire */; };
		EBB5B5212EDD46DC004251CB /* Hellfire in Frameworks */ = {isa = PBXBuildFile; productRef = EBB5B5202EDD46DC004251CB /* Hellfire */; };
		EBDD3AF72ECE9C160050D08D /* FirebaseAnalytics in Frameworks */ = {isa = PBXBuildFile; productRef = EBDD3AF62ECE9C160050D08D /* FirebaseAnalytics */; };
		EBDD3AF92ECE9C160050D08D /* FirebaseCrashlytics in Frameworks */ = {isa = PBXBuildFile; productRef = EBDD3AF82ECE9C160050D08D /* FirebaseCrashlytics */; };
/* End PBXBuildFile section */

/* Begin PBXContainerItemProxy section */
		EB2C2DC52E5E203C005CE685 /* PBXContainerItemProxy */ = {
			isa = PBXContainerItemProxy;
			containerPortal = EBE03BAF2E53D421006B7747 /* Project object */;
			proxyType = 1;
			remoteGlobalIDString = EB2C2DB62E5E203A005CE685;
			remoteInfo = macOSHeckYeahTV;
		};
		EB2C2DCF2E5E203C005CE685 /* PBXContainerItemProxy */ = {
			isa = PBXContainerItemProxy;
			containerPortal = EBE03BAF2E53D421006B7747 /* Project object */;
			proxyType = 1;
			remoteGlobalIDString = EB2C2DB62E5E203A005CE685;
			remoteInfo = macOSHeckYeahTV;
		};
		EBE03BC52E53D423006B7747 /* PBXContainerItemProxy */ = {
			isa = PBXContainerItemProxy;
			containerPortal = EBE03BAF2E53D421006B7747 /* Project object */;
			proxyType = 1;
			remoteGlobalIDString = EBE03BB62E53D421006B7747;
			remoteInfo = "Heck Yeah TV";
		};
		EBE03BCF2E53D423006B7747 /* PBXContainerItemProxy */ = {
			isa = PBXContainerItemProxy;
			containerPortal = EBE03BAF2E53D421006B7747 /* Project object */;
			proxyType = 1;
			remoteGlobalIDString = EBE03BB62E53D421006B7747;
			remoteInfo = "Heck Yeah TV";
		};
		EBE03C242E53D8DF006B7747 /* PBXContainerItemProxy */ = {
			isa = PBXContainerItemProxy;
			containerPortal = EBE03BAF2E53D421006B7747 /* Project object */;
			proxyType = 1;
			remoteGlobalIDString = EBE03C162E53D8DE006B7747;
			remoteInfo = "Heck Yeah TV";
		};
		EBE03C2E2E53D8DF006B7747 /* PBXContainerItemProxy */ = {
			isa = PBXContainerItemProxy;
			containerPortal = EBE03BAF2E53D421006B7747 /* Project object */;
			proxyType = 1;
			remoteGlobalIDString = EBE03C162E53D8DE006B7747;
			remoteInfo = "Heck Yeah TV";
		};
/* End PBXContainerItemProxy section */

/* Begin PBXFileReference section */
		054AB03F510D838EFFB350DD /* Pods-iOS_HeckYeahTV.release.xcconfig */ = {isa = PBXFileReference; includeInIndex = 1; lastKnownFileType = text.xcconfig; name = "Pods-iOS_HeckYeahTV.release.xcconfig"; path = "Target Support Files/Pods-iOS_HeckYeahTV/Pods-iOS_HeckYeahTV.release.xcconfig"; sourceTree = "<group>"; };
		4850C4BF6A440A7BD11EC2DD /* Pods_tvOS_HeckYeahTV.framework */ = {isa = PBXFileReference; explicitFileType = wrapper.framework; includeInIndex = 0; path = Pods_tvOS_HeckYeahTV.framework; sourceTree = BUILT_PRODUCTS_DIR; };
		6155749EACCA458516E56AC6 /* Pods-tvOS_HeckYeahTV.release.xcconfig */ = {isa = PBXFileReference; includeInIndex = 1; lastKnownFileType = text.xcconfig; name = "Pods-tvOS_HeckYeahTV.release.xcconfig"; path = "Target Support Files/Pods-tvOS_HeckYeahTV/Pods-tvOS_HeckYeahTV.release.xcconfig"; sourceTree = "<group>"; };
		76A34A69F5505812676277A2 /* Pods_iOS_HeckYeahTV.framework */ = {isa = PBXFileReference; explicitFileType = wrapper.framework; includeInIndex = 0; path = Pods_iOS_HeckYeahTV.framework; sourceTree = BUILT_PRODUCTS_DIR; };
		8DDCB0F857AB3080FE5E6FD7 /* Pods-macOS_HeckYeahTV.debug.xcconfig */ = {isa = PBXFileReference; includeInIndex = 1; lastKnownFileType = text.xcconfig; name = "Pods-macOS_HeckYeahTV.debug.xcconfig"; path = "Target Support Files/Pods-macOS_HeckYeahTV/Pods-macOS_HeckYeahTV.debug.xcconfig"; sourceTree = "<group>"; };
		B44AD5820C706B34A7A9B8E3 /* Pods-macOS_HeckYeahTV_Preview.debug.xcconfig */ = {isa = PBXFileReference; includeInIndex = 1; lastKnownFileType = text.xcconfig; name = "Pods-macOS_HeckYeahTV_Preview.debug.xcconfig"; path = "Target Support Files/Pods-macOS_HeckYeahTV_Preview/Pods-macOS_HeckYeahTV_Preview.debug.xcconfig"; sourceTree = "<group>"; };
		BF880B52CE3CE94EDE426A6F /* Pods-macOS_HeckYeahTV_Preview.release.xcconfig */ = {isa = PBXFileReference; includeInIndex = 1; lastKnownFileType = text.xcconfig; name = "Pods-macOS_HeckYeahTV_Preview.release.xcconfig"; path = "Target Support Files/Pods-macOS_HeckYeahTV_Preview/Pods-macOS_HeckYeahTV_Preview.release.xcconfig"; sourceTree = "<group>"; };
		CDA873085F86494E5C574856 /* Pods_macOS_HeckYeahTV.framework */ = {isa = PBXFileReference; explicitFileType = wrapper.framework; includeInIndex = 0; path = Pods_macOS_HeckYeahTV.framework; sourceTree = BUILT_PRODUCTS_DIR; };
		D5966DBF9EE2DB5BAF1B34F6 /* Pods-iOS_HeckYeahTV.debug.xcconfig */ = {isa = PBXFileReference; includeInIndex = 1; lastKnownFileType = text.xcconfig; name = "Pods-iOS_HeckYeahTV.debug.xcconfig"; path = "Target Support Files/Pods-iOS_HeckYeahTV/Pods-iOS_HeckYeahTV.debug.xcconfig"; sourceTree = "<group>"; };
		EB2C2DB72E5E203A005CE685 /* HeckYeahTV.app */ = {isa = PBXFileReference; explicitFileType = wrapper.application; includeInIndex = 0; path = HeckYeahTV.app; sourceTree = BUILT_PRODUCTS_DIR; };
		EB2C2DC42E5E203C005CE685 /* macOS_HeckYeahTVTests.xctest */ = {isa = PBXFileReference; explicitFileType = wrapper.cfbundle; includeInIndex = 0; path = macOS_HeckYeahTVTests.xctest; sourceTree = BUILT_PRODUCTS_DIR; };
		EB2C2DCE2E5E203C005CE685 /* macOS_HeckYeahTVUITests.xctest */ = {isa = PBXFileReference; explicitFileType = wrapper.cfbundle; includeInIndex = 0; path = macOS_HeckYeahTVUITests.xctest; sourceTree = BUILT_PRODUCTS_DIR; };
		EB3334292EC826E500CFAC43 /* VLCKit.xcframework */ = {isa = PBXFileReference; lastKnownFileType = wrapper.xcframework; name = VLCKit.xcframework; path = Pods/VLCKit/VLCKit.xcframework; sourceTree = "<group>"; };
		EB33342D2EC8273700CFAC43 /* Pods_macOS_HeckYeahTV.framework */ = {isa = PBXFileReference; explicitFileType = wrapper.framework; path = Pods_macOS_HeckYeahTV.framework; sourceTree = BUILT_PRODUCTS_DIR; };
		EBC92B4A2E9D5FFA00FF62BC /* README.md */ = {isa = PBXFileReference; lastKnownFileType = net.daringfireball.markdown; path = README.md; sourceTree = "<group>"; };
		EBE03BB72E53D421006B7747 /* HeckYeahTV.app */ = {isa = PBXFileReference; explicitFileType = wrapper.application; includeInIndex = 0; path = HeckYeahTV.app; sourceTree = BUILT_PRODUCTS_DIR; };
		EBE03BC42E53D423006B7747 /* iOS_HeckYeahTVTests.xctest */ = {isa = PBXFileReference; explicitFileType = wrapper.cfbundle; includeInIndex = 0; path = iOS_HeckYeahTVTests.xctest; sourceTree = BUILT_PRODUCTS_DIR; };
		EBE03BCE2E53D423006B7747 /* iOS_HeckYeahTVUITests.xctest */ = {isa = PBXFileReference; explicitFileType = wrapper.cfbundle; includeInIndex = 0; path = iOS_HeckYeahTVUITests.xctest; sourceTree = BUILT_PRODUCTS_DIR; };
		EBE03C172E53D8DE006B7747 /* HeckYeahTV.app */ = {isa = PBXFileReference; explicitFileType = wrapper.application; includeInIndex = 0; path = HeckYeahTV.app; sourceTree = BUILT_PRODUCTS_DIR; };
		EBE03C232E53D8DF006B7747 /* tvOS_HeckYeahTVTests.xctest */ = {isa = PBXFileReference; explicitFileType = wrapper.cfbundle; includeInIndex = 0; path = tvOS_HeckYeahTVTests.xctest; sourceTree = BUILT_PRODUCTS_DIR; };
		EBE03C2D2E53D8DF006B7747 /* tvOS_HeckYeahTVUITests.xctest */ = {isa = PBXFileReference; explicitFileType = wrapper.cfbundle; includeInIndex = 0; path = tvOS_HeckYeahTVUITests.xctest; sourceTree = BUILT_PRODUCTS_DIR; };
		EC8CE6448CF09E1860448017 /* Pods-macOS_HeckYeahTV.release.xcconfig */ = {isa = PBXFileReference; includeInIndex = 1; lastKnownFileType = text.xcconfig; name = "Pods-macOS_HeckYeahTV.release.xcconfig"; path = "Target Support Files/Pods-macOS_HeckYeahTV/Pods-macOS_HeckYeahTV.release.xcconfig"; sourceTree = "<group>"; };
		FE9F097A8A87060575881294 /* Pods-tvOS_HeckYeahTV.debug.xcconfig */ = {isa = PBXFileReference; includeInIndex = 1; lastKnownFileType = text.xcconfig; name = "Pods-tvOS_HeckYeahTV.debug.xcconfig"; path = "Target Support Files/Pods-tvOS_HeckYeahTV/Pods-tvOS_HeckYeahTV.debug.xcconfig"; sourceTree = "<group>"; };
/* End PBXFileReference section */

/* Begin PBXFileSystemSynchronizedBuildFileExceptionSet section */
		EB2C2E192E5E2238005CE685 /* Exceptions for "HeckYeahTV" folder in "macOS_HeckYeahTV" target */ = {
			isa = PBXFileSystemSynchronizedBuildFileExceptionSet;
			membershipExceptions = (
				Source/App/Heck_Yeah_TVApp.swift,
				Source/Common/DependencyInjection/AttachmentControllerInjectionConfig.swift,
				Source/Common/DependencyInjection/PropertyInjection/Injected.swift,
				Source/Common/DependencyInjection/PropertyInjection/InjectedValues.swift,
				Source/Common/DependencyInjection/PropertyInjection/InjectionKey.swift,
				"Source/Common/Extensions/NSImage+AsImage.swift",
				"Source/Common/Extensions/NSView+AsImage.swift",
				"Source/Common/Extensions/String+Extension.swift",
				"Source/Common/Extensions/UserDefaults+Extension.swift",
				Source/Common/Logging/DebugLogger.swift,
				Source/Common/PlatformRepresentable/CrossPlatformControllerRepresentable.swift,
				Source/Common/PlatformRepresentable/CrossPlatformRepresentable.swift,
				Source/Common/PlatformRepresentable/PlatformRepresentableAlias.swift,
				Source/Common/Utilities/AppKeys.swift,
				Source/Common/Utilities/AppStyle.swift,
				Source/Common/Utilities/Asset.swift,
				Source/Data/Adapters/Channelable.swift,
				Source/Data/Adapters/FetchSummary.swift,
				"Source/Data/Adapters/HDHomeRunChannel+Channelable.swift",
				"Source/Data/Adapters/IPStream+Channelable.swift",
				"Source/Data/Adapters/StreamQuality+Extension.swift",
				Source/Data/Models/AppStateProvider.swift,
				Source/Data/Models/Country.swift,
				Source/Data/Models/HDHomeRunChannel.swift,
				Source/Data/Models/HDHomeRunDevice.swift,
				Source/Data/Models/HDHomeRunDiscovery.swift,
				Source/Data/Models/IPBlocklist.swift,
				Source/Data/Models/IPCategory.swift,
				Source/Data/Models/IPChannel.swift,
				Source/Data/Models/IPFeed.swift,
				Source/Data/Models/IPGuide.swift,
				Source/Data/Models/IPLogo.swift,
				Source/Data/Models/IPStream.swift,
				Source/Data/Models/Language.swift,
				Source/Data/Models/Program.swift,
				Source/Data/Models/Region.swift,
				Source/Data/Models/SharedAppState.swift,
				Source/Data/Models/Subdivision.swift,
				Source/Data/Models/Timezone.swift,
				Source/Data/Services/HDHomeRun/HDHomeRunDiscoveryController.swift,
				Source/Data/Services/IPTV/IPTVController.swift,
				Source/Data/Services/IPTV/StreamSource.swift,
				Source/Data/SwiftData/DataPersistence.swift,
				Source/Data/SwiftData/Migration/UpgradeSchemaMigrationPlan.swift,
				Source/Data/SwiftData/Migration/V1MigrationData.swift,
				Source/Data/SwiftData/Models/ChannelMap.swift,
				Source/Data/SwiftData/Models/ChannelSource.swift,
				Source/Data/SwiftData/Models/HDHomeRunServer.swift,
				Source/Data/SwiftData/Models/IPTVCategory.swift,
				Source/Data/SwiftData/Models/IPTVChannel.swift,
				Source/Data/SwiftData/Models/IPTVCountry.swift,
				Source/Data/SwiftData/Models/SchemaVersion.swift,
				Source/Data/SwiftData/Models/StreamQuality.swift,
				Source/Data/SwiftData/Schema/SchemaCurrent.swift,
				Source/Data/SwiftData/Schema/SchemaV1.swift,
				Source/Data/SwiftData/Schema/SchemaV2.swift,
				Source/Data/SwiftData/Schema/SchemaV3.swift,
				Source/Data/SwiftData/Utilities/AttachmentController.swift,
				Source/Data/SwiftData/Utilities/DataChangeTracking.swift,
				Source/Data/SwiftData/Utilities/Importer.swift,
				Source/UserInterface/MacAndPhone/SectionContentView.swift,
				Source/UserInterface/MacAndPhone/SectionView.swift,
				Source/UserInterface/Main/BootGateView.swift,
				Source/UserInterface/Main/BootSplashView.swift,
				Source/UserInterface/Main/DustyView.swift,
				Source/UserInterface/Main/MainAppContentView.swift,
				Source/UserInterface/Main/NavigationActivationView.swift,
				Source/UserInterface/Main/PlayPauseBadge.swift,
				Source/UserInterface/Main/RootView.swift,
				Source/UserInterface/MediaPlayerView/VLCPlayerView.swift,
				Source/UserInterface/Shared/GuideRowLoader.swift,
				Source/UserInterface/Tabs/Channels/ShowFavorites.swift,
				Source/UserInterface/Tabs/Channels/SwiftUIGuide/ButtonBorderStyleModifier.swift,
				Source/UserInterface/Tabs/Channels/SwiftUIGuide/FocusableButtonStyle.swift,
				Source/UserInterface/Tabs/Channels/SwiftUIGuide/GuideRow.swift,
				Source/UserInterface/Tabs/Channels/SwiftUIGuide/GuideRowLazy.swift,
				Source/UserInterface/Tabs/Channels/SwiftUIGuide/GuideSubTitleView.swift,
				Source/UserInterface/Tabs/Channels/SwiftUIGuide/GuideView.swift,
				Source/UserInterface/Tabs/Channels/UIKitGuide/View/StreamQualityRepresentableView.swift,
				Source/UserInterface/Tabs/Channels/UIKitGuide/View/StreamQualityView.swift,
				Source/UserInterface/Tabs/Recents/RecentsView.swift,
				Source/UserInterface/Tabs/Settings/CountryPickerView.swift,
				Source/UserInterface/Tabs/Settings/FocusedToggleStyle.swift,
				Source/UserInterface/Tabs/Settings/ListButtonStyle.swift,
				Source/UserInterface/Tabs/Settings/SectionButtonStyle.swift,
				Source/UserInterface/Tabs/Settings/SectionTextStyle.swift,
				Source/UserInterface/Tabs/Settings/SettingsContainerView.swift,
				Source/UserInterface/Tabs/Settings/SettingsView.swift,
				Source/UserInterface/TabView/Enum/AppSection.swift,
				SupportingFiles/AppIconAssets.xcassets,
				SupportingFiles/AppMediaAssets.xcassets,
				SupportingFiles/ColorAssets.xcassets,
				SupportingFiles/MockData/MockCategories.json,
				SupportingFiles/MockData/MockCountries.json,
				SupportingFiles/MockData/MockDataPersistence.swift,
				SupportingFiles/MockData/MockIPTVChannels.json,
				SupportingFiles/MockData/MockSharedAppState.swift,
				SupportingFiles/MockData/MockTunerDevices.json,
			);
			target = EB2C2DB62E5E203A005CE685 /* macOS_HeckYeahTV */;
		};
		EB2C313A2E5E4E06005CE685 /* Exceptions for "HeckYeahTV" folder in "iOS_HeckYeahTV" target */ = {
			isa = PBXFileSystemSynchronizedBuildFileExceptionSet;
			membershipExceptions = (
				"Source/Common/Extensions/NSImage+AsImage.swift",
				"Source/Common/Extensions/NSView+AsImage.swift",
				Source/UserInterface/Tabs/Channels/ChannelsContainer.swift,
				Source/UserInterface/Tabs/Channels/UIKitGuide/View/ChannelNameView.swift,
				Source/UserInterface/Tabs/Channels/UIKitGuide/View/EmptyProgramView.swift,
				Source/UserInterface/Tabs/Channels/UIKitGuide/View/FavoriteToggleView.swift,
				Source/UserInterface/Tabs/Channels/UIKitGuide/View/GuideRowCell.swift,
				Source/UserInterface/Tabs/Channels/UIKitGuide/View/HorizontalClipContainer.swift,
				Source/UserInterface/Tabs/Channels/UIKitGuide/View/ProgramView.swift,
				Source/UserInterface/Tabs/Channels/UIKitGuide/ViewController/GuideViewController.swift,
				Source/UserInterface/Tabs/Channels/UIKitGuide/ViewController/GuideViewDelegate.swift,
				Source/UserInterface/Tabs/Channels/UIKitGuide/ViewController/GuideViewRepresentable.swift,
				Source/UserInterface/TabView/TabContainerView.swift,
				"SupportingFiles/plist/iOS-HeckYeahTV-Info.plist",
				"SupportingFiles/plist/macOS-HeckYeahTV-Info.plist",
				"SupportingFiles/plist/tvOS-HeckYeahTV-Info.plist",
			);
			target = EBE03BB62E53D421006B7747 /* iOS_HeckYeahTV */;
		};
		EBE03C6D2E53E493006B7747 /* Exceptions for "HeckYeahTV" folder in "tvOS_HeckYeahTV" target */ = {
			isa = PBXFileSystemSynchronizedBuildFileExceptionSet;
			membershipExceptions = (
				Source/App/Heck_Yeah_TVApp.swift,
				Source/Common/DependencyInjection/AttachmentControllerInjectionConfig.swift,
				Source/Common/DependencyInjection/PropertyInjection/Injected.swift,
				Source/Common/DependencyInjection/PropertyInjection/InjectedValues.swift,
				Source/Common/DependencyInjection/PropertyInjection/InjectionKey.swift,
				"Source/Common/Extensions/FocusTargetView+FocusAnimation.swift",
				"Source/Common/Extensions/String+Extension.swift",
				"Source/Common/Extensions/UIImage+AsImage.swift",
				"Source/Common/Extensions/UIView+AsImage.swift",
				"Source/Common/Extensions/UserDefaults+Extension.swift",
				Source/Common/Logging/DebugLogger.swift,
				Source/Common/PlatformRepresentable/CrossPlatformControllerRepresentable.swift,
				Source/Common/PlatformRepresentable/CrossPlatformRepresentable.swift,
				Source/Common/PlatformRepresentable/PlatformRepresentableAlias.swift,
				Source/Common/Utilities/AppKeys.swift,
				Source/Common/Utilities/AppStyle.swift,
				Source/Common/Utilities/Asset.swift,
				Source/Data/Adapters/Channelable.swift,
				Source/Data/Adapters/FetchSummary.swift,
				"Source/Data/Adapters/HDHomeRunChannel+Channelable.swift",
				"Source/Data/Adapters/IPStream+Channelable.swift",
				"Source/Data/Adapters/StreamQuality+Extension.swift",
				Source/Data/Models/AppStateProvider.swift,
				Source/Data/Models/Country.swift,
				Source/Data/Models/HDHomeRunChannel.swift,
				Source/Data/Models/HDHomeRunDevice.swift,
				Source/Data/Models/HDHomeRunDiscovery.swift,
				Source/Data/Models/IPBlocklist.swift,
				Source/Data/Models/IPCategory.swift,
				Source/Data/Models/IPChannel.swift,
				Source/Data/Models/IPFeed.swift,
				Source/Data/Models/IPGuide.swift,
				Source/Data/Models/IPLogo.swift,
				Source/Data/Models/IPStream.swift,
				Source/Data/Models/Language.swift,
				Source/Data/Models/Program.swift,
				Source/Data/Models/Region.swift,
				Source/Data/Models/SharedAppState.swift,
				Source/Data/Models/Subdivision.swift,
				Source/Data/Models/Timezone.swift,
				Source/Data/Services/HDHomeRun/HDHomeRunDiscoveryController.swift,
				Source/Data/Services/IPTV/IPTVController.swift,
				Source/Data/Services/IPTV/StreamSource.swift,
				Source/Data/SwiftData/DataPersistence.swift,
				Source/Data/SwiftData/Migration/UpgradeSchemaMigrationPlan.swift,
				Source/Data/SwiftData/Migration/V1MigrationData.swift,
				Source/Data/SwiftData/Models/ChannelMap.swift,
				Source/Data/SwiftData/Models/ChannelSource.swift,
				Source/Data/SwiftData/Models/HDHomeRunServer.swift,
				Source/Data/SwiftData/Models/IPTVCategory.swift,
				Source/Data/SwiftData/Models/IPTVChannel.swift,
				Source/Data/SwiftData/Models/IPTVCountry.swift,
				Source/Data/SwiftData/Models/SchemaVersion.swift,
				Source/Data/SwiftData/Models/StreamQuality.swift,
				Source/Data/SwiftData/Schema/SchemaCurrent.swift,
				Source/Data/SwiftData/Schema/SchemaV1.swift,
				Source/Data/SwiftData/Schema/SchemaV2.swift,
				Source/Data/SwiftData/Schema/SchemaV3.swift,
				Source/Data/SwiftData/Utilities/AttachmentController.swift,
				Source/Data/SwiftData/Utilities/DataChangeTracking.swift,
				Source/Data/SwiftData/Utilities/Importer.swift,
				Source/UserInterface/Main/BootGateView.swift,
				Source/UserInterface/Main/BootSplashView.swift,
				Source/UserInterface/Main/DustyView.swift,
				Source/UserInterface/Main/MainAppContentView.swift,
				Source/UserInterface/Main/NavigationActivationView.swift,
				Source/UserInterface/Main/PlayPauseBadge.swift,
				Source/UserInterface/Main/RootView.swift,
				Source/UserInterface/MediaPlayerView/VLCPlayerView.swift,
				Source/UserInterface/Shared/GuideRowLoader.swift,
				Source/UserInterface/Tabs/Channels/ChannelsContainer.swift,
				Source/UserInterface/Tabs/Channels/ShowFavorites.swift,
				Source/UserInterface/Tabs/Channels/SwiftUIGuide/ButtonBorderStyleModifier.swift,
				Source/UserInterface/Tabs/Channels/SwiftUIGuide/FocusableButtonStyle.swift,
				Source/UserInterface/Tabs/Channels/SwiftUIGuide/GuideRow.swift,
				Source/UserInterface/Tabs/Channels/SwiftUIGuide/GuideRowLazy.swift,
				Source/UserInterface/Tabs/Channels/SwiftUIGuide/GuideSubTitleView.swift,
				Source/UserInterface/Tabs/Channels/SwiftUIGuide/GuideView.swift,
				Source/UserInterface/Tabs/Channels/UIKitGuide/View/ChannelNameView.swift,
				Source/UserInterface/Tabs/Channels/UIKitGuide/View/EmptyProgramView.swift,
				Source/UserInterface/Tabs/Channels/UIKitGuide/View/FavoriteToggleView.swift,
				Source/UserInterface/Tabs/Channels/UIKitGuide/View/GuideRowCell.swift,
				Source/UserInterface/Tabs/Channels/UIKitGuide/View/HorizontalClipContainer.swift,
				Source/UserInterface/Tabs/Channels/UIKitGuide/View/ProgramView.swift,
				Source/UserInterface/Tabs/Channels/UIKitGuide/View/StreamQualityRepresentableView.swift,
				Source/UserInterface/Tabs/Channels/UIKitGuide/View/StreamQualityView.swift,
				Source/UserInterface/Tabs/Channels/UIKitGuide/ViewController/GuideViewController.swift,
				Source/UserInterface/Tabs/Channels/UIKitGuide/ViewController/GuideViewDelegate.swift,
				Source/UserInterface/Tabs/Channels/UIKitGuide/ViewController/GuideViewRepresentable.swift,
				Source/UserInterface/Tabs/Recents/RecentsView.swift,
				Source/UserInterface/Tabs/Settings/CountryPickerView.swift,
				Source/UserInterface/Tabs/Settings/FocusedToggleStyle.swift,
				Source/UserInterface/Tabs/Settings/ListButtonStyle.swift,
				Source/UserInterface/Tabs/Settings/SectionButtonStyle.swift,
				Source/UserInterface/Tabs/Settings/SectionTextStyle.swift,
				Source/UserInterface/Tabs/Settings/SettingsContainerView.swift,
				Source/UserInterface/Tabs/Settings/SettingsView.swift,
				Source/UserInterface/TabView/Enum/AppSection.swift,
				Source/UserInterface/TabView/TabContainerView.swift,
				SupportingFiles/AppIconAssets.xcassets,
				SupportingFiles/AppMediaAssets.xcassets,
				SupportingFiles/ColorAssets.xcassets,
				SupportingFiles/MockData/MockCategories.json,
				SupportingFiles/MockData/MockCountries.json,
				SupportingFiles/MockData/MockDataPersistence.swift,
				SupportingFiles/MockData/MockIPTVChannels.json,
				SupportingFiles/MockData/MockSharedAppState.swift,
				SupportingFiles/MockData/MockTunerDevices.json,
			);
			target = EBE03C162E53D8DE006B7747 /* tvOS_HeckYeahTV */;
		};
/* End PBXFileSystemSynchronizedBuildFileExceptionSet section */

/* Begin PBXFileSystemSynchronizedRootGroup section */
		EBE03BB92E53D421006B7747 /* HeckYeahTV */ = {
			isa = PBXFileSystemSynchronizedRootGroup;
			exceptions = (
				EB2C313A2E5E4E06005CE685 /* Exceptions for "HeckYeahTV" folder in "iOS_HeckYeahTV" target */,
				EBE03C6D2E53E493006B7747 /* Exceptions for "HeckYeahTV" folder in "tvOS_HeckYeahTV" target */,
				EB2C2E192E5E2238005CE685 /* Exceptions for "HeckYeahTV" folder in "macOS_HeckYeahTV" target */,
			);
			path = HeckYeahTV;
			sourceTree = "<group>";
		};
		EBE03BC72E53D423006B7747 /* HeckYeahTVTests */ = {
			isa = PBXFileSystemSynchronizedRootGroup;
			path = HeckYeahTVTests;
			sourceTree = "<group>";
		};
		EBE03BD12E53D423006B7747 /* HeckYeahTVUITests */ = {
			isa = PBXFileSystemSynchronizedRootGroup;
			path = HeckYeahTVUITests;
			sourceTree = "<group>";
		};
/* End PBXFileSystemSynchronizedRootGroup section */

/* Begin PBXFrameworksBuildPhase section */
		EB2C2DB42E5E203A005CE685 /* Frameworks */ = {
			isa = PBXFrameworksBuildPhase;
			buildActionMask = 2147483647;
			files = (
				EB33342E2EC8273700CFAC43 /* Pods_macOS_HeckYeahTV.framework in Frameworks */,
				EBB5B5212EDD46DC004251CB /* Hellfire in Frameworks */,
			);
			runOnlyForDeploymentPostprocessing = 0;
		};
		EB2C2DC12E5E203C005CE685 /* Frameworks */ = {
			isa = PBXFrameworksBuildPhase;
			buildActionMask = 2147483647;
			files = (
			);
			runOnlyForDeploymentPostprocessing = 0;
		};
		EB2C2DCB2E5E203C005CE685 /* Frameworks */ = {
			isa = PBXFrameworksBuildPhase;
			buildActionMask = 2147483647;
			files = (
			);
			runOnlyForDeploymentPostprocessing = 0;
		};
		EBE03BB42E53D421006B7747 /* Frameworks */ = {
			isa = PBXFrameworksBuildPhase;
			buildActionMask = 2147483647;
			files = (
				EBDD3AF92ECE9C160050D08D /* FirebaseCrashlytics in Frameworks */,
				089D175416ADEF60C0354B23 /* Pods_iOS_HeckYeahTV.framework in Frameworks */,
				EBDD3AF72ECE9C160050D08D /* FirebaseAnalytics in Frameworks */,
				EBB5B3292ED8B9D6004251CB /* Hellfire in Frameworks */,
			);
			runOnlyForDeploymentPostprocessing = 0;
		};
		EBE03BC12E53D423006B7747 /* Frameworks */ = {
			isa = PBXFrameworksBuildPhase;
			buildActionMask = 2147483647;
			files = (
			);
			runOnlyForDeploymentPostprocessing = 0;
		};
		EBE03BCB2E53D423006B7747 /* Frameworks */ = {
			isa = PBXFrameworksBuildPhase;
			buildActionMask = 2147483647;
			files = (
			);
			runOnlyForDeploymentPostprocessing = 0;
		};
		EBE03C142E53D8DE006B7747 /* Frameworks */ = {
			isa = PBXFrameworksBuildPhase;
			buildActionMask = 2147483647;
			files = (
				E2A5EE63B6F0360CFDEA112A /* Pods_tvOS_HeckYeahTV.framework in Frameworks */,
				EBB5B51F2EDD46C4004251CB /* Hellfire in Frameworks */,
			);
			runOnlyForDeploymentPostprocessing = 0;
		};
		EBE03C202E53D8DF006B7747 /* Frameworks */ = {
			isa = PBXFrameworksBuildPhase;
			buildActionMask = 2147483647;
			files = (
			);
			runOnlyForDeploymentPostprocessing = 0;
		};
		EBE03C2A2E53D8DF006B7747 /* Frameworks */ = {
			isa = PBXFrameworksBuildPhase;
			buildActionMask = 2147483647;
			files = (
			);
			runOnlyForDeploymentPostprocessing = 0;
		};
/* End PBXFrameworksBuildPhase section */

/* Begin PBXGroup section */
		EBE03BAE2E53D421006B7747 = {
			isa = PBXGroup;
			children = (
				EBE03BB92E53D421006B7747 /* HeckYeahTV */,
				EBE03BC72E53D423006B7747 /* HeckYeahTVTests */,
				EBE03BD12E53D423006B7747 /* HeckYeahTVUITests */,
				EBE03C812E53E5DC006B7747 /* Frameworks */,
				EBE03BB82E53D421006B7747 /* Products */,
				F2EEC27609FB015357E64343 /* Pods */,
				EBC92B4A2E9D5FFA00FF62BC /* README.md */,
			);
			sourceTree = "<group>";
		};
		EBE03BB82E53D421006B7747 /* Products */ = {
			isa = PBXGroup;
			children = (
				EBE03BB72E53D421006B7747 /* HeckYeahTV.app */,
				EBE03BC42E53D423006B7747 /* iOS_HeckYeahTVTests.xctest */,
				EBE03BCE2E53D423006B7747 /* iOS_HeckYeahTVUITests.xctest */,
				EBE03C172E53D8DE006B7747 /* HeckYeahTV.app */,
				EBE03C232E53D8DF006B7747 /* tvOS_HeckYeahTVTests.xctest */,
				EBE03C2D2E53D8DF006B7747 /* tvOS_HeckYeahTVUITests.xctest */,
				EB2C2DB72E5E203A005CE685 /* HeckYeahTV.app */,
				EB2C2DC42E5E203C005CE685 /* macOS_HeckYeahTVTests.xctest */,
				EB2C2DCE2E5E203C005CE685 /* macOS_HeckYeahTVUITests.xctest */,
			);
			name = Products;
			sourceTree = "<group>";
		};
		EBE03C812E53E5DC006B7747 /* Frameworks */ = {
			isa = PBXGroup;
			children = (
				EB33342D2EC8273700CFAC43 /* Pods_macOS_HeckYeahTV.framework */,
				EB3334292EC826E500CFAC43 /* VLCKit.xcframework */,
				76A34A69F5505812676277A2 /* Pods_iOS_HeckYeahTV.framework */,
				CDA873085F86494E5C574856 /* Pods_macOS_HeckYeahTV.framework */,
				4850C4BF6A440A7BD11EC2DD /* Pods_tvOS_HeckYeahTV.framework */,
			);
			name = Frameworks;
			sourceTree = "<group>";
		};
		F2EEC27609FB015357E64343 /* Pods */ = {
			isa = PBXGroup;
			children = (
				D5966DBF9EE2DB5BAF1B34F6 /* Pods-iOS_HeckYeahTV.debug.xcconfig */,
				054AB03F510D838EFFB350DD /* Pods-iOS_HeckYeahTV.release.xcconfig */,
				8DDCB0F857AB3080FE5E6FD7 /* Pods-macOS_HeckYeahTV.debug.xcconfig */,
				EC8CE6448CF09E1860448017 /* Pods-macOS_HeckYeahTV.release.xcconfig */,
				FE9F097A8A87060575881294 /* Pods-tvOS_HeckYeahTV.debug.xcconfig */,
				6155749EACCA458516E56AC6 /* Pods-tvOS_HeckYeahTV.release.xcconfig */,
				B44AD5820C706B34A7A9B8E3 /* Pods-macOS_HeckYeahTV_Preview.debug.xcconfig */,
				BF880B52CE3CE94EDE426A6F /* Pods-macOS_HeckYeahTV_Preview.release.xcconfig */,
			);
			path = Pods;
			sourceTree = "<group>";
		};
/* End PBXGroup section */

/* Begin PBXNativeTarget section */
		EB2C2DB62E5E203A005CE685 /* macOS_HeckYeahTV */ = {
			isa = PBXNativeTarget;
			buildConfigurationList = EB2C2DD62E5E203C005CE685 /* Build configuration list for PBXNativeTarget "macOS_HeckYeahTV" */;
			buildPhases = (
				C59C649FB3A8746193DD96B2 /* [CP] Check Pods Manifest.lock */,
				EB2C2DB32E5E203A005CE685 /* Sources */,
				EB2C2DB42E5E203A005CE685 /* Frameworks */,
				EB2C2DB52E5E203A005CE685 /* Resources */,
				FC9232AB2A345F8BD14AC7A9 /* [CP] Embed Pods Frameworks */,
			);
			buildRules = (
			);
			dependencies = (
			);
			name = macOS_HeckYeahTV;
			packageProductDependencies = (
				EBB5B5202EDD46DC004251CB /* Hellfire */,
			);
			productName = macOSHeckYeahTV;
			productReference = EB2C2DB72E5E203A005CE685 /* HeckYeahTV.app */;
			productType = "com.apple.product-type.application";
		};
		EB2C2DC32E5E203C005CE685 /* macOS_HeckYeahTVTests */ = {
			isa = PBXNativeTarget;
			buildConfigurationList = EB2C2DD92E5E203C005CE685 /* Build configuration list for PBXNativeTarget "macOS_HeckYeahTVTests" */;
			buildPhases = (
				EB2C2DC02E5E203C005CE685 /* Sources */,
				EB2C2DC12E5E203C005CE685 /* Frameworks */,
				EB2C2DC22E5E203C005CE685 /* Resources */,
			);
			buildRules = (
			);
			dependencies = (
				EB2C2DC62E5E203C005CE685 /* PBXTargetDependency */,
			);
			name = macOS_HeckYeahTVTests;
			productName = macOSHeckYeahTVTests;
			productReference = EB2C2DC42E5E203C005CE685 /* macOS_HeckYeahTVTests.xctest */;
			productType = "com.apple.product-type.bundle.unit-test";
		};
		EB2C2DCD2E5E203C005CE685 /* macOS_HeckYeahTVUITests */ = {
			isa = PBXNativeTarget;
			buildConfigurationList = EB2C2DDC2E5E203C005CE685 /* Build configuration list for PBXNativeTarget "macOS_HeckYeahTVUITests" */;
			buildPhases = (
				EB2C2DCA2E5E203C005CE685 /* Sources */,
				EB2C2DCB2E5E203C005CE685 /* Frameworks */,
				EB2C2DCC2E5E203C005CE685 /* Resources */,
			);
			buildRules = (
			);
			dependencies = (
				EB2C2DD02E5E203C005CE685 /* PBXTargetDependency */,
			);
			name = macOS_HeckYeahTVUITests;
			productName = macOSHeckYeahTVUITests;
			productReference = EB2C2DCE2E5E203C005CE685 /* macOS_HeckYeahTVUITests.xctest */;
			productType = "com.apple.product-type.bundle.ui-testing";
		};
		EBE03BB62E53D421006B7747 /* iOS_HeckYeahTV */ = {
			isa = PBXNativeTarget;
			buildConfigurationList = EBE03BD82E53D423006B7747 /* Build configuration list for PBXNativeTarget "iOS_HeckYeahTV" */;
			buildPhases = (
				59C7402643D128601A9BFB87 /* [CP] Check Pods Manifest.lock */,
				EBE03BB32E53D421006B7747 /* Sources */,
				EBE03BB42E53D421006B7747 /* Frameworks */,
				EBE03BB52E53D421006B7747 /* Resources */,
				92D07B2FEDEABA7A73FFDAAA /* [CP] Embed Pods Frameworks */,
			);
			buildRules = (
			);
			dependencies = (
			);
			fileSystemSynchronizedGroups = (
				EBE03BB92E53D421006B7747 /* HeckYeahTV */,
			);
			name = iOS_HeckYeahTV;
			packageProductDependencies = (
				EBDD3AF62ECE9C160050D08D /* FirebaseAnalytics */,
				EBDD3AF82ECE9C160050D08D /* FirebaseCrashlytics */,
				EBB5B3282ED8B9D6004251CB /* Hellfire */,
			);
			productName = "Heck Yeah TV";
			productReference = EBE03BB72E53D421006B7747 /* HeckYeahTV.app */;
			productType = "com.apple.product-type.application";
		};
		EBE03BC32E53D423006B7747 /* iOS_HeckYeahTVTests */ = {
			isa = PBXNativeTarget;
			buildConfigurationList = EBE03BDB2E53D423006B7747 /* Build configuration list for PBXNativeTarget "iOS_HeckYeahTVTests" */;
			buildPhases = (
				EBE03BC02E53D423006B7747 /* Sources */,
				EBE03BC12E53D423006B7747 /* Frameworks */,
				EBE03BC22E53D423006B7747 /* Resources */,
			);
			buildRules = (
			);
			dependencies = (
				EBE03BC62E53D423006B7747 /* PBXTargetDependency */,
			);
			fileSystemSynchronizedGroups = (
				EBE03BC72E53D423006B7747 /* HeckYeahTVTests */,
			);
			name = iOS_HeckYeahTVTests;
			productName = "Heck Yeah TVTests";
			productReference = EBE03BC42E53D423006B7747 /* iOS_HeckYeahTVTests.xctest */;
			productType = "com.apple.product-type.bundle.unit-test";
		};
		EBE03BCD2E53D423006B7747 /* iOS_HeckYeahTVUITests */ = {
			isa = PBXNativeTarget;
			buildConfigurationList = EBE03BDE2E53D423006B7747 /* Build configuration list for PBXNativeTarget "iOS_HeckYeahTVUITests" */;
			buildPhases = (
				EBE03BCA2E53D423006B7747 /* Sources */,
				EBE03BCB2E53D423006B7747 /* Frameworks */,
				EBE03BCC2E53D423006B7747 /* Resources */,
			);
			buildRules = (
			);
			dependencies = (
				EBE03BD02E53D423006B7747 /* PBXTargetDependency */,
			);
			fileSystemSynchronizedGroups = (
				EBE03BD12E53D423006B7747 /* HeckYeahTVUITests */,
			);
			name = iOS_HeckYeahTVUITests;
			productName = "Heck Yeah TVUITests";
			productReference = EBE03BCE2E53D423006B7747 /* iOS_HeckYeahTVUITests.xctest */;
			productType = "com.apple.product-type.bundle.ui-testing";
		};
		EBE03C162E53D8DE006B7747 /* tvOS_HeckYeahTV */ = {
			isa = PBXNativeTarget;
			buildConfigurationList = EBE03C352E53D8DF006B7747 /* Build configuration list for PBXNativeTarget "tvOS_HeckYeahTV" */;
			buildPhases = (
				0EF0D03330C5C4D639259896 /* [CP] Check Pods Manifest.lock */,
				EBE03C132E53D8DE006B7747 /* Sources */,
				EBE03C142E53D8DE006B7747 /* Frameworks */,
				EBE03C152E53D8DE006B7747 /* Resources */,
				4725BCA9B7855F136AA7F8C6 /* [CP] Embed Pods Frameworks */,
			);
			buildRules = (
			);
			dependencies = (
			);
			name = tvOS_HeckYeahTV;
			packageProductDependencies = (
				EBB5B51E2EDD46C4004251CB /* Hellfire */,
			);
			productName = "Heck Yeah TV";
			productReference = EBE03C172E53D8DE006B7747 /* HeckYeahTV.app */;
			productType = "com.apple.product-type.application";
		};
		EBE03C222E53D8DF006B7747 /* tvOS_HeckYeahTVTests */ = {
			isa = PBXNativeTarget;
			buildConfigurationList = EBE03C382E53D8DF006B7747 /* Build configuration list for PBXNativeTarget "tvOS_HeckYeahTVTests" */;
			buildPhases = (
				EBE03C1F2E53D8DF006B7747 /* Sources */,
				EBE03C202E53D8DF006B7747 /* Frameworks */,
				EBE03C212E53D8DF006B7747 /* Resources */,
			);
			buildRules = (
			);
			dependencies = (
				EBE03C252E53D8DF006B7747 /* PBXTargetDependency */,
			);
			name = tvOS_HeckYeahTVTests;
			productName = "Heck Yeah TVTests";
			productReference = EBE03C232E53D8DF006B7747 /* tvOS_HeckYeahTVTests.xctest */;
			productType = "com.apple.product-type.bundle.unit-test";
		};
		EBE03C2C2E53D8DF006B7747 /* tvOS_HeckYeahTVUITests */ = {
			isa = PBXNativeTarget;
			buildConfigurationList = EBE03C3B2E53D8DF006B7747 /* Build configuration list for PBXNativeTarget "tvOS_HeckYeahTVUITests" */;
			buildPhases = (
				EBE03C292E53D8DF006B7747 /* Sources */,
				EBE03C2A2E53D8DF006B7747 /* Frameworks */,
				EBE03C2B2E53D8DF006B7747 /* Resources */,
			);
			buildRules = (
			);
			dependencies = (
				EBE03C2F2E53D8DF006B7747 /* PBXTargetDependency */,
			);
			name = tvOS_HeckYeahTVUITests;
			productName = "Heck Yeah TVUITests";
			productReference = EBE03C2D2E53D8DF006B7747 /* tvOS_HeckYeahTVUITests.xctest */;
			productType = "com.apple.product-type.bundle.ui-testing";
		};
/* End PBXNativeTarget section */

/* Begin PBXProject section */
		EBE03BAF2E53D421006B7747 /* Project object */ = {
			isa = PBXProject;
			attributes = {
				BuildIndependentTargetsInParallel = 1;
				LastSwiftUpdateCheck = 2610;
				LastUpgradeCheck = 2610;
				ORGANIZATIONNAME = "Hellyer Multimedia";
				TargetAttributes = {
					EB2C2DB62E5E203A005CE685 = {
						CreatedOnToolsVersion = 16.4;
					};
					EB2C2DC32E5E203C005CE685 = {
						CreatedOnToolsVersion = 16.4;
						TestTargetID = EB2C2DB62E5E203A005CE685;
					};
					EB2C2DCD2E5E203C005CE685 = {
						CreatedOnToolsVersion = 16.4;
						TestTargetID = EB2C2DB62E5E203A005CE685;
					};
					EBE03BB62E53D421006B7747 = {
						CreatedOnToolsVersion = 16.4;
					};
					EBE03BC32E53D423006B7747 = {
						CreatedOnToolsVersion = 16.4;
						TestTargetID = EBE03BB62E53D421006B7747;
					};
					EBE03BCD2E53D423006B7747 = {
						CreatedOnToolsVersion = 16.4;
						TestTargetID = EBE03BB62E53D421006B7747;
					};
					EBE03C162E53D8DE006B7747 = {
						CreatedOnToolsVersion = 16.4;
					};
					EBE03C222E53D8DF006B7747 = {
						CreatedOnToolsVersion = 16.4;
						TestTargetID = EBE03C162E53D8DE006B7747;
					};
					EBE03C2C2E53D8DF006B7747 = {
						CreatedOnToolsVersion = 16.4;
						TestTargetID = EBE03C162E53D8DE006B7747;
					};
				};
			};
			buildConfigurationList = EBE03BB22E53D421006B7747 /* Build configuration list for PBXProject "HeckYeahTV" */;
			developmentRegion = en;
			hasScannedForEncodings = 0;
			knownRegions = (
				en,
				Base,
			);
			mainGroup = EBE03BAE2E53D421006B7747;
			minimizedProjectReferenceProxies = 1;
			packageReferences = (
				EBDD3AF52ECE9C160050D08D /* XCRemoteSwiftPackageReference "firebase-ios-sdk" */,
				EBB5B51B2EDD4661004251CB /* XCRemoteSwiftPackageReference "HellfireSwiftPackage" */,
			);
			preferredProjectObjectVersion = 77;
			productRefGroup = EBE03BB82E53D421006B7747 /* Products */;
			projectDirPath = "";
			projectRoot = "";
			targets = (
				EBE03BB62E53D421006B7747 /* iOS_HeckYeahTV */,
				EBE03BC32E53D423006B7747 /* iOS_HeckYeahTVTests */,
				EBE03BCD2E53D423006B7747 /* iOS_HeckYeahTVUITests */,
				EBE03C162E53D8DE006B7747 /* tvOS_HeckYeahTV */,
				EBE03C222E53D8DF006B7747 /* tvOS_HeckYeahTVTests */,
				EBE03C2C2E53D8DF006B7747 /* tvOS_HeckYeahTVUITests */,
				EB2C2DB62E5E203A005CE685 /* macOS_HeckYeahTV */,
				EB2C2DC32E5E203C005CE685 /* macOS_HeckYeahTVTests */,
				EB2C2DCD2E5E203C005CE685 /* macOS_HeckYeahTVUITests */,
			);
		};
/* End PBXProject section */

/* Begin PBXResourcesBuildPhase section */
		EB2C2DB52E5E203A005CE685 /* Resources */ = {
			isa = PBXResourcesBuildPhase;
			buildActionMask = 2147483647;
			files = (
			);
			runOnlyForDeploymentPostprocessing = 0;
		};
		EB2C2DC22E5E203C005CE685 /* Resources */ = {
			isa = PBXResourcesBuildPhase;
			buildActionMask = 2147483647;
			files = (
			);
			runOnlyForDeploymentPostprocessing = 0;
		};
		EB2C2DCC2E5E203C005CE685 /* Resources */ = {
			isa = PBXResourcesBuildPhase;
			buildActionMask = 2147483647;
			files = (
			);
			runOnlyForDeploymentPostprocessing = 0;
		};
		EBE03BB52E53D421006B7747 /* Resources */ = {
			isa = PBXResourcesBuildPhase;
			buildActionMask = 2147483647;
			files = (
			);
			runOnlyForDeploymentPostprocessing = 0;
		};
		EBE03BC22E53D423006B7747 /* Resources */ = {
			isa = PBXResourcesBuildPhase;
			buildActionMask = 2147483647;
			files = (
			);
			runOnlyForDeploymentPostprocessing = 0;
		};
		EBE03BCC2E53D423006B7747 /* Resources */ = {
			isa = PBXResourcesBuildPhase;
			buildActionMask = 2147483647;
			files = (
			);
			runOnlyForDeploymentPostprocessing = 0;
		};
		EBE03C152E53D8DE006B7747 /* Resources */ = {
			isa = PBXResourcesBuildPhase;
			buildActionMask = 2147483647;
			files = (
			);
			runOnlyForDeploymentPostprocessing = 0;
		};
		EBE03C212E53D8DF006B7747 /* Resources */ = {
			isa = PBXResourcesBuildPhase;
			buildActionMask = 2147483647;
			files = (
			);
			runOnlyForDeploymentPostprocessing = 0;
		};
		EBE03C2B2E53D8DF006B7747 /* Resources */ = {
			isa = PBXResourcesBuildPhase;
			buildActionMask = 2147483647;
			files = (
			);
			runOnlyForDeploymentPostprocessing = 0;
		};
/* End PBXResourcesBuildPhase section */

/* Begin PBXShellScriptBuildPhase section */
		0EF0D03330C5C4D639259896 /* [CP] Check Pods Manifest.lock */ = {
			isa = PBXShellScriptBuildPhase;
			buildActionMask = 2147483647;
			files = (
			);
			inputFileListPaths = (
			);
			inputPaths = (
				"${PODS_PODFILE_DIR_PATH}/Podfile.lock",
				"${PODS_ROOT}/Manifest.lock",
			);
			name = "[CP] Check Pods Manifest.lock";
			outputFileListPaths = (
			);
			outputPaths = (
				"$(DERIVED_FILE_DIR)/Pods-tvOS_HeckYeahTV-checkManifestLockResult.txt",
			);
			runOnlyForDeploymentPostprocessing = 0;
			shellPath = /bin/sh;
			shellScript = "diff \"${PODS_PODFILE_DIR_PATH}/Podfile.lock\" \"${PODS_ROOT}/Manifest.lock\" > /dev/null\nif [ $? != 0 ] ; then\n    # print error to STDERR\n    echo \"error: The sandbox is not in sync with the Podfile.lock. Run 'pod install' or update your CocoaPods installation.\" >&2\n    exit 1\nfi\n# This output is used by Xcode 'outputs' to avoid re-running this script phase.\necho \"SUCCESS\" > \"${SCRIPT_OUTPUT_FILE_0}\"\n";
			showEnvVarsInLog = 0;
		};
		4725BCA9B7855F136AA7F8C6 /* [CP] Embed Pods Frameworks */ = {
			isa = PBXShellScriptBuildPhase;
			buildActionMask = 2147483647;
			files = (
			);
			inputFileListPaths = (
				"${PODS_ROOT}/Target Support Files/Pods-tvOS_HeckYeahTV/Pods-tvOS_HeckYeahTV-frameworks-${CONFIGURATION}-input-files.xcfilelist",
			);
			inputPaths = (
			);
			name = "[CP] Embed Pods Frameworks";
			outputFileListPaths = (
				"${PODS_ROOT}/Target Support Files/Pods-tvOS_HeckYeahTV/Pods-tvOS_HeckYeahTV-frameworks-${CONFIGURATION}-output-files.xcfilelist",
			);
			outputPaths = (
			);
			runOnlyForDeploymentPostprocessing = 0;
			shellPath = /bin/sh;
			shellScript = "\"${PODS_ROOT}/Target Support Files/Pods-tvOS_HeckYeahTV/Pods-tvOS_HeckYeahTV-frameworks.sh\"\n";
			showEnvVarsInLog = 0;
		};
		59C7402643D128601A9BFB87 /* [CP] Check Pods Manifest.lock */ = {
			isa = PBXShellScriptBuildPhase;
			buildActionMask = 2147483647;
			files = (
			);
			inputFileListPaths = (
			);
			inputPaths = (
				"${PODS_PODFILE_DIR_PATH}/Podfile.lock",
				"${PODS_ROOT}/Manifest.lock",
			);
			name = "[CP] Check Pods Manifest.lock";
			outputFileListPaths = (
			);
			outputPaths = (
				"$(DERIVED_FILE_DIR)/Pods-iOS_HeckYeahTV-checkManifestLockResult.txt",
			);
			runOnlyForDeploymentPostprocessing = 0;
			shellPath = /bin/sh;
			shellScript = "diff \"${PODS_PODFILE_DIR_PATH}/Podfile.lock\" \"${PODS_ROOT}/Manifest.lock\" > /dev/null\nif [ $? != 0 ] ; then\n    # print error to STDERR\n    echo \"error: The sandbox is not in sync with the Podfile.lock. Run 'pod install' or update your CocoaPods installation.\" >&2\n    exit 1\nfi\n# This output is used by Xcode 'outputs' to avoid re-running this script phase.\necho \"SUCCESS\" > \"${SCRIPT_OUTPUT_FILE_0}\"\n";
			showEnvVarsInLog = 0;
		};
		92D07B2FEDEABA7A73FFDAAA /* [CP] Embed Pods Frameworks */ = {
			isa = PBXShellScriptBuildPhase;
			buildActionMask = 2147483647;
			files = (
			);
			inputFileListPaths = (
				"${PODS_ROOT}/Target Support Files/Pods-iOS_HeckYeahTV/Pods-iOS_HeckYeahTV-frameworks-${CONFIGURATION}-input-files.xcfilelist",
			);
			inputPaths = (
			);
			name = "[CP] Embed Pods Frameworks";
			outputFileListPaths = (
				"${PODS_ROOT}/Target Support Files/Pods-iOS_HeckYeahTV/Pods-iOS_HeckYeahTV-frameworks-${CONFIGURATION}-output-files.xcfilelist",
			);
			outputPaths = (
			);
			runOnlyForDeploymentPostprocessing = 0;
			shellPath = /bin/sh;
			shellScript = "\"${PODS_ROOT}/Target Support Files/Pods-iOS_HeckYeahTV/Pods-iOS_HeckYeahTV-frameworks.sh\"\n";
			showEnvVarsInLog = 0;
		};
		C59C649FB3A8746193DD96B2 /* [CP] Check Pods Manifest.lock */ = {
			isa = PBXShellScriptBuildPhase;
			buildActionMask = 2147483647;
			files = (
			);
			inputFileListPaths = (
			);
			inputPaths = (
				"${PODS_PODFILE_DIR_PATH}/Podfile.lock",
				"${PODS_ROOT}/Manifest.lock",
			);
			name = "[CP] Check Pods Manifest.lock";
			outputFileListPaths = (
			);
			outputPaths = (
				"$(DERIVED_FILE_DIR)/Pods-macOS_HeckYeahTV-checkManifestLockResult.txt",
			);
			runOnlyForDeploymentPostprocessing = 0;
			shellPath = /bin/sh;
			shellScript = "diff \"${PODS_PODFILE_DIR_PATH}/Podfile.lock\" \"${PODS_ROOT}/Manifest.lock\" > /dev/null\nif [ $? != 0 ] ; then\n    # print error to STDERR\n    echo \"error: The sandbox is not in sync with the Podfile.lock. Run 'pod install' or update your CocoaPods installation.\" >&2\n    exit 1\nfi\n# This output is used by Xcode 'outputs' to avoid re-running this script phase.\necho \"SUCCESS\" > \"${SCRIPT_OUTPUT_FILE_0}\"\n";
			showEnvVarsInLog = 0;
		};
		FC9232AB2A345F8BD14AC7A9 /* [CP] Embed Pods Frameworks */ = {
			isa = PBXShellScriptBuildPhase;
			buildActionMask = 2147483647;
			files = (
			);
			inputFileListPaths = (
				"${PODS_ROOT}/Target Support Files/Pods-macOS_HeckYeahTV/Pods-macOS_HeckYeahTV-frameworks-${CONFIGURATION}-input-files.xcfilelist",
			);
			inputPaths = (
			);
			name = "[CP] Embed Pods Frameworks";
			outputFileListPaths = (
				"${PODS_ROOT}/Target Support Files/Pods-macOS_HeckYeahTV/Pods-macOS_HeckYeahTV-frameworks-${CONFIGURATION}-output-files.xcfilelist",
			);
			outputPaths = (
			);
			runOnlyForDeploymentPostprocessing = 0;
			shellPath = /bin/sh;
			shellScript = "\"${PODS_ROOT}/Target Support Files/Pods-macOS_HeckYeahTV/Pods-macOS_HeckYeahTV-frameworks.sh\"\n";
			showEnvVarsInLog = 0;
		};
/* End PBXShellScriptBuildPhase section */

/* Begin PBXSourcesBuildPhase section */
		EB2C2DB32E5E203A005CE685 /* Sources */ = {
			isa = PBXSourcesBuildPhase;
			buildActionMask = 2147483647;
			files = (
			);
			runOnlyForDeploymentPostprocessing = 0;
		};
		EB2C2DC02E5E203C005CE685 /* Sources */ = {
			isa = PBXSourcesBuildPhase;
			buildActionMask = 2147483647;
			files = (
			);
			runOnlyForDeploymentPostprocessing = 0;
		};
		EB2C2DCA2E5E203C005CE685 /* Sources */ = {
			isa = PBXSourcesBuildPhase;
			buildActionMask = 2147483647;
			files = (
			);
			runOnlyForDeploymentPostprocessing = 0;
		};
		EBE03BB32E53D421006B7747 /* Sources */ = {
			isa = PBXSourcesBuildPhase;
			buildActionMask = 2147483647;
			files = (
			);
			runOnlyForDeploymentPostprocessing = 0;
		};
		EBE03BC02E53D423006B7747 /* Sources */ = {
			isa = PBXSourcesBuildPhase;
			buildActionMask = 2147483647;
			files = (
			);
			runOnlyForDeploymentPostprocessing = 0;
		};
		EBE03BCA2E53D423006B7747 /* Sources */ = {
			isa = PBXSourcesBuildPhase;
			buildActionMask = 2147483647;
			files = (
			);
			runOnlyForDeploymentPostprocessing = 0;
		};
		EBE03C132E53D8DE006B7747 /* Sources */ = {
			isa = PBXSourcesBuildPhase;
			buildActionMask = 2147483647;
			files = (
			);
			runOnlyForDeploymentPostprocessing = 0;
		};
		EBE03C1F2E53D8DF006B7747 /* Sources */ = {
			isa = PBXSourcesBuildPhase;
			buildActionMask = 2147483647;
			files = (
			);
			runOnlyForDeploymentPostprocessing = 0;
		};
		EBE03C292E53D8DF006B7747 /* Sources */ = {
			isa = PBXSourcesBuildPhase;
			buildActionMask = 2147483647;
			files = (
			);
			runOnlyForDeploymentPostprocessing = 0;
		};
/* End PBXSourcesBuildPhase section */

/* Begin PBXTargetDependency section */
		EB2C2DC62E5E203C005CE685 /* PBXTargetDependency */ = {
			isa = PBXTargetDependency;
			target = EB2C2DB62E5E203A005CE685 /* macOS_HeckYeahTV */;
			targetProxy = EB2C2DC52E5E203C005CE685 /* PBXContainerItemProxy */;
		};
		EB2C2DD02E5E203C005CE685 /* PBXTargetDependency */ = {
			isa = PBXTargetDependency;
			target = EB2C2DB62E5E203A005CE685 /* macOS_HeckYeahTV */;
			targetProxy = EB2C2DCF2E5E203C005CE685 /* PBXContainerItemProxy */;
		};
		EBE03BC62E53D423006B7747 /* PBXTargetDependency */ = {
			isa = PBXTargetDependency;
			target = EBE03BB62E53D421006B7747 /* iOS_HeckYeahTV */;
			targetProxy = EBE03BC52E53D423006B7747 /* PBXContainerItemProxy */;
		};
		EBE03BD02E53D423006B7747 /* PBXTargetDependency */ = {
			isa = PBXTargetDependency;
			target = EBE03BB62E53D421006B7747 /* iOS_HeckYeahTV */;
			targetProxy = EBE03BCF2E53D423006B7747 /* PBXContainerItemProxy */;
		};
		EBE03C252E53D8DF006B7747 /* PBXTargetDependency */ = {
			isa = PBXTargetDependency;
			target = EBE03C162E53D8DE006B7747 /* tvOS_HeckYeahTV */;
			targetProxy = EBE03C242E53D8DF006B7747 /* PBXContainerItemProxy */;
		};
		EBE03C2F2E53D8DF006B7747 /* PBXTargetDependency */ = {
			isa = PBXTargetDependency;
			target = EBE03C162E53D8DE006B7747 /* tvOS_HeckYeahTV */;
			targetProxy = EBE03C2E2E53D8DF006B7747 /* PBXContainerItemProxy */;
		};
/* End PBXTargetDependency section */

/* Begin XCBuildConfiguration section */
		EB2C2DD72E5E203C005CE685 /* Debug */ = {
			isa = XCBuildConfiguration;
			baseConfigurationReference = 8DDCB0F857AB3080FE5E6FD7 /* Pods-macOS_HeckYeahTV.debug.xcconfig */;
			buildSettings = {
				ASSETCATALOG_COMPILER_APPICON_NAME = AppIcon;
				ASSETCATALOG_COMPILER_GLOBAL_ACCENT_COLOR_NAME = AccentColor;
				CODE_SIGN_ENTITLEMENTS = "";
				CODE_SIGN_IDENTITY = "Apple Development";
				"CODE_SIGN_IDENTITY[sdk=macosx*]" = "Apple Development";
				CODE_SIGN_STYLE = Automatic;
				COMBINE_HIDPI_IMAGES = YES;
				CURRENT_PROJECT_VERSION = 1;
				DEAD_CODE_STRIPPING = YES;
				DEVELOPMENT_TEAM = 84CS8BE5EQ;
				ENABLE_DEBUG_DYLIB = YES;
				ENABLE_HARDENED_RUNTIME = YES;
				ENABLE_OUTGOING_NETWORK_CONNECTIONS = NO;
				ENABLE_PREVIEWS = YES;
				ENABLE_USER_SCRIPT_SANDBOXING = NO;
				GENERATE_INFOPLIST_FILE = YES;
				INFOPLIST_FILE = "./HeckYeahTV/SupportingFiles/plist/macOS-HeckYeahTV-Info.plist";
				INFOPLIST_KEY_CFBundleDisplayName = "Heck Yeah TV";
				INFOPLIST_KEY_LSApplicationCategoryType = "public.app-category.entertainment";
				INFOPLIST_KEY_NSHumanReadableCopyright = "Copyright © 2025 Hellyer Multimedia. All rights reserved.";
				IPHONEOS_DEPLOYMENT_TARGET = 18.6;
				LD_RUNPATH_SEARCH_PATHS = (
					"$(inherited)",
					"@executable_path/Frameworks",
				);
				MACOSX_DEPLOYMENT_TARGET = 15.6;
				MARKETING_VERSION = 1.0;
				OTHER_LDFLAGS = "$(inherited)";
				PRODUCT_BUNDLE_IDENTIFIER = com.hellyermultimedia.heckyeahtv.go;
				PRODUCT_NAME = HeckYeahTV;
				REGISTER_APP_GROUPS = YES;
				SDKROOT = macosx;
				SWIFT_EMIT_LOC_STRINGS = YES;
				SWIFT_VERSION = 5.0;
				TVOS_DEPLOYMENT_TARGET = 18.6;
			};
			name = Debug;
		};
		EB2C2DD82E5E203C005CE685 /* Release */ = {
			isa = XCBuildConfiguration;
			baseConfigurationReference = EC8CE6448CF09E1860448017 /* Pods-macOS_HeckYeahTV.release.xcconfig */;
			buildSettings = {
				ASSETCATALOG_COMPILER_APPICON_NAME = AppIcon;
				ASSETCATALOG_COMPILER_GLOBAL_ACCENT_COLOR_NAME = AccentColor;
				CODE_SIGN_ENTITLEMENTS = "";
				CODE_SIGN_IDENTITY = "Apple Development";
				"CODE_SIGN_IDENTITY[sdk=macosx*]" = "Apple Development";
				CODE_SIGN_STYLE = Automatic;
				COMBINE_HIDPI_IMAGES = YES;
				CURRENT_PROJECT_VERSION = 1;
				DEAD_CODE_STRIPPING = YES;
				DEVELOPMENT_TEAM = 84CS8BE5EQ;
				ENABLE_DEBUG_DYLIB = YES;
				ENABLE_HARDENED_RUNTIME = YES;
				ENABLE_OUTGOING_NETWORK_CONNECTIONS = NO;
				ENABLE_PREVIEWS = YES;
				ENABLE_USER_SCRIPT_SANDBOXING = NO;
				GENERATE_INFOPLIST_FILE = YES;
				INFOPLIST_FILE = "./HeckYeahTV/SupportingFiles/plist/macOS-HeckYeahTV-Info.plist";
				INFOPLIST_KEY_CFBundleDisplayName = "Heck Yeah TV";
				INFOPLIST_KEY_LSApplicationCategoryType = "public.app-category.entertainment";
				INFOPLIST_KEY_NSHumanReadableCopyright = "Copyright © 2025 Hellyer Multimedia. All rights reserved.";
				IPHONEOS_DEPLOYMENT_TARGET = 18.6;
				LD_RUNPATH_SEARCH_PATHS = "$(inherited)";
				MACOSX_DEPLOYMENT_TARGET = 15.6;
				MARKETING_VERSION = 1.0;
				OTHER_LDFLAGS = "$(inherited)";
				PRODUCT_BUNDLE_IDENTIFIER = com.hellyermultimedia.heckyeahtv.go;
				PRODUCT_NAME = HeckYeahTV;
				REGISTER_APP_GROUPS = YES;
				SDKROOT = macosx;
				SWIFT_EMIT_LOC_STRINGS = YES;
				SWIFT_VERSION = 5.0;
				TVOS_DEPLOYMENT_TARGET = 18.6;
			};
			name = Release;
		};
		EB2C2DDA2E5E203C005CE685 /* Debug */ = {
			isa = XCBuildConfiguration;
			buildSettings = {
				BUNDLE_LOADER = "$(TEST_HOST)";
				CODE_SIGN_STYLE = Automatic;
				CURRENT_PROJECT_VERSION = 1;
				DEAD_CODE_STRIPPING = YES;
				DEVELOPMENT_TEAM = 84CS8BE5EQ;
				GENERATE_INFOPLIST_FILE = YES;
				IPHONEOS_DEPLOYMENT_TARGET = 18.6;
				MACOSX_DEPLOYMENT_TARGET = 15.6;
				MARKETING_VERSION = 1.0;
				PRODUCT_BUNDLE_IDENTIFIER = com.hellyermultimedia.heckyeahtv.macOSHeckYeahTVTests;
				PRODUCT_NAME = "$(TARGET_NAME)";
				SDKROOT = macosx;
				SWIFT_EMIT_LOC_STRINGS = NO;
				SWIFT_VERSION = 5.0;
				TEST_HOST = "$(BUILT_PRODUCTS_DIR)/macOSHeckYeahTV.app/$(BUNDLE_EXECUTABLE_FOLDER_PATH)/macOSHeckYeahTV";
				TVOS_DEPLOYMENT_TARGET = 18.6;
			};
			name = Debug;
		};
		EB2C2DDB2E5E203C005CE685 /* Release */ = {
			isa = XCBuildConfiguration;
			buildSettings = {
				BUNDLE_LOADER = "$(TEST_HOST)";
				CODE_SIGN_STYLE = Automatic;
				CURRENT_PROJECT_VERSION = 1;
				DEAD_CODE_STRIPPING = YES;
				DEVELOPMENT_TEAM = 84CS8BE5EQ;
				GENERATE_INFOPLIST_FILE = YES;
				IPHONEOS_DEPLOYMENT_TARGET = 18.6;
				MACOSX_DEPLOYMENT_TARGET = 15.6;
				MARKETING_VERSION = 1.0;
				PRODUCT_BUNDLE_IDENTIFIER = com.hellyermultimedia.heckyeahtv.macOSHeckYeahTVTests;
				PRODUCT_NAME = "$(TARGET_NAME)";
				SDKROOT = macosx;
				SWIFT_EMIT_LOC_STRINGS = NO;
				SWIFT_VERSION = 5.0;
				TEST_HOST = "$(BUILT_PRODUCTS_DIR)/macOSHeckYeahTV.app/$(BUNDLE_EXECUTABLE_FOLDER_PATH)/macOSHeckYeahTV";
				TVOS_DEPLOYMENT_TARGET = 18.6;
			};
			name = Release;
		};
		EB2C2DDD2E5E203C005CE685 /* Debug */ = {
			isa = XCBuildConfiguration;
			buildSettings = {
				CODE_SIGN_STYLE = Automatic;
				CURRENT_PROJECT_VERSION = 1;
				DEAD_CODE_STRIPPING = YES;
				DEVELOPMENT_TEAM = 84CS8BE5EQ;
				GENERATE_INFOPLIST_FILE = YES;
				IPHONEOS_DEPLOYMENT_TARGET = 18.6;
				MACOSX_DEPLOYMENT_TARGET = 15.6;
				MARKETING_VERSION = 1.0;
				PRODUCT_BUNDLE_IDENTIFIER = com.hellyermultimedia.heckyeahtv.macOSHeckYeahTVUITests;
				PRODUCT_NAME = "$(TARGET_NAME)";
				SDKROOT = macosx;
				SWIFT_EMIT_LOC_STRINGS = NO;
				SWIFT_VERSION = 5.0;
				TEST_TARGET_NAME = macOSHeckYeahTV;
				TVOS_DEPLOYMENT_TARGET = 18.6;
			};
			name = Debug;
		};
		EB2C2DDE2E5E203C005CE685 /* Release */ = {
			isa = XCBuildConfiguration;
			buildSettings = {
				CODE_SIGN_STYLE = Automatic;
				CURRENT_PROJECT_VERSION = 1;
				DEAD_CODE_STRIPPING = YES;
				DEVELOPMENT_TEAM = 84CS8BE5EQ;
				GENERATE_INFOPLIST_FILE = YES;
				IPHONEOS_DEPLOYMENT_TARGET = 18.6;
				MACOSX_DEPLOYMENT_TARGET = 15.6;
				MARKETING_VERSION = 1.0;
				PRODUCT_BUNDLE_IDENTIFIER = com.hellyermultimedia.heckyeahtv.macOSHeckYeahTVUITests;
				PRODUCT_NAME = "$(TARGET_NAME)";
				SDKROOT = macosx;
				SWIFT_EMIT_LOC_STRINGS = NO;
				SWIFT_VERSION = 5.0;
				TEST_TARGET_NAME = macOSHeckYeahTV;
				TVOS_DEPLOYMENT_TARGET = 18.6;
			};
			name = Release;
		};
		EBE03BD62E53D423006B7747 /* Debug */ = {
			isa = XCBuildConfiguration;
			buildSettings = {
				ALWAYS_SEARCH_USER_PATHS = NO;
				ASSETCATALOG_COMPILER_GENERATE_SWIFT_ASSET_SYMBOL_EXTENSIONS = YES;
				CLANG_ANALYZER_NONNULL = YES;
				CLANG_ANALYZER_NUMBER_OBJECT_CONVERSION = YES_AGGRESSIVE;
				CLANG_CXX_LANGUAGE_STANDARD = "gnu++20";
				CLANG_ENABLE_MODULES = YES;
				CLANG_ENABLE_OBJC_ARC = YES;
				CLANG_ENABLE_OBJC_WEAK = YES;
				CLANG_WARN_BLOCK_CAPTURE_AUTORELEASING = YES;
				CLANG_WARN_BOOL_CONVERSION = YES;
				CLANG_WARN_COMMA = YES;
				CLANG_WARN_CONSTANT_CONVERSION = YES;
				CLANG_WARN_DEPRECATED_OBJC_IMPLEMENTATIONS = YES;
				CLANG_WARN_DIRECT_OBJC_ISA_USAGE = YES_ERROR;
				CLANG_WARN_DOCUMENTATION_COMMENTS = YES;
				CLANG_WARN_EMPTY_BODY = YES;
				CLANG_WARN_ENUM_CONVERSION = YES;
				CLANG_WARN_INFINITE_RECURSION = YES;
				CLANG_WARN_INT_CONVERSION = YES;
				CLANG_WARN_NON_LITERAL_NULL_CONVERSION = YES;
				CLANG_WARN_OBJC_IMPLICIT_RETAIN_SELF = YES;
				CLANG_WARN_OBJC_LITERAL_CONVERSION = YES;
				CLANG_WARN_OBJC_ROOT_CLASS = YES_ERROR;
				CLANG_WARN_QUOTED_INCLUDE_IN_FRAMEWORK_HEADER = YES;
				CLANG_WARN_RANGE_LOOP_ANALYSIS = YES;
				CLANG_WARN_STRICT_PROTOTYPES = YES;
				CLANG_WARN_SUSPICIOUS_MOVE = YES;
				CLANG_WARN_UNGUARDED_AVAILABILITY = YES_AGGRESSIVE;
				CLANG_WARN_UNREACHABLE_CODE = YES;
				CLANG_WARN__DUPLICATE_METHOD_MATCH = YES;
				COPY_PHASE_STRIP = NO;
				DEBUG_INFORMATION_FORMAT = dwarf;
				DEVELOPMENT_TEAM = 84CS8BE5EQ;
				DRIVERKIT_DEPLOYMENT_TARGET = 20.4;
				ENABLE_DEBUG_DYLIB = YES;
				ENABLE_STRICT_OBJC_MSGSEND = YES;
				ENABLE_TESTABILITY = YES;
				ENABLE_USER_SCRIPT_SANDBOXING = YES;
				GCC_C_LANGUAGE_STANDARD = gnu17;
				GCC_DYNAMIC_NO_PIC = NO;
				GCC_NO_COMMON_BLOCKS = YES;
				GCC_OPTIMIZATION_LEVEL = 0;
				GCC_PREPROCESSOR_DEFINITIONS = (
					"DEBUG=1",
					"$(inherited)",
				);
				GCC_WARN_64_TO_32_BIT_CONVERSION = YES;
				GCC_WARN_ABOUT_RETURN_TYPE = YES_ERROR;
				GCC_WARN_UNDECLARED_SELECTOR = YES;
				GCC_WARN_UNINITIALIZED_AUTOS = YES_AGGRESSIVE;
				GCC_WARN_UNUSED_FUNCTION = YES;
				GCC_WARN_UNUSED_VARIABLE = YES;
				IPHONEOS_DEPLOYMENT_TARGET = 18.6;
				LOCALIZATION_PREFERS_STRING_CATALOGS = YES;
				MACOSX_DEPLOYMENT_TARGET = 15.6;
				MTL_ENABLE_DEBUG_INFO = INCLUDE_SOURCE;
				MTL_FAST_MATH = YES;
				ONLY_ACTIVE_ARCH = YES;
				SDKROOT = iphoneos;
				STRING_CATALOG_GENERATE_SYMBOLS = YES;
				SWIFT_ACTIVE_COMPILATION_CONDITIONS = "DEBUG $(inherited)";
				SWIFT_OPTIMIZATION_LEVEL = "-Onone";
				TVOS_DEPLOYMENT_TARGET = 18.6;
				WATCHOS_DEPLOYMENT_TARGET = 8.7;
				XROS_DEPLOYMENT_TARGET = 1.3;
			};
			name = Debug;
		};
		EBE03BD72E53D423006B7747 /* Release */ = {
			isa = XCBuildConfiguration;
			buildSettings = {
				ALWAYS_SEARCH_USER_PATHS = NO;
				ASSETCATALOG_COMPILER_GENERATE_SWIFT_ASSET_SYMBOL_EXTENSIONS = YES;
				CLANG_ANALYZER_NONNULL = YES;
				CLANG_ANALYZER_NUMBER_OBJECT_CONVERSION = YES_AGGRESSIVE;
				CLANG_CXX_LANGUAGE_STANDARD = "gnu++20";
				CLANG_ENABLE_MODULES = YES;
				CLANG_ENABLE_OBJC_ARC = YES;
				CLANG_ENABLE_OBJC_WEAK = YES;
				CLANG_WARN_BLOCK_CAPTURE_AUTORELEASING = YES;
				CLANG_WARN_BOOL_CONVERSION = YES;
				CLANG_WARN_COMMA = YES;
				CLANG_WARN_CONSTANT_CONVERSION = YES;
				CLANG_WARN_DEPRECATED_OBJC_IMPLEMENTATIONS = YES;
				CLANG_WARN_DIRECT_OBJC_ISA_USAGE = YES_ERROR;
				CLANG_WARN_DOCUMENTATION_COMMENTS = YES;
				CLANG_WARN_EMPTY_BODY = YES;
				CLANG_WARN_ENUM_CONVERSION = YES;
				CLANG_WARN_INFINITE_RECURSION = YES;
				CLANG_WARN_INT_CONVERSION = YES;
				CLANG_WARN_NON_LITERAL_NULL_CONVERSION = YES;
				CLANG_WARN_OBJC_IMPLICIT_RETAIN_SELF = YES;
				CLANG_WARN_OBJC_LITERAL_CONVERSION = YES;
				CLANG_WARN_OBJC_ROOT_CLASS = YES_ERROR;
				CLANG_WARN_QUOTED_INCLUDE_IN_FRAMEWORK_HEADER = YES;
				CLANG_WARN_RANGE_LOOP_ANALYSIS = YES;
				CLANG_WARN_STRICT_PROTOTYPES = YES;
				CLANG_WARN_SUSPICIOUS_MOVE = YES;
				CLANG_WARN_UNGUARDED_AVAILABILITY = YES_AGGRESSIVE;
				CLANG_WARN_UNREACHABLE_CODE = YES;
				CLANG_WARN__DUPLICATE_METHOD_MATCH = YES;
				COPY_PHASE_STRIP = NO;
				DEBUG_INFORMATION_FORMAT = "dwarf-with-dsym";
				DEVELOPMENT_TEAM = 84CS8BE5EQ;
				DRIVERKIT_DEPLOYMENT_TARGET = 20.4;
				ENABLE_DEBUG_DYLIB = YES;
				ENABLE_NS_ASSERTIONS = NO;
				ENABLE_STRICT_OBJC_MSGSEND = YES;
				ENABLE_USER_SCRIPT_SANDBOXING = YES;
				GCC_C_LANGUAGE_STANDARD = gnu17;
				GCC_NO_COMMON_BLOCKS = YES;
				GCC_WARN_64_TO_32_BIT_CONVERSION = YES;
				GCC_WARN_ABOUT_RETURN_TYPE = YES_ERROR;
				GCC_WARN_UNDECLARED_SELECTOR = YES;
				GCC_WARN_UNINITIALIZED_AUTOS = YES_AGGRESSIVE;
				GCC_WARN_UNUSED_FUNCTION = YES;
				GCC_WARN_UNUSED_VARIABLE = YES;
				IPHONEOS_DEPLOYMENT_TARGET = 18.6;
				LOCALIZATION_PREFERS_STRING_CATALOGS = YES;
				MACOSX_DEPLOYMENT_TARGET = 15.6;
				MTL_ENABLE_DEBUG_INFO = NO;
				MTL_FAST_MATH = YES;
				SDKROOT = iphoneos;
				STRING_CATALOG_GENERATE_SYMBOLS = YES;
				SWIFT_COMPILATION_MODE = wholemodule;
				TVOS_DEPLOYMENT_TARGET = 18.6;
				VALIDATE_PRODUCT = YES;
				WATCHOS_DEPLOYMENT_TARGET = 8.7;
				XROS_DEPLOYMENT_TARGET = 1.3;
			};
			name = Release;
		};
		EBE03BD92E53D423006B7747 /* Debug */ = {
			isa = XCBuildConfiguration;
			baseConfigurationReference = D5966DBF9EE2DB5BAF1B34F6 /* Pods-iOS_HeckYeahTV.debug.xcconfig */;
			buildSettings = {
				ASSETCATALOG_COMPILER_APPICON_NAME = AppIcon;
				ASSETCATALOG_COMPILER_GLOBAL_ACCENT_COLOR_NAME = AccentColor;
				CODE_SIGN_IDENTITY = "Apple Development";
				CODE_SIGN_STYLE = Automatic;
				CURRENT_PROJECT_VERSION = 1;
				DEVELOPMENT_TEAM = 84CS8BE5EQ;
				ENABLE_DEBUG_DYLIB = YES;
				ENABLE_OUTGOING_NETWORK_CONNECTIONS = NO;
				ENABLE_PREVIEWS = YES;
				ENABLE_USER_SCRIPT_SANDBOXING = NO;
				GENERATE_INFOPLIST_FILE = YES;
				INFOPLIST_FILE = "./HeckYeahTV/SupportingFiles/plist/iOS-HeckYeahTV-Info.plist";
				INFOPLIST_KEY_CFBundleDisplayName = "Heck Yeah TV";
				INFOPLIST_KEY_LSApplicationCategoryType = "public.app-category.entertainment";
				INFOPLIST_KEY_NSHumanReadableCopyright = "Copyright © 2025 Hellyer Multimedia. All rights reserved.";
				INFOPLIST_KEY_UIApplicationSceneManifest_Generation = YES;
				INFOPLIST_KEY_UIApplicationSupportsIndirectInputEvents = YES;
				INFOPLIST_KEY_UILaunchScreen_Generation = YES;
				INFOPLIST_KEY_UISupportedInterfaceOrientations = "UIInterfaceOrientationLandscapeLeft UIInterfaceOrientationLandscapeRight UIInterfaceOrientationPortrait UIInterfaceOrientationPortraitUpsideDown";
				IPHONEOS_DEPLOYMENT_TARGET = 18.6;
				LD_RUNPATH_SEARCH_PATHS = (
					"$(inherited)",
					"@executable_path/Frameworks",
				);
				MACOSX_DEPLOYMENT_TARGET = 15.6;
				MARKETING_VERSION = 1.0;
				PRODUCT_BUNDLE_IDENTIFIER = com.hellyermultimedia.heckyeahtv.go;
				PRODUCT_NAME = HeckYeahTV;
				PROVISIONING_PROFILE_SPECIFIER = "";
				SUPPORTED_PLATFORMS = "iphoneos iphonesimulator";
				SUPPORTS_MACCATALYST = NO;
				SUPPORTS_MAC_DESIGNED_FOR_IPHONE_IPAD = NO;
				SUPPORTS_XR_DESIGNED_FOR_IPHONE_IPAD = NO;
				SWIFT_EMIT_LOC_STRINGS = YES;
				SWIFT_VERSION = 5.0;
				TARGETED_DEVICE_FAMILY = "1,2";
				TVOS_DEPLOYMENT_TARGET = 18.6;
			};
			name = Debug;
		};
		EBE03BDA2E53D423006B7747 /* Release */ = {
			isa = XCBuildConfiguration;
			baseConfigurationReference = 054AB03F510D838EFFB350DD /* Pods-iOS_HeckYeahTV.release.xcconfig */;
			buildSettings = {
				ASSETCATALOG_COMPILER_APPICON_NAME = AppIcon;
				ASSETCATALOG_COMPILER_GLOBAL_ACCENT_COLOR_NAME = AccentColor;
				CODE_SIGN_IDENTITY = "Apple Development";
				CODE_SIGN_STYLE = Automatic;
				CURRENT_PROJECT_VERSION = 1;
				DEVELOPMENT_TEAM = 84CS8BE5EQ;
				ENABLE_DEBUG_DYLIB = YES;
				ENABLE_OUTGOING_NETWORK_CONNECTIONS = NO;
				ENABLE_PREVIEWS = YES;
				ENABLE_USER_SCRIPT_SANDBOXING = NO;
				GENERATE_INFOPLIST_FILE = YES;
				INFOPLIST_FILE = "./HeckYeahTV/SupportingFiles/plist/iOS-HeckYeahTV-Info.plist";
				INFOPLIST_KEY_CFBundleDisplayName = "Heck Yeah TV";
				INFOPLIST_KEY_LSApplicationCategoryType = "public.app-category.entertainment";
				INFOPLIST_KEY_NSHumanReadableCopyright = "Copyright © 2025 Hellyer Multimedia. All rights reserved.";
				INFOPLIST_KEY_UIApplicationSceneManifest_Generation = YES;
				INFOPLIST_KEY_UIApplicationSupportsIndirectInputEvents = YES;
				INFOPLIST_KEY_UILaunchScreen_Generation = YES;
				INFOPLIST_KEY_UISupportedInterfaceOrientations = "UIInterfaceOrientationLandscapeLeft UIInterfaceOrientationLandscapeRight UIInterfaceOrientationPortrait UIInterfaceOrientationPortraitUpsideDown";
				IPHONEOS_DEPLOYMENT_TARGET = 18.6;
				LD_RUNPATH_SEARCH_PATHS = (
					"$(inherited)",
					"@executable_path/Frameworks",
				);
				MACOSX_DEPLOYMENT_TARGET = 15.6;
				MARKETING_VERSION = 1.0;
				PRODUCT_BUNDLE_IDENTIFIER = com.hellyermultimedia.heckyeahtv.go;
				PRODUCT_NAME = HeckYeahTV;
				PROVISIONING_PROFILE_SPECIFIER = "";
				SUPPORTED_PLATFORMS = "iphoneos iphonesimulator";
				SUPPORTS_MACCATALYST = NO;
				SUPPORTS_MAC_DESIGNED_FOR_IPHONE_IPAD = NO;
				SUPPORTS_XR_DESIGNED_FOR_IPHONE_IPAD = NO;
				SWIFT_EMIT_LOC_STRINGS = YES;
				SWIFT_VERSION = 5.0;
				TARGETED_DEVICE_FAMILY = "1,2";
				TVOS_DEPLOYMENT_TARGET = 18.6;
			};
			name = Release;
		};
		EBE03BDC2E53D423006B7747 /* Debug */ = {
			isa = XCBuildConfiguration;
			buildSettings = {
				BUNDLE_LOADER = "$(TEST_HOST)";
				CODE_SIGN_STYLE = Automatic;
				CURRENT_PROJECT_VERSION = 1;
				DEVELOPMENT_TEAM = 84CS8BE5EQ;
				GENERATE_INFOPLIST_FILE = YES;
				IPHONEOS_DEPLOYMENT_TARGET = 18.6;
				MACOSX_DEPLOYMENT_TARGET = 15.6;
				MARKETING_VERSION = 1.0;
				PRODUCT_BUNDLE_IDENTIFIER = "com.hellyermultimedia.heckyeahtv.Heck-Yeah-TVTests";
				PRODUCT_NAME = "$(TARGET_NAME)";
				SWIFT_EMIT_LOC_STRINGS = NO;
				SWIFT_VERSION = 5.0;
				TARGETED_DEVICE_FAMILY = "1,2";
				TEST_HOST = "$(BUILT_PRODUCTS_DIR)/Heck_Yeah_TV.app/Heck_Yeah_TV";
				TVOS_DEPLOYMENT_TARGET = 18.6;
			};
			name = Debug;
		};
		EBE03BDD2E53D423006B7747 /* Release */ = {
			isa = XCBuildConfiguration;
			buildSettings = {
				BUNDLE_LOADER = "$(TEST_HOST)";
				CODE_SIGN_STYLE = Automatic;
				CURRENT_PROJECT_VERSION = 1;
				DEVELOPMENT_TEAM = 84CS8BE5EQ;
				GENERATE_INFOPLIST_FILE = YES;
				IPHONEOS_DEPLOYMENT_TARGET = 18.6;
				MACOSX_DEPLOYMENT_TARGET = 15.6;
				MARKETING_VERSION = 1.0;
				PRODUCT_BUNDLE_IDENTIFIER = "com.hellyermultimedia.heckyeahtv.Heck-Yeah-TVTests";
				PRODUCT_NAME = "$(TARGET_NAME)";
				SWIFT_EMIT_LOC_STRINGS = NO;
				SWIFT_VERSION = 5.0;
				TARGETED_DEVICE_FAMILY = "1,2";
				TEST_HOST = "$(BUILT_PRODUCTS_DIR)/Heck_Yeah_TV.app/Heck_Yeah_TV";
				TVOS_DEPLOYMENT_TARGET = 18.6;
			};
			name = Release;
		};
		EBE03BDF2E53D423006B7747 /* Debug */ = {
			isa = XCBuildConfiguration;
			buildSettings = {
				CODE_SIGN_STYLE = Automatic;
				CURRENT_PROJECT_VERSION = 1;
				DEVELOPMENT_TEAM = 84CS8BE5EQ;
				GENERATE_INFOPLIST_FILE = YES;
				IPHONEOS_DEPLOYMENT_TARGET = 18.6;
				MACOSX_DEPLOYMENT_TARGET = 15.6;
				MARKETING_VERSION = 1.0;
				PRODUCT_BUNDLE_IDENTIFIER = "com.hellyermultimedia.heckyeahtv.Heck-Yeah-TVUITests";
				PRODUCT_NAME = "$(TARGET_NAME)";
				SWIFT_EMIT_LOC_STRINGS = NO;
				SWIFT_VERSION = 5.0;
				TARGETED_DEVICE_FAMILY = "1,2";
				TEST_TARGET_NAME = "Heck Yeah TV";
				TVOS_DEPLOYMENT_TARGET = 18.6;
			};
			name = Debug;
		};
		EBE03BE02E53D423006B7747 /* Release */ = {
			isa = XCBuildConfiguration;
			buildSettings = {
				CODE_SIGN_STYLE = Automatic;
				CURRENT_PROJECT_VERSION = 1;
				DEVELOPMENT_TEAM = 84CS8BE5EQ;
				GENERATE_INFOPLIST_FILE = YES;
				IPHONEOS_DEPLOYMENT_TARGET = 18.6;
				MACOSX_DEPLOYMENT_TARGET = 15.6;
				MARKETING_VERSION = 1.0;
				PRODUCT_BUNDLE_IDENTIFIER = "com.hellyermultimedia.heckyeahtv.Heck-Yeah-TVUITests";
				PRODUCT_NAME = "$(TARGET_NAME)";
				SWIFT_EMIT_LOC_STRINGS = NO;
				SWIFT_VERSION = 5.0;
				TARGETED_DEVICE_FAMILY = "1,2";
				TEST_TARGET_NAME = "Heck Yeah TV";
				TVOS_DEPLOYMENT_TARGET = 18.6;
			};
			name = Release;
		};
		EBE03C362E53D8DF006B7747 /* Debug */ = {
			isa = XCBuildConfiguration;
			baseConfigurationReference = FE9F097A8A87060575881294 /* Pods-tvOS_HeckYeahTV.debug.xcconfig */;
			buildSettings = {
				ASSETCATALOG_COMPILER_APPICON_NAME = "App Icon & Top Shelf Image";
				ASSETCATALOG_COMPILER_GLOBAL_ACCENT_COLOR_NAME = AccentColor;
				CODE_SIGN_IDENTITY = "Apple Development";
				CODE_SIGN_STYLE = Automatic;
				CURRENT_PROJECT_VERSION = 1;
				DEVELOPMENT_TEAM = 84CS8BE5EQ;
				ENABLE_DEBUG_DYLIB = YES;
				ENABLE_OUTGOING_NETWORK_CONNECTIONS = NO;
				ENABLE_PREVIEWS = YES;
				ENABLE_USER_SCRIPT_SANDBOXING = NO;
				GENERATE_INFOPLIST_FILE = YES;
				INFOPLIST_FILE = "./HeckYeahTV/SupportingFiles/plist/tvOS-HeckYeahTV-Info.plist";
				INFOPLIST_KEY_CFBundleDisplayName = "Heck Yeah TV";
				INFOPLIST_KEY_LSApplicationCategoryType = "public.app-category.entertainment";
				INFOPLIST_KEY_NSHumanReadableCopyright = "Copyright © 2025 Hellyer Multimedia. All rights reserved.";
				INFOPLIST_KEY_UILaunchScreen_Generation = YES;
				INFOPLIST_KEY_UIRequiredDeviceCapabilities = arm64;
				INFOPLIST_KEY_UIUserInterfaceStyle = Automatic;
				IPHONEOS_DEPLOYMENT_TARGET = 18.6;
				LD_RUNPATH_SEARCH_PATHS = (
					"$(inherited)",
					"@executable_path/Frameworks",
				);
				MACOSX_DEPLOYMENT_TARGET = 15.6;
				MARKETING_VERSION = 1.0;
				PRODUCT_BUNDLE_IDENTIFIER = com.hellyermultimedia.heckyeahtv.go;
				PRODUCT_NAME = HeckYeahTV;
				PROVISIONING_PROFILE_SPECIFIER = "";
				SDKROOT = appletvos;
				SWIFT_EMIT_LOC_STRINGS = YES;
				SWIFT_VERSION = 5.0;
				TARGETED_DEVICE_FAMILY = 3;
				TVOS_DEPLOYMENT_TARGET = 18.6;
			};
			name = Debug;
		};
		EBE03C372E53D8DF006B7747 /* Release */ = {
			isa = XCBuildConfiguration;
			baseConfigurationReference = 6155749EACCA458516E56AC6 /* Pods-tvOS_HeckYeahTV.release.xcconfig */;
			buildSettings = {
				ASSETCATALOG_COMPILER_APPICON_NAME = "App Icon & Top Shelf Image";
				ASSETCATALOG_COMPILER_GLOBAL_ACCENT_COLOR_NAME = AccentColor;
				CODE_SIGN_IDENTITY = "Apple Development";
				CODE_SIGN_STYLE = Automatic;
				CURRENT_PROJECT_VERSION = 1;
				DEVELOPMENT_TEAM = 84CS8BE5EQ;
				ENABLE_DEBUG_DYLIB = YES;
				ENABLE_OUTGOING_NETWORK_CONNECTIONS = NO;
				ENABLE_PREVIEWS = YES;
				ENABLE_USER_SCRIPT_SANDBOXING = NO;
				GENERATE_INFOPLIST_FILE = YES;
				INFOPLIST_FILE = "./HeckYeahTV/SupportingFiles/plist/tvOS-HeckYeahTV-Info.plist";
				INFOPLIST_KEY_CFBundleDisplayName = "Heck Yeah TV";
				INFOPLIST_KEY_LSApplicationCategoryType = "public.app-category.entertainment";
				INFOPLIST_KEY_NSHumanReadableCopyright = "Copyright © 2025 Hellyer Multimedia. All rights reserved.";
				INFOPLIST_KEY_UILaunchScreen_Generation = YES;
				INFOPLIST_KEY_UIRequiredDeviceCapabilities = arm64;
				INFOPLIST_KEY_UIUserInterfaceStyle = Automatic;
				IPHONEOS_DEPLOYMENT_TARGET = 18.6;
				LD_RUNPATH_SEARCH_PATHS = (
					"$(inherited)",
					"@executable_path/Frameworks",
				);
				MACOSX_DEPLOYMENT_TARGET = 15.6;
				MARKETING_VERSION = 1.0;
				PRODUCT_BUNDLE_IDENTIFIER = com.hellyermultimedia.heckyeahtv.go;
				PRODUCT_NAME = HeckYeahTV;
				PROVISIONING_PROFILE_SPECIFIER = "";
				SDKROOT = appletvos;
				SWIFT_EMIT_LOC_STRINGS = YES;
				SWIFT_VERSION = 5.0;
				TARGETED_DEVICE_FAMILY = 3;
				TVOS_DEPLOYMENT_TARGET = 18.6;
			};
			name = Release;
		};
		EBE03C392E53D8DF006B7747 /* Debug */ = {
			isa = XCBuildConfiguration;
			buildSettings = {
				BUNDLE_LOADER = "$(TEST_HOST)";
				CODE_SIGN_STYLE = Automatic;
				CURRENT_PROJECT_VERSION = 1;
				DEVELOPMENT_TEAM = 84CS8BE5EQ;
				GENERATE_INFOPLIST_FILE = YES;
				IPHONEOS_DEPLOYMENT_TARGET = 18.6;
				MACOSX_DEPLOYMENT_TARGET = 15.6;
				MARKETING_VERSION = 1.0;
				PRODUCT_BUNDLE_IDENTIFIER = "com.hellyermultimedia.heckyeahtv.Heck-Yeah-TVTests";
				PRODUCT_NAME = "$(TARGET_NAME)";
				SDKROOT = appletvos;
				SWIFT_EMIT_LOC_STRINGS = NO;
				SWIFT_VERSION = 5.0;
				TARGETED_DEVICE_FAMILY = 3;
				TEST_HOST = "$(BUILT_PRODUCTS_DIR)/HeckYeahTV.app/$(BUNDLE_EXECUTABLE_FOLDER_PATH)/HeckYeahTV";
				TVOS_DEPLOYMENT_TARGET = 18.6;
			};
			name = Debug;
		};
		EBE03C3A2E53D8DF006B7747 /* Release */ = {
			isa = XCBuildConfiguration;
			buildSettings = {
				BUNDLE_LOADER = "$(TEST_HOST)";
				CODE_SIGN_STYLE = Automatic;
				CURRENT_PROJECT_VERSION = 1;
				DEVELOPMENT_TEAM = 84CS8BE5EQ;
				GENERATE_INFOPLIST_FILE = YES;
				IPHONEOS_DEPLOYMENT_TARGET = 18.6;
				MACOSX_DEPLOYMENT_TARGET = 15.6;
				MARKETING_VERSION = 1.0;
				PRODUCT_BUNDLE_IDENTIFIER = "com.hellyermultimedia.heckyeahtv.Heck-Yeah-TVTests";
				PRODUCT_NAME = "$(TARGET_NAME)";
				SDKROOT = appletvos;
				SWIFT_EMIT_LOC_STRINGS = NO;
				SWIFT_VERSION = 5.0;
				TARGETED_DEVICE_FAMILY = 3;
				TEST_HOST = "$(BUILT_PRODUCTS_DIR)/HeckYeahTV.app/$(BUNDLE_EXECUTABLE_FOLDER_PATH)/HeckYeahTV";
				TVOS_DEPLOYMENT_TARGET = 18.6;
			};
			name = Release;
		};
		EBE03C3C2E53D8DF006B7747 /* Debug */ = {
			isa = XCBuildConfiguration;
			buildSettings = {
				CODE_SIGN_STYLE = Automatic;
				CURRENT_PROJECT_VERSION = 1;
				DEVELOPMENT_TEAM = 84CS8BE5EQ;
				GENERATE_INFOPLIST_FILE = YES;
				IPHONEOS_DEPLOYMENT_TARGET = 18.6;
				MACOSX_DEPLOYMENT_TARGET = 15.6;
				MARKETING_VERSION = 1.0;
				PRODUCT_BUNDLE_IDENTIFIER = "com.hellyermultimedia.heckyeahtv.Heck-Yeah-TVUITests";
				PRODUCT_NAME = "$(TARGET_NAME)";
				SDKROOT = appletvos;
				SWIFT_EMIT_LOC_STRINGS = NO;
				SWIFT_VERSION = 5.0;
				TARGETED_DEVICE_FAMILY = 3;
				TEST_TARGET_NAME = HeckYeahTV;
				TVOS_DEPLOYMENT_TARGET = 18.6;
			};
			name = Debug;
		};
		EBE03C3D2E53D8DF006B7747 /* Release */ = {
			isa = XCBuildConfiguration;
			buildSettings = {
				CODE_SIGN_STYLE = Automatic;
				CURRENT_PROJECT_VERSION = 1;
				DEVELOPMENT_TEAM = 84CS8BE5EQ;
				GENERATE_INFOPLIST_FILE = YES;
				IPHONEOS_DEPLOYMENT_TARGET = 18.6;
				MACOSX_DEPLOYMENT_TARGET = 15.6;
				MARKETING_VERSION = 1.0;
				PRODUCT_BUNDLE_IDENTIFIER = "com.hellyermultimedia.heckyeahtv.Heck-Yeah-TVUITests";
				PRODUCT_NAME = "$(TARGET_NAME)";
				SDKROOT = appletvos;
				SWIFT_EMIT_LOC_STRINGS = NO;
				SWIFT_VERSION = 5.0;
				TARGETED_DEVICE_FAMILY = 3;
				TEST_TARGET_NAME = HeckYeahTV;
				TVOS_DEPLOYMENT_TARGET = 18.6;
			};
			name = Release;
		};
/* End XCBuildConfiguration section */

/* Begin XCConfigurationList section */
		EB2C2DD62E5E203C005CE685 /* Build configuration list for PBXNativeTarget "macOS_HeckYeahTV" */ = {
			isa = XCConfigurationList;
			buildConfigurations = (
				EB2C2DD72E5E203C005CE685 /* Debug */,
				EB2C2DD82E5E203C005CE685 /* Release */,
			);
			defaultConfigurationIsVisible = 0;
			defaultConfigurationName = Release;
		};
		EB2C2DD92E5E203C005CE685 /* Build configuration list for PBXNativeTarget "macOS_HeckYeahTVTests" */ = {
			isa = XCConfigurationList;
			buildConfigurations = (
				EB2C2DDA2E5E203C005CE685 /* Debug */,
				EB2C2DDB2E5E203C005CE685 /* Release */,
			);
			defaultConfigurationIsVisible = 0;
			defaultConfigurationName = Release;
		};
		EB2C2DDC2E5E203C005CE685 /* Build configuration list for PBXNativeTarget "macOS_HeckYeahTVUITests" */ = {
			isa = XCConfigurationList;
			buildConfigurations = (
				EB2C2DDD2E5E203C005CE685 /* Debug */,
				EB2C2DDE2E5E203C005CE685 /* Release */,
			);
			defaultConfigurationIsVisible = 0;
			defaultConfigurationName = Release;
		};
		EBE03BB22E53D421006B7747 /* Build configuration list for PBXProject "HeckYeahTV" */ = {
			isa = XCConfigurationList;
			buildConfigurations = (
				EBE03BD62E53D423006B7747 /* Debug */,
				EBE03BD72E53D423006B7747 /* Release */,
			);
			defaultConfigurationIsVisible = 0;
			defaultConfigurationName = Release;
		};
		EBE03BD82E53D423006B7747 /* Build configuration list for PBXNativeTarget "iOS_HeckYeahTV" */ = {
			isa = XCConfigurationList;
			buildConfigurations = (
				EBE03BD92E53D423006B7747 /* Debug */,
				EBE03BDA2E53D423006B7747 /* Release */,
			);
			defaultConfigurationIsVisible = 0;
			defaultConfigurationName = Release;
		};
		EBE03BDB2E53D423006B7747 /* Build configuration list for PBXNativeTarget "iOS_HeckYeahTVTests" */ = {
			isa = XCConfigurationList;
			buildConfigurations = (
				EBE03BDC2E53D423006B7747 /* Debug */,
				EBE03BDD2E53D423006B7747 /* Release */,
			);
			defaultConfigurationIsVisible = 0;
			defaultConfigurationName = Release;
		};
		EBE03BDE2E53D423006B7747 /* Build configuration list for PBXNativeTarget "iOS_HeckYeahTVUITests" */ = {
			isa = XCConfigurationList;
			buildConfigurations = (
				EBE03BDF2E53D423006B7747 /* Debug */,
				EBE03BE02E53D423006B7747 /* Release */,
			);
			defaultConfigurationIsVisible = 0;
			defaultConfigurationName = Release;
		};
		EBE03C352E53D8DF006B7747 /* Build configuration list for PBXNativeTarget "tvOS_HeckYeahTV" */ = {
			isa = XCConfigurationList;
			buildConfigurations = (
				EBE03C362E53D8DF006B7747 /* Debug */,
				EBE03C372E53D8DF006B7747 /* Release */,
			);
			defaultConfigurationIsVisible = 0;
			defaultConfigurationName = Release;
		};
		EBE03C382E53D8DF006B7747 /* Build configuration list for PBXNativeTarget "tvOS_HeckYeahTVTests" */ = {
			isa = XCConfigurationList;
			buildConfigurations = (
				EBE03C392E53D8DF006B7747 /* Debug */,
				EBE03C3A2E53D8DF006B7747 /* Release */,
			);
			defaultConfigurationIsVisible = 0;
			defaultConfigurationName = Release;
		};
		EBE03C3B2E53D8DF006B7747 /* Build configuration list for PBXNativeTarget "tvOS_HeckYeahTVUITests" */ = {
			isa = XCConfigurationList;
			buildConfigurations = (
				EBE03C3C2E53D8DF006B7747 /* Debug */,
				EBE03C3D2E53D8DF006B7747 /* Release */,
			);
			defaultConfigurationIsVisible = 0;
			defaultConfigurationName = Release;
		};
/* End XCConfigurationList section */

/* Begin XCRemoteSwiftPackageReference section */
		EBB5B51B2EDD4661004251CB /* XCRemoteSwiftPackageReference "HellfireSwiftPackage" */ = {
			isa = XCRemoteSwiftPackageReference;
			repositoryURL = "https://github.com/ehellyer/HellfireSwiftPackage";
			requirement = {
				kind = upToNextMajorVersion;
				minimumVersion = 4.1.0;
			};
		};
		EBDD3AF52ECE9C160050D08D /* XCRemoteSwiftPackageReference "firebase-ios-sdk" */ = {
			isa = XCRemoteSwiftPackageReference;
			repositoryURL = "https://github.com/firebase/firebase-ios-sdk";
			requirement = {
				kind = upToNextMajorVersion;
				minimumVersion = 12.6.0;
			};
		};
/* End XCRemoteSwiftPackageReference section */

/* Begin XCSwiftPackageProductDependency section */
		EBB5B3282ED8B9D6004251CB /* Hellfire */ = {
			isa = XCSwiftPackageProductDependency;
			productName = Hellfire;
		};
		EBB5B51E2EDD46C4004251CB /* Hellfire */ = {
			isa = XCSwiftPackageProductDependency;
			package = EBB5B51B2EDD4661004251CB /* XCRemoteSwiftPackageReference "HellfireSwiftPackage" */;
			productName = Hellfire;
		};
		EBB5B5202EDD46DC004251CB /* Hellfire */ = {
			isa = XCSwiftPackageProductDependency;
			package = EBB5B51B2EDD4661004251CB /* XCRemoteSwiftPackageReference "HellfireSwiftPackage" */;
			productName = Hellfire;
		};
		EBDD3AF62ECE9C160050D08D /* FirebaseAnalytics */ = {
			isa = XCSwiftPackageProductDependency;
			package = EBDD3AF52ECE9C160050D08D /* XCRemoteSwiftPackageReference "firebase-ios-sdk" */;
			productName = FirebaseAnalytics;
		};
		EBDD3AF82ECE9C160050D08D /* FirebaseCrashlytics */ = {
			isa = XCSwiftPackageProductDependency;
			package = EBDD3AF52ECE9C160050D08D /* XCRemoteSwiftPackageReference "firebase-ios-sdk" */;
			productName = FirebaseCrashlytics;
		};
/* End XCSwiftPackageProductDependency section */
	};
	rootObject = EBE03BAF2E53D421006B7747 /* Project object */;
}
